<?xml version="1.0" encoding="utf-8"?>
<Project ToolsVersion="4.0" xmlns="http://schemas.microsoft.com/developer/msbuild/2003">
  <ItemGroup>
    <Filter Include="Source Files">
      <UniqueIdentifier>{8c305bc9-4884-41a9-a6c1-747310e05b44}</UniqueIdentifier>
      <Extensions>cpp;c;cxx;rc;def;r;odl;idl;hpj;bat</Extensions>
    </Filter>
    <Filter Include="Header Files">
      <UniqueIdentifier>{07e4abc2-f489-4953-a485-9fe53ef9e22b}</UniqueIdentifier>
      <Extensions>h;hpp;hxx;hm;inl</Extensions>
    </Filter>
    <Filter Include="Resource Files">
      <UniqueIdentifier>{03eebc99-18c9-42f5-8705-86604b4a02bd}</UniqueIdentifier>
      <Extensions>ico;cur;bmp;dlg;rc2;rct;bin;rgs;gif;jpg;jpeg;jpe</Extensions>
    </Filter>
    <Filter Include="App">
      <UniqueIdentifier>{48361848-1e39-4484-94ef-0e313e63df7c}</UniqueIdentifier>
    </Filter>
    <Filter Include="App\Binders">
      <UniqueIdentifier>{8d7c2089-70c0-4e76-a45d-3a1ae4e3fb3d}</UniqueIdentifier>
    </Filter>
  </ItemGroup>
  <ItemGroup>
    <ClCompile Include="..\..\..\src\agg_trans_affine.cpp">
      <Filter>Source Files</Filter>
    </ClCompile>
    <ClCompile Include="..\..\..\src\agg_vcgen_stroke.cpp">
      <Filter>Source Files</Filter>
    </ClCompile>
    <ClCompile Include="..\..\..\src\platform\win32\agg_win32_bmp.cpp">
      <Filter>Source Files</Filter>
    </ClCompile>
    <ClCompile Include="..\..\lion.cpp">
      <Filter>Source Files</Filter>
    </ClCompile>
    <ClCompile Include="..\..\parse_lion.cpp">
      <Filter>Source Files</Filter>
    </ClCompile>
    <ClCompile Include="ExportFuncs.c">
      <Filter>App\Binders</Filter>
    </ClCompile>
    <ClCompile Include="platform_support2.cpp">
      <Filter>Source Files</Filter>
    </ClCompile>
  </ItemGroup>
  <ItemGroup>
    <ClInclude Include="..\..\..\include\agg_pixfmt_rgba.h">
      <Filter>Header Files</Filter>
    </ClInclude>
    <ClInclude Include="ExportFuncs.h">
      <Filter>App\Binders</Filter>
    </ClInclude>
    <ClInclude Include="..\..\..\BasicCanvas.h">
      <Filter>Header Files</Filter>
    </ClInclude>
  </ItemGroup>
</Project>