
Microsoft Visual Studio Solution File, Format Version 12.00
# Visual Studio 15
VisualStudioVersion = 15.0.27004.2009
MinimumVisualStudioVersion = 10.0.40219.1
Project("{FAE04EC0-301F-11D3-BF4B-00C04F79EFBC}") = "SamplesTests", "SamplesTests\SamplesTests.csproj", "{BDDE63D8-6FF6-4CDE-89C8-DAC83D40BB25}"
EndProject
Project("{FAE04EC0-301F-11D3-BF4B-00C04F79EFBC}") = "BackEnd.PngCs", "BackEnd.PngCs\BackEnd.PngCs.csproj", "{FD3B0D50-46B3-4A83-9A6D-C641569142CF}"
EndProject
Global
	GlobalSection(SolutionConfigurationPlatforms) = preSolution
		Debug|Any CPU = Debug|Any CPU
		Debug|Mixed Platforms = Debug|Mixed Platforms
		Debug|x86 = Debug|x86
		Debug45|Any CPU = Debug45|Any CPU
		Debug45|Mixed Platforms = Debug45|Mixed Platforms
		Debug45|x86 = Debug45|x86
		Release|Any CPU = Release|Any CPU
		Release|Mixed Platforms = Release|Mixed Platforms
		Release|x86 = Release|x86
		Release45|Any CPU = Release45|Any CPU
		Release45|Mixed Platforms = Release45|Mixed Platforms
		Release45|x86 = Release45|x86
	EndGlobalSection
	GlobalSection(ProjectConfigurationPlatforms) = postSolution
		{BDDE63D8-6FF6-4CDE-89C8-DAC83D40BB25}.Debug|Any CPU.ActiveCfg = Debug|Any CPU
		{BDDE63D8-6FF6-4CDE-89C8-DAC83D40BB25}.Debug|Any CPU.Build.0 = Debug|Any CPU
		{BDDE63D8-6FF6-4CDE-89C8-DAC83D40BB25}.Debug|Mixed Platforms.ActiveCfg = Debug|Any CPU
		{BDDE63D8-6FF6-4CDE-89C8-DAC83D40BB25}.Debug|Mixed Platforms.Build.0 = Debug|Any CPU
		{BDDE63D8-6FF6-4CDE-89C8-DAC83D40BB25}.Debug|x86.ActiveCfg = Debug|Any CPU
		{BDDE63D8-6FF6-4CDE-89C8-DAC83D40BB25}.Debug45|Any CPU.ActiveCfg = Debug45|Any CPU
		{BDDE63D8-6FF6-4CDE-89C8-DAC83D40BB25}.Debug45|Any CPU.Build.0 = Debug45|Any CPU
		{BDDE63D8-6FF6-4CDE-89C8-DAC83D40BB25}.Debug45|Mixed Platforms.ActiveCfg = Debug|Any CPU
		{BDDE63D8-6FF6-4CDE-89C8-DAC83D40BB25}.Debug45|Mixed Platforms.Build.0 = Debug|Any CPU
		{BDDE63D8-6FF6-4CDE-89C8-DAC83D40BB25}.Debug45|x86.ActiveCfg = Debug|Any CPU
		{BDDE63D8-6FF6-4CDE-89C8-DAC83D40BB25}.Release|Any CPU.ActiveCfg = Release|Any CPU
		{BDDE63D8-6FF6-4CDE-89C8-DAC83D40BB25}.Release|Any CPU.Build.0 = Release|Any CPU
		{BDDE63D8-6FF6-4CDE-89C8-DAC83D40BB25}.Release|Mixed Platforms.ActiveCfg = Release|Any CPU
		{BDDE63D8-6FF6-4CDE-89C8-DAC83D40BB25}.Release|Mixed Platforms.Build.0 = Release|Any CPU
		{BDDE63D8-6FF6-4CDE-89C8-DAC83D40BB25}.Release|x86.ActiveCfg = Release|Any CPU
		{BDDE63D8-6FF6-4CDE-89C8-DAC83D40BB25}.Release45|Any CPU.ActiveCfg = Release45|Any CPU
		{BDDE63D8-6FF6-4CDE-89C8-DAC83D40BB25}.Release45|Any CPU.Build.0 = Release45|Any CPU
		{BDDE63D8-6FF6-4CDE-89C8-DAC83D40BB25}.Release45|Mixed Platforms.ActiveCfg = Release|Any CPU
		{BDDE63D8-6FF6-4CDE-89C8-DAC83D40BB25}.Release45|Mixed Platforms.Build.0 = Release|Any CPU
		{BDDE63D8-6FF6-4CDE-89C8-DAC83D40BB25}.Release45|x86.ActiveCfg = Release|Any CPU
		{FD3B0D50-46B3-4A83-9A6D-C641569142CF}.Debug|Any CPU.ActiveCfg = Debug|Any CPU
		{FD3B0D50-46B3-4A83-9A6D-C641569142CF}.Debug|Any CPU.Build.0 = Debug|Any CPU
		{FD3B0D50-46B3-4A83-9A6D-C641569142CF}.Debug|Mixed Platforms.ActiveCfg = Debug|Any CPU
		{FD3B0D50-46B3-4A83-9A6D-C641569142CF}.Debug|Mixed Platforms.Build.0 = Debug|Any CPU
		{FD3B0D50-46B3-4A83-9A6D-C641569142CF}.Debug|x86.ActiveCfg = Debug|Any CPU
		{FD3B0D50-46B3-4A83-9A6D-C641569142CF}.Debug|x86.Build.0 = Debug|Any CPU
		{FD3B0D50-46B3-4A83-9A6D-C641569142CF}.Debug45|Any CPU.ActiveCfg = Debug45|Any CPU
		{FD3B0D50-46B3-4A83-9A6D-C641569142CF}.Debug45|Any CPU.Build.0 = Debug45|Any CPU
		{FD3B0D50-46B3-4A83-9A6D-C641569142CF}.Debug45|Mixed Platforms.ActiveCfg = Debug45|Any CPU
		{FD3B0D50-46B3-4A83-9A6D-C641569142CF}.Debug45|Mixed Platforms.Build.0 = Debug45|Any CPU
		{FD3B0D50-46B3-4A83-9A6D-C641569142CF}.Debug45|x86.ActiveCfg = Debug45|Any CPU
		{FD3B0D50-46B3-4A83-9A6D-C641569142CF}.Debug45|x86.Build.0 = Debug45|Any CPU
		{FD3B0D50-46B3-4A83-9A6D-C641569142CF}.Release|Any CPU.ActiveCfg = Release|Any CPU
		{FD3B0D50-46B3-4A83-9A6D-C641569142CF}.Release|Any CPU.Build.0 = Release|Any CPU
		{FD3B0D50-46B3-4A83-9A6D-C641569142CF}.Release|Mixed Platforms.ActiveCfg = Release|Any CPU
		{FD3B0D50-46B3-4A83-9A6D-C641569142CF}.Release|Mixed Platforms.Build.0 = Release|Any CPU
		{FD3B0D50-46B3-4A83-9A6D-C641569142CF}.Release|x86.ActiveCfg = Release|Any CPU
		{FD3B0D50-46B3-4A83-9A6D-C641569142CF}.Release|x86.Build.0 = Release|Any CPU
		{FD3B0D50-46B3-4A83-9A6D-C641569142CF}.Release45|Any CPU.ActiveCfg = Release45|Any CPU
		{FD3B0D50-46B3-4A83-9A6D-C641569142CF}.Release45|Any CPU.Build.0 = Release45|Any CPU
		{FD3B0D50-46B3-4A83-9A6D-C641569142CF}.Release45|Mixed Platforms.ActiveCfg = Release45|Any CPU
		{FD3B0D50-46B3-4A83-9A6D-C641569142CF}.Release45|Mixed Platforms.Build.0 = Release45|Any CPU
		{FD3B0D50-46B3-4A83-9A6D-C641569142CF}.Release45|x86.ActiveCfg = Release45|Any CPU
		{FD3B0D50-46B3-4A83-9A6D-C641569142CF}.Release45|x86.Build.0 = Release45|Any CPU
	EndGlobalSection
	GlobalSection(SolutionProperties) = preSolution
		HideSolutionNode = FALSE
	EndGlobalSection
	GlobalSection(ExtensibilityGlobals) = postSolution
		SolutionGuid = {B9013200-2CBE-4D1A-8A69-DFB913E4D106}
	EndGlobalSection
EndGlobal
