
Microsoft Visual Studio Solution File, Format Version 12.00
# Visual Studio 15
VisualStudioVersion = 15.0.28010.2046
MinimumVisualStudioVersion = 10.0.40219.1
Project("{FAE04EC0-301F-11D3-BF4B-00C04F79EFBC}") = "Test_iOS.iOS", "Test_iOS\Test_iOS.iOS\Test_iOS.iOS.csproj", "{DD390805-F4D7-4A8C-94EE-4EC042317C29}"
EndProject
Project("{FAE04EC0-301F-11D3-BF4B-00C04F79EFBC}") = "Test_iOS", "Test_iOS\Test_iOS\Test_iOS.csproj", "{06BFA728-6444-4C16-814A-E30448240385}"
EndProject
Project("{9A19103F-16F7-4668-BE54-9A1E7A4F7556}") = "PixelFarm.MiniAgg.One", "..\..\x_autogen_netstandard1.3\PixelFarm.MiniAgg.One\PixelFarm.MiniAgg.One.csproj", "{256C5E07-278C-4A7A-96BA-5187D75FE140}"
EndProject
Global
	GlobalSection(SolutionConfigurationPlatforms) = preSolution
		Ad-Hoc|Any CPU = Ad-Hoc|Any CPU
		Ad-Hoc|iPhone = Ad-Hoc|iPhone
		Ad-Hoc|iPhoneSimulator = Ad-Hoc|iPhoneSimulator
		AppStore|Any CPU = AppStore|Any CPU
		AppStore|iPhone = AppStore|iPhone
		AppStore|iPhoneSimulator = AppStore|iPhoneSimulator
		Debug|Any CPU = Debug|Any CPU
		Debug|iPhone = Debug|iPhone
		Debug|iPhoneSimulator = Debug|iPhoneSimulator
		Release|Any CPU = Release|Any CPU
		Release|iPhone = Release|iPhone
		Release|iPhoneSimulator = Release|iPhoneSimulator
	EndGlobalSection
	GlobalSection(ProjectConfigurationPlatforms) = postSolution
		{DD390805-F4D7-4A8C-94EE-4EC042317C29}.Ad-Hoc|Any CPU.ActiveCfg = Ad-Hoc|iPhone
		{DD390805-F4D7-4A8C-94EE-4EC042317C29}.Ad-Hoc|iPhone.ActiveCfg = Ad-Hoc|iPhone
		{DD390805-F4D7-4A8C-94EE-4EC042317C29}.Ad-Hoc|iPhone.Build.0 = Ad-Hoc|iPhone
		{DD390805-F4D7-4A8C-94EE-4EC042317C29}.Ad-Hoc|iPhoneSimulator.ActiveCfg = Ad-Hoc|iPhoneSimulator
		{DD390805-F4D7-4A8C-94EE-4EC042317C29}.Ad-Hoc|iPhoneSimulator.Build.0 = Ad-Hoc|iPhoneSimulator
		{DD390805-F4D7-4A8C-94EE-4EC042317C29}.AppStore|Any CPU.ActiveCfg = AppStore|iPhone
		{DD390805-F4D7-4A8C-94EE-4EC042317C29}.AppStore|iPhone.ActiveCfg = AppStore|iPhone
		{DD390805-F4D7-4A8C-94EE-4EC042317C29}.AppStore|iPhone.Build.0 = AppStore|iPhone
		{DD390805-F4D7-4A8C-94EE-4EC042317C29}.AppStore|iPhoneSimulator.ActiveCfg = AppStore|iPhoneSimulator
		{DD390805-F4D7-4A8C-94EE-4EC042317C29}.AppStore|iPhoneSimulator.Build.0 = AppStore|iPhoneSimulator
		{DD390805-F4D7-4A8C-94EE-4EC042317C29}.Debug|Any CPU.ActiveCfg = Debug|iPhone
		{DD390805-F4D7-4A8C-94EE-4EC042317C29}.Debug|iPhone.ActiveCfg = Debug|iPhone
		{DD390805-F4D7-4A8C-94EE-4EC042317C29}.Debug|iPhone.Build.0 = Debug|iPhone
		{DD390805-F4D7-4A8C-94EE-4EC042317C29}.Debug|iPhoneSimulator.ActiveCfg = Debug|iPhoneSimulator
		{DD390805-F4D7-4A8C-94EE-4EC042317C29}.Debug|iPhoneSimulator.Build.0 = Debug|iPhoneSimulator
		{DD390805-F4D7-4A8C-94EE-4EC042317C29}.Release|Any CPU.ActiveCfg = Release|iPhone
		{DD390805-F4D7-4A8C-94EE-4EC042317C29}.Release|iPhone.ActiveCfg = Release|iPhone
		{DD390805-F4D7-4A8C-94EE-4EC042317C29}.Release|iPhone.Build.0 = Release|iPhone
		{DD390805-F4D7-4A8C-94EE-4EC042317C29}.Release|iPhoneSimulator.ActiveCfg = Release|iPhoneSimulator
		{DD390805-F4D7-4A8C-94EE-4EC042317C29}.Release|iPhoneSimulator.Build.0 = Release|iPhoneSimulator
		{06BFA728-6444-4C16-814A-E30448240385}.Ad-Hoc|Any CPU.ActiveCfg = Debug|Any CPU
		{06BFA728-6444-4C16-814A-E30448240385}.Ad-Hoc|Any CPU.Build.0 = Debug|Any CPU
		{06BFA728-6444-4C16-814A-E30448240385}.Ad-Hoc|iPhone.ActiveCfg = Debug|Any CPU
		{06BFA728-6444-4C16-814A-E30448240385}.Ad-Hoc|iPhone.Build.0 = Debug|Any CPU
		{06BFA728-6444-4C16-814A-E30448240385}.Ad-Hoc|iPhoneSimulator.ActiveCfg = Debug|Any CPU
		{06BFA728-6444-4C16-814A-E30448240385}.Ad-Hoc|iPhoneSimulator.Build.0 = Debug|Any CPU
		{06BFA728-6444-4C16-814A-E30448240385}.AppStore|Any CPU.ActiveCfg = Debug|Any CPU
		{06BFA728-6444-4C16-814A-E30448240385}.AppStore|Any CPU.Build.0 = Debug|Any CPU
		{06BFA728-6444-4C16-814A-E30448240385}.AppStore|iPhone.ActiveCfg = Debug|Any CPU
		{06BFA728-6444-4C16-814A-E30448240385}.AppStore|iPhone.Build.0 = Debug|Any CPU
		{06BFA728-6444-4C16-814A-E30448240385}.AppStore|iPhoneSimulator.ActiveCfg = Debug|Any CPU
		{06BFA728-6444-4C16-814A-E30448240385}.AppStore|iPhoneSimulator.Build.0 = Debug|Any CPU
		{06BFA728-6444-4C16-814A-E30448240385}.Debug|Any CPU.ActiveCfg = Debug|Any CPU
		{06BFA728-6444-4C16-814A-E30448240385}.Debug|Any CPU.Build.0 = Debug|Any CPU
		{06BFA728-6444-4C16-814A-E30448240385}.Debug|iPhone.ActiveCfg = Debug|Any CPU
		{06BFA728-6444-4C16-814A-E30448240385}.Debug|iPhone.Build.0 = Debug|Any CPU
		{06BFA728-6444-4C16-814A-E30448240385}.Debug|iPhoneSimulator.ActiveCfg = Debug|Any CPU
		{06BFA728-6444-4C16-814A-E30448240385}.Debug|iPhoneSimulator.Build.0 = Debug|Any CPU
		{06BFA728-6444-4C16-814A-E30448240385}.Release|Any CPU.ActiveCfg = Release|Any CPU
		{06BFA728-6444-4C16-814A-E30448240385}.Release|Any CPU.Build.0 = Release|Any CPU
		{06BFA728-6444-4C16-814A-E30448240385}.Release|iPhone.ActiveCfg = Release|Any CPU
		{06BFA728-6444-4C16-814A-E30448240385}.Release|iPhone.Build.0 = Release|Any CPU
		{06BFA728-6444-4C16-814A-E30448240385}.Release|iPhoneSimulator.ActiveCfg = Release|Any CPU
		{06BFA728-6444-4C16-814A-E30448240385}.Release|iPhoneSimulator.Build.0 = Release|Any CPU
		{256C5E07-278C-4A7A-96BA-5187D75FE140}.Ad-Hoc|Any CPU.ActiveCfg = Debug|Any CPU
		{256C5E07-278C-4A7A-96BA-5187D75FE140}.Ad-Hoc|Any CPU.Build.0 = Debug|Any CPU
		{256C5E07-278C-4A7A-96BA-5187D75FE140}.Ad-Hoc|iPhone.ActiveCfg = Debug|Any CPU
		{256C5E07-278C-4A7A-96BA-5187D75FE140}.Ad-Hoc|iPhone.Build.0 = Debug|Any CPU
		{256C5E07-278C-4A7A-96BA-5187D75FE140}.Ad-Hoc|iPhoneSimulator.ActiveCfg = Debug|Any CPU
		{256C5E07-278C-4A7A-96BA-5187D75FE140}.Ad-Hoc|iPhoneSimulator.Build.0 = Debug|Any CPU
		{256C5E07-278C-4A7A-96BA-5187D75FE140}.AppStore|Any CPU.ActiveCfg = Debug|Any CPU
		{256C5E07-278C-4A7A-96BA-5187D75FE140}.AppStore|Any CPU.Build.0 = Debug|Any CPU
		{256C5E07-278C-4A7A-96BA-5187D75FE140}.AppStore|iPhone.ActiveCfg = Debug|Any CPU
		{256C5E07-278C-4A7A-96BA-5187D75FE140}.AppStore|iPhone.Build.0 = Debug|Any CPU
		{256C5E07-278C-4A7A-96BA-5187D75FE140}.AppStore|iPhoneSimulator.ActiveCfg = Debug|Any CPU
		{256C5E07-278C-4A7A-96BA-5187D75FE140}.AppStore|iPhoneSimulator.Build.0 = Debug|Any CPU
		{256C5E07-278C-4A7A-96BA-5187D75FE140}.Debug|Any CPU.ActiveCfg = Debug|Any CPU
		{256C5E07-278C-4A7A-96BA-5187D75FE140}.Debug|Any CPU.Build.0 = Debug|Any CPU
		{256C5E07-278C-4A7A-96BA-5187D75FE140}.Debug|iPhone.ActiveCfg = Debug|Any CPU
		{256C5E07-278C-4A7A-96BA-5187D75FE140}.Debug|iPhone.Build.0 = Debug|Any CPU
		{256C5E07-278C-4A7A-96BA-5187D75FE140}.Debug|iPhoneSimulator.ActiveCfg = Debug|Any CPU
		{256C5E07-278C-4A7A-96BA-5187D75FE140}.Debug|iPhoneSimulator.Build.0 = Debug|Any CPU
		{256C5E07-278C-4A7A-96BA-5187D75FE140}.Release|Any CPU.ActiveCfg = Release|Any CPU
		{256C5E07-278C-4A7A-96BA-5187D75FE140}.Release|Any CPU.Build.0 = Release|Any CPU
		{256C5E07-278C-4A7A-96BA-5187D75FE140}.Release|iPhone.ActiveCfg = Release|Any CPU
		{256C5E07-278C-4A7A-96BA-5187D75FE140}.Release|iPhone.Build.0 = Release|Any CPU
		{256C5E07-278C-4A7A-96BA-5187D75FE140}.Release|iPhoneSimulator.ActiveCfg = Release|Any CPU
		{256C5E07-278C-4A7A-96BA-5187D75FE140}.Release|iPhoneSimulator.Build.0 = Release|Any CPU
	EndGlobalSection
	GlobalSection(SolutionProperties) = preSolution
		HideSolutionNode = FALSE
	EndGlobalSection
	GlobalSection(ExtensibilityGlobals) = postSolution
		SolutionGuid = {7EBBD1C8-6567-4B2F-87BB-56D87BE385E8}
	EndGlobalSection
EndGlobal
