
Microsoft Visual Studio Solution File, Format Version 12.00
# Visual Studio 15
VisualStudioVersion = 15.0.28307.539
MinimumVisualStudioVersion = 10.0.40219.1
Project("{FAE04EC0-301F-11D3-BF4B-00C04F79EFBC}") = "PixelFarm.One.HtmlRenderer", "PixelFarm.One.HtmlRenderer.csproj", "{6DF8E310-8300-4A11-A547-AC81145E6174}"
EndProject
Global
	GlobalSection(SolutionConfigurationPlatforms) = preSolution
		Debug|Any CPU = Debug|Any CPU
		Release|Any CPU = Release|Any CPU
	EndGlobalSection
	GlobalSection(ProjectConfigurationPlatforms) = postSolution
		{6DF8E310-8300-4A11-A547-AC81145E6174}.Debug|Any CPU.ActiveCfg = Debug|iPhone
		{6DF8E310-8300-4A11-A547-AC81145E6174}.Release|Any CPU.ActiveCfg = Release|iPhone
	EndGlobalSection
	GlobalSection(SolutionProperties) = preSolution
		HideSolutionNode = FALSE
	EndGlobalSection
	GlobalSection(ExtensibilityGlobals) = postSolution
		SolutionGuid = {EB7E067B-D544-465A-9F22-65D35DB5AE1F}
	EndGlobalSection
EndGlobal
