
Microsoft Visual Studio Solution File, Format Version 12.00
# Visual Studio 15
VisualStudioVersion = 15.0.26228.10
MinimumVisualStudioVersion = 10.0.40219.1
Project("{FAE04EC0-301F-11D3-BF4B-00C04F79EFBC}") = "PixelFarm.iOS.One", "..\PixelFarm.iOS.One\PixelFarm.iOS.One.csproj", "{20471A76-56D4-43E6-8D56-7011EBADD238}"
EndProject
Project("{FAE04EC0-301F-11D3-BF4B-00C04F79EFBC}") = "PixelFarm.Android.One", "..\PixelFarm.Android.One\PixelFarm.Android.One.csproj", "{5D404942-0730-4D7E-8DCB-97951E7174A3}"
EndProject
Project("{FAE04EC0-301F-11D3-BF4B-00C04F79EFBC}") = "Test_iOSApp1", "..\..\Tests\Test_iOSApp1\Test_iOSApp1.csproj", "{25E0C57A-157E-47E9-B143-46BCB60ED69A}"
EndProject
Project("{FAE04EC0-301F-11D3-BF4B-00C04F79EFBC}") = "Test_AndroidApp1", "..\..\Tests\Test_AndroidApp1\Test_AndroidApp1.csproj", "{E4DD4215-1E53-420E-89CB-9FCA7B3882FF}"
EndProject
Project("{2150E333-8FDC-42A3-9474-1A3956D46DE8}") = "0_PixelFarm.One", "0_PixelFarm.One", "{60A4A16C-95DE-4145-80BD-639726009A5E}"
EndProject
Project("{2150E333-8FDC-42A3-9474-1A3956D46DE8}") = "1_VeryBasicTest", "1_VeryBasicTest", "{F186A1AB-01A5-436D-AB67-0B1E5058277E}"
EndProject
Project("{2150E333-8FDC-42A3-9474-1A3956D46DE8}") = "2_Lion_Basic", "2_Lion_Basic", "{49FFF777-4F85-4DE4-851B-0FAAEF9F83F0}"
EndProject
Project("{FAE04EC0-301F-11D3-BF4B-00C04F79EFBC}") = "Test_iOS_BasicLion", "..\..\Tests\Test_iOS_BasicLion\Test_iOS_BasicLion.csproj", "{BCA724D5-764C-44B8-B29F-EC8882F4837C}"
EndProject
Project("{FAE04EC0-301F-11D3-BF4B-00C04F79EFBC}") = "Test_Android_BasicLion", "..\..\Tests\Test_Android_BasicLion\Test_Android_BasicLion.csproj", "{C01825A3-F31A-414E-A71F-2560F40D301E}"
EndProject
Project("{2150E333-8FDC-42A3-9474-1A3956D46DE8}") = "3_Glyph_Basic", "3_Glyph_Basic", "{4FA63D60-1A53-4847-8D44-6E39802F8038}"
EndProject
Project("{FAE04EC0-301F-11D3-BF4B-00C04F79EFBC}") = "Test_Android_Glyph", "..\..\Tests\Test_Android_Glyph\Test_Android_Glyph.csproj", "{B824FFB2-D057-490A-8967-892C0E20C0B6}"
EndProject
Project("{FAE04EC0-301F-11D3-BF4B-00C04F79EFBC}") = "Test_WinForm_TessGlyph", "..\..\Tests\Test_WinForm_TessGlyph\Test_WinForm_TessGlyph.csproj", "{56DCAE82-671D-409E-A3B3-BF4834756D3F}"
EndProject
Project("{FAE04EC0-301F-11D3-BF4B-00C04F79EFBC}") = "Typography.OpenFont", "..\..\PixelFarm\Typography\Typography.OpenFont\N20\Typography.OpenFont\Typography.OpenFont.csproj", "{29ED0DFE-373C-4E98-BD4B-43F8E5FB16F6}"
EndProject
Project("{FAE04EC0-301F-11D3-BF4B-00C04F79EFBC}") = "Typography.GlyphLayout", "..\..\PixelFarm\Typography\Typography.GlyphLayout\Typography.GlyphLayout.csproj", "{C48F2C17-3C32-4F27-A96C-60A9D86DF9CF}"
EndProject
Project("{FAE04EC0-301F-11D3-BF4B-00C04F79EFBC}") = "GdiPlusSample.WinForms", "..\..\PixelFarm\Typography\Demo\Windows\GdiPlusSample.WinForms\GdiPlusSample.WinForms.csproj", "{0DABB64B-3D8C-4447-A129-619390ED0E87}"
EndProject
Global
	GlobalSection(SolutionConfigurationPlatforms) = preSolution
		Ad-Hoc|Any CPU = Ad-Hoc|Any CPU
		Ad-Hoc|iPhone = Ad-Hoc|iPhone
		Ad-Hoc|iPhoneSimulator = Ad-Hoc|iPhoneSimulator
		AppStore|Any CPU = AppStore|Any CPU
		AppStore|iPhone = AppStore|iPhone
		AppStore|iPhoneSimulator = AppStore|iPhoneSimulator
		Debug|Any CPU = Debug|Any CPU
		Debug|iPhone = Debug|iPhone
		Debug|iPhoneSimulator = Debug|iPhoneSimulator
		Release|Any CPU = Release|Any CPU
		Release|iPhone = Release|iPhone
		Release|iPhoneSimulator = Release|iPhoneSimulator
		Release64|Any CPU = Release64|Any CPU
		Release64|iPhone = Release64|iPhone
		Release64|iPhoneSimulator = Release64|iPhoneSimulator
	EndGlobalSection
	GlobalSection(ProjectConfigurationPlatforms) = postSolution
		{20471A76-56D4-43E6-8D56-7011EBADD238}.Ad-Hoc|Any CPU.ActiveCfg = Release|Any CPU
		{20471A76-56D4-43E6-8D56-7011EBADD238}.Ad-Hoc|Any CPU.Build.0 = Release|Any CPU
		{20471A76-56D4-43E6-8D56-7011EBADD238}.Ad-Hoc|iPhone.ActiveCfg = Release|Any CPU
		{20471A76-56D4-43E6-8D56-7011EBADD238}.Ad-Hoc|iPhone.Build.0 = Release|Any CPU
		{20471A76-56D4-43E6-8D56-7011EBADD238}.Ad-Hoc|iPhoneSimulator.ActiveCfg = Release|Any CPU
		{20471A76-56D4-43E6-8D56-7011EBADD238}.Ad-Hoc|iPhoneSimulator.Build.0 = Release|Any CPU
		{20471A76-56D4-43E6-8D56-7011EBADD238}.AppStore|Any CPU.ActiveCfg = Release|Any CPU
		{20471A76-56D4-43E6-8D56-7011EBADD238}.AppStore|Any CPU.Build.0 = Release|Any CPU
		{20471A76-56D4-43E6-8D56-7011EBADD238}.AppStore|iPhone.ActiveCfg = Release|Any CPU
		{20471A76-56D4-43E6-8D56-7011EBADD238}.AppStore|iPhone.Build.0 = Release|Any CPU
		{20471A76-56D4-43E6-8D56-7011EBADD238}.AppStore|iPhoneSimulator.ActiveCfg = Release|Any CPU
		{20471A76-56D4-43E6-8D56-7011EBADD238}.AppStore|iPhoneSimulator.Build.0 = Release|Any CPU
		{20471A76-56D4-43E6-8D56-7011EBADD238}.Debug|Any CPU.ActiveCfg = Debug|Any CPU
		{20471A76-56D4-43E6-8D56-7011EBADD238}.Debug|Any CPU.Build.0 = Debug|Any CPU
		{20471A76-56D4-43E6-8D56-7011EBADD238}.Debug|iPhone.ActiveCfg = Debug|Any CPU
		{20471A76-56D4-43E6-8D56-7011EBADD238}.Debug|iPhone.Build.0 = Debug|Any CPU
		{20471A76-56D4-43E6-8D56-7011EBADD238}.Debug|iPhoneSimulator.ActiveCfg = Debug|Any CPU
		{20471A76-56D4-43E6-8D56-7011EBADD238}.Debug|iPhoneSimulator.Build.0 = Debug|Any CPU
		{20471A76-56D4-43E6-8D56-7011EBADD238}.Release|Any CPU.ActiveCfg = Release|Any CPU
		{20471A76-56D4-43E6-8D56-7011EBADD238}.Release|Any CPU.Build.0 = Release|Any CPU
		{20471A76-56D4-43E6-8D56-7011EBADD238}.Release|iPhone.ActiveCfg = Release|Any CPU
		{20471A76-56D4-43E6-8D56-7011EBADD238}.Release|iPhone.Build.0 = Release|Any CPU
		{20471A76-56D4-43E6-8D56-7011EBADD238}.Release|iPhoneSimulator.ActiveCfg = Release|Any CPU
		{20471A76-56D4-43E6-8D56-7011EBADD238}.Release|iPhoneSimulator.Build.0 = Release|Any CPU
		{20471A76-56D4-43E6-8D56-7011EBADD238}.Release64|Any CPU.ActiveCfg = Release|Any CPU
		{20471A76-56D4-43E6-8D56-7011EBADD238}.Release64|Any CPU.Build.0 = Release|Any CPU
		{20471A76-56D4-43E6-8D56-7011EBADD238}.Release64|iPhone.ActiveCfg = Release|Any CPU
		{20471A76-56D4-43E6-8D56-7011EBADD238}.Release64|iPhone.Build.0 = Release|Any CPU
		{20471A76-56D4-43E6-8D56-7011EBADD238}.Release64|iPhoneSimulator.ActiveCfg = Release|Any CPU
		{20471A76-56D4-43E6-8D56-7011EBADD238}.Release64|iPhoneSimulator.Build.0 = Release|Any CPU
		{5D404942-0730-4D7E-8DCB-97951E7174A3}.Ad-Hoc|Any CPU.ActiveCfg = Release|Any CPU
		{5D404942-0730-4D7E-8DCB-97951E7174A3}.Ad-Hoc|Any CPU.Build.0 = Release|Any CPU
		{5D404942-0730-4D7E-8DCB-97951E7174A3}.Ad-Hoc|iPhone.ActiveCfg = Release|Any CPU
		{5D404942-0730-4D7E-8DCB-97951E7174A3}.Ad-Hoc|iPhone.Build.0 = Release|Any CPU
		{5D404942-0730-4D7E-8DCB-97951E7174A3}.Ad-Hoc|iPhoneSimulator.ActiveCfg = Release|Any CPU
		{5D404942-0730-4D7E-8DCB-97951E7174A3}.Ad-Hoc|iPhoneSimulator.Build.0 = Release|Any CPU
		{5D404942-0730-4D7E-8DCB-97951E7174A3}.AppStore|Any CPU.ActiveCfg = Release|Any CPU
		{5D404942-0730-4D7E-8DCB-97951E7174A3}.AppStore|Any CPU.Build.0 = Release|Any CPU
		{5D404942-0730-4D7E-8DCB-97951E7174A3}.AppStore|iPhone.ActiveCfg = Release|Any CPU
		{5D404942-0730-4D7E-8DCB-97951E7174A3}.AppStore|iPhone.Build.0 = Release|Any CPU
		{5D404942-0730-4D7E-8DCB-97951E7174A3}.AppStore|iPhoneSimulator.ActiveCfg = Release|Any CPU
		{5D404942-0730-4D7E-8DCB-97951E7174A3}.AppStore|iPhoneSimulator.Build.0 = Release|Any CPU
		{5D404942-0730-4D7E-8DCB-97951E7174A3}.Debug|Any CPU.ActiveCfg = Debug|Any CPU
		{5D404942-0730-4D7E-8DCB-97951E7174A3}.Debug|Any CPU.Build.0 = Debug|Any CPU
		{5D404942-0730-4D7E-8DCB-97951E7174A3}.Debug|iPhone.ActiveCfg = Debug|Any CPU
		{5D404942-0730-4D7E-8DCB-97951E7174A3}.Debug|iPhone.Build.0 = Debug|Any CPU
		{5D404942-0730-4D7E-8DCB-97951E7174A3}.Debug|iPhoneSimulator.ActiveCfg = Debug|Any CPU
		{5D404942-0730-4D7E-8DCB-97951E7174A3}.Debug|iPhoneSimulator.Build.0 = Debug|Any CPU
		{5D404942-0730-4D7E-8DCB-97951E7174A3}.Release|Any CPU.ActiveCfg = Release|Any CPU
		{5D404942-0730-4D7E-8DCB-97951E7174A3}.Release|Any CPU.Build.0 = Release|Any CPU
		{5D404942-0730-4D7E-8DCB-97951E7174A3}.Release|iPhone.ActiveCfg = Release|Any CPU
		{5D404942-0730-4D7E-8DCB-97951E7174A3}.Release|iPhone.Build.0 = Release|Any CPU
		{5D404942-0730-4D7E-8DCB-97951E7174A3}.Release|iPhoneSimulator.ActiveCfg = Release|Any CPU
		{5D404942-0730-4D7E-8DCB-97951E7174A3}.Release|iPhoneSimulator.Build.0 = Release|Any CPU
		{5D404942-0730-4D7E-8DCB-97951E7174A3}.Release64|Any CPU.ActiveCfg = Release|Any CPU
		{5D404942-0730-4D7E-8DCB-97951E7174A3}.Release64|Any CPU.Build.0 = Release|Any CPU
		{5D404942-0730-4D7E-8DCB-97951E7174A3}.Release64|iPhone.ActiveCfg = Release|Any CPU
		{5D404942-0730-4D7E-8DCB-97951E7174A3}.Release64|iPhone.Build.0 = Release|Any CPU
		{5D404942-0730-4D7E-8DCB-97951E7174A3}.Release64|iPhoneSimulator.ActiveCfg = Release|Any CPU
		{5D404942-0730-4D7E-8DCB-97951E7174A3}.Release64|iPhoneSimulator.Build.0 = Release|Any CPU
		{25E0C57A-157E-47E9-B143-46BCB60ED69A}.Ad-Hoc|Any CPU.ActiveCfg = Ad-Hoc|iPhone
		{25E0C57A-157E-47E9-B143-46BCB60ED69A}.Ad-Hoc|iPhone.ActiveCfg = Ad-Hoc|iPhone
		{25E0C57A-157E-47E9-B143-46BCB60ED69A}.Ad-Hoc|iPhone.Build.0 = Ad-Hoc|iPhone
		{25E0C57A-157E-47E9-B143-46BCB60ED69A}.Ad-Hoc|iPhoneSimulator.ActiveCfg = Ad-Hoc|iPhoneSimulator
		{25E0C57A-157E-47E9-B143-46BCB60ED69A}.Ad-Hoc|iPhoneSimulator.Build.0 = Ad-Hoc|iPhoneSimulator
		{25E0C57A-157E-47E9-B143-46BCB60ED69A}.AppStore|Any CPU.ActiveCfg = AppStore|iPhone
		{25E0C57A-157E-47E9-B143-46BCB60ED69A}.AppStore|iPhone.ActiveCfg = AppStore|iPhone
		{25E0C57A-157E-47E9-B143-46BCB60ED69A}.AppStore|iPhone.Build.0 = AppStore|iPhone
		{25E0C57A-157E-47E9-B143-46BCB60ED69A}.AppStore|iPhoneSimulator.ActiveCfg = AppStore|iPhoneSimulator
		{25E0C57A-157E-47E9-B143-46BCB60ED69A}.AppStore|iPhoneSimulator.Build.0 = AppStore|iPhoneSimulator
		{25E0C57A-157E-47E9-B143-46BCB60ED69A}.Debug|Any CPU.ActiveCfg = Debug|iPhone
		{25E0C57A-157E-47E9-B143-46BCB60ED69A}.Debug|iPhone.ActiveCfg = Debug|iPhone
		{25E0C57A-157E-47E9-B143-46BCB60ED69A}.Debug|iPhone.Build.0 = Debug|iPhone
		{25E0C57A-157E-47E9-B143-46BCB60ED69A}.Debug|iPhoneSimulator.ActiveCfg = Debug|iPhoneSimulator
		{25E0C57A-157E-47E9-B143-46BCB60ED69A}.Debug|iPhoneSimulator.Build.0 = Debug|iPhoneSimulator
		{25E0C57A-157E-47E9-B143-46BCB60ED69A}.Release|Any CPU.ActiveCfg = Release|iPhone
		{25E0C57A-157E-47E9-B143-46BCB60ED69A}.Release|iPhone.ActiveCfg = Release|iPhone
		{25E0C57A-157E-47E9-B143-46BCB60ED69A}.Release|iPhone.Build.0 = Release|iPhone
		{25E0C57A-157E-47E9-B143-46BCB60ED69A}.Release|iPhoneSimulator.ActiveCfg = Release|iPhoneSimulator
		{25E0C57A-157E-47E9-B143-46BCB60ED69A}.Release|iPhoneSimulator.Build.0 = Release|iPhoneSimulator
		{25E0C57A-157E-47E9-B143-46BCB60ED69A}.Release64|Any CPU.ActiveCfg = Release|iPhoneSimulator
		{25E0C57A-157E-47E9-B143-46BCB60ED69A}.Release64|Any CPU.Build.0 = Release|iPhoneSimulator
		{25E0C57A-157E-47E9-B143-46BCB60ED69A}.Release64|iPhone.ActiveCfg = Release|iPhone
		{25E0C57A-157E-47E9-B143-46BCB60ED69A}.Release64|iPhone.Build.0 = Release|iPhone
		{25E0C57A-157E-47E9-B143-46BCB60ED69A}.Release64|iPhoneSimulator.ActiveCfg = Release|iPhoneSimulator
		{25E0C57A-157E-47E9-B143-46BCB60ED69A}.Release64|iPhoneSimulator.Build.0 = Release|iPhoneSimulator
		{E4DD4215-1E53-420E-89CB-9FCA7B3882FF}.Ad-Hoc|Any CPU.ActiveCfg = Release|Any CPU
		{E4DD4215-1E53-420E-89CB-9FCA7B3882FF}.Ad-Hoc|Any CPU.Build.0 = Release|Any CPU
		{E4DD4215-1E53-420E-89CB-9FCA7B3882FF}.Ad-Hoc|Any CPU.Deploy.0 = Release|Any CPU
		{E4DD4215-1E53-420E-89CB-9FCA7B3882FF}.Ad-Hoc|iPhone.ActiveCfg = Release|Any CPU
		{E4DD4215-1E53-420E-89CB-9FCA7B3882FF}.Ad-Hoc|iPhone.Build.0 = Release|Any CPU
		{E4DD4215-1E53-420E-89CB-9FCA7B3882FF}.Ad-Hoc|iPhone.Deploy.0 = Release|Any CPU
		{E4DD4215-1E53-420E-89CB-9FCA7B3882FF}.Ad-Hoc|iPhoneSimulator.ActiveCfg = Release|Any CPU
		{E4DD4215-1E53-420E-89CB-9FCA7B3882FF}.Ad-Hoc|iPhoneSimulator.Build.0 = Release|Any CPU
		{E4DD4215-1E53-420E-89CB-9FCA7B3882FF}.Ad-Hoc|iPhoneSimulator.Deploy.0 = Release|Any CPU
		{E4DD4215-1E53-420E-89CB-9FCA7B3882FF}.AppStore|Any CPU.ActiveCfg = Release|Any CPU
		{E4DD4215-1E53-420E-89CB-9FCA7B3882FF}.AppStore|Any CPU.Build.0 = Release|Any CPU
		{E4DD4215-1E53-420E-89CB-9FCA7B3882FF}.AppStore|Any CPU.Deploy.0 = Release|Any CPU
		{E4DD4215-1E53-420E-89CB-9FCA7B3882FF}.AppStore|iPhone.ActiveCfg = Release|Any CPU
		{E4DD4215-1E53-420E-89CB-9FCA7B3882FF}.AppStore|iPhone.Build.0 = Release|Any CPU
		{E4DD4215-1E53-420E-89CB-9FCA7B3882FF}.AppStore|iPhone.Deploy.0 = Release|Any CPU
		{E4DD4215-1E53-420E-89CB-9FCA7B3882FF}.AppStore|iPhoneSimulator.ActiveCfg = Release|Any CPU
		{E4DD4215-1E53-420E-89CB-9FCA7B3882FF}.AppStore|iPhoneSimulator.Build.0 = Release|Any CPU
		{E4DD4215-1E53-420E-89CB-9FCA7B3882FF}.AppStore|iPhoneSimulator.Deploy.0 = Release|Any CPU
		{E4DD4215-1E53-420E-89CB-9FCA7B3882FF}.Debug|Any CPU.ActiveCfg = Debug|Any CPU
		{E4DD4215-1E53-420E-89CB-9FCA7B3882FF}.Debug|Any CPU.Build.0 = Debug|Any CPU
		{E4DD4215-1E53-420E-89CB-9FCA7B3882FF}.Debug|Any CPU.Deploy.0 = Debug|Any CPU
		{E4DD4215-1E53-420E-89CB-9FCA7B3882FF}.Debug|iPhone.ActiveCfg = Debug|Any CPU
		{E4DD4215-1E53-420E-89CB-9FCA7B3882FF}.Debug|iPhone.Build.0 = Debug|Any CPU
		{E4DD4215-1E53-420E-89CB-9FCA7B3882FF}.Debug|iPhone.Deploy.0 = Debug|Any CPU
		{E4DD4215-1E53-420E-89CB-9FCA7B3882FF}.Debug|iPhoneSimulator.ActiveCfg = Debug|Any CPU
		{E4DD4215-1E53-420E-89CB-9FCA7B3882FF}.Debug|iPhoneSimulator.Build.0 = Debug|Any CPU
		{E4DD4215-1E53-420E-89CB-9FCA7B3882FF}.Debug|iPhoneSimulator.Deploy.0 = Debug|Any CPU
		{E4DD4215-1E53-420E-89CB-9FCA7B3882FF}.Release|Any CPU.ActiveCfg = Release|Any CPU
		{E4DD4215-1E53-420E-89CB-9FCA7B3882FF}.Release|Any CPU.Build.0 = Release|Any CPU
		{E4DD4215-1E53-420E-89CB-9FCA7B3882FF}.Release|Any CPU.Deploy.0 = Release|Any CPU
		{E4DD4215-1E53-420E-89CB-9FCA7B3882FF}.Release|iPhone.ActiveCfg = Release|Any CPU
		{E4DD4215-1E53-420E-89CB-9FCA7B3882FF}.Release|iPhone.Build.0 = Release|Any CPU
		{E4DD4215-1E53-420E-89CB-9FCA7B3882FF}.Release|iPhone.Deploy.0 = Release|Any CPU
		{E4DD4215-1E53-420E-89CB-9FCA7B3882FF}.Release|iPhoneSimulator.ActiveCfg = Release|Any CPU
		{E4DD4215-1E53-420E-89CB-9FCA7B3882FF}.Release|iPhoneSimulator.Build.0 = Release|Any CPU
		{E4DD4215-1E53-420E-89CB-9FCA7B3882FF}.Release|iPhoneSimulator.Deploy.0 = Release|Any CPU
		{E4DD4215-1E53-420E-89CB-9FCA7B3882FF}.Release64|Any CPU.ActiveCfg = Release|Any CPU
		{E4DD4215-1E53-420E-89CB-9FCA7B3882FF}.Release64|Any CPU.Build.0 = Release|Any CPU
		{E4DD4215-1E53-420E-89CB-9FCA7B3882FF}.Release64|Any CPU.Deploy.0 = Release|Any CPU
		{E4DD4215-1E53-420E-89CB-9FCA7B3882FF}.Release64|iPhone.ActiveCfg = Release|Any CPU
		{E4DD4215-1E53-420E-89CB-9FCA7B3882FF}.Release64|iPhone.Build.0 = Release|Any CPU
		{E4DD4215-1E53-420E-89CB-9FCA7B3882FF}.Release64|iPhone.Deploy.0 = Release|Any CPU
		{E4DD4215-1E53-420E-89CB-9FCA7B3882FF}.Release64|iPhoneSimulator.ActiveCfg = Release|Any CPU
		{E4DD4215-1E53-420E-89CB-9FCA7B3882FF}.Release64|iPhoneSimulator.Build.0 = Release|Any CPU
		{E4DD4215-1E53-420E-89CB-9FCA7B3882FF}.Release64|iPhoneSimulator.Deploy.0 = Release|Any CPU
		{BCA724D5-764C-44B8-B29F-EC8882F4837C}.Ad-Hoc|Any CPU.ActiveCfg = Ad-Hoc|iPhone
		{BCA724D5-764C-44B8-B29F-EC8882F4837C}.Ad-Hoc|iPhone.ActiveCfg = Ad-Hoc|iPhone
		{BCA724D5-764C-44B8-B29F-EC8882F4837C}.Ad-Hoc|iPhone.Build.0 = Ad-Hoc|iPhone
		{BCA724D5-764C-44B8-B29F-EC8882F4837C}.Ad-Hoc|iPhoneSimulator.ActiveCfg = Ad-Hoc|iPhoneSimulator
		{BCA724D5-764C-44B8-B29F-EC8882F4837C}.Ad-Hoc|iPhoneSimulator.Build.0 = Ad-Hoc|iPhoneSimulator
		{BCA724D5-764C-44B8-B29F-EC8882F4837C}.AppStore|Any CPU.ActiveCfg = AppStore|iPhone
		{BCA724D5-764C-44B8-B29F-EC8882F4837C}.AppStore|iPhone.ActiveCfg = AppStore|iPhone
		{BCA724D5-764C-44B8-B29F-EC8882F4837C}.AppStore|iPhone.Build.0 = AppStore|iPhone
		{BCA724D5-764C-44B8-B29F-EC8882F4837C}.AppStore|iPhoneSimulator.ActiveCfg = AppStore|iPhoneSimulator
		{BCA724D5-764C-44B8-B29F-EC8882F4837C}.AppStore|iPhoneSimulator.Build.0 = AppStore|iPhoneSimulator
		{BCA724D5-764C-44B8-B29F-EC8882F4837C}.Debug|Any CPU.ActiveCfg = Debug|iPhone
		{BCA724D5-764C-44B8-B29F-EC8882F4837C}.Debug|iPhone.ActiveCfg = Debug|iPhone
		{BCA724D5-764C-44B8-B29F-EC8882F4837C}.Debug|iPhone.Build.0 = Debug|iPhone
		{BCA724D5-764C-44B8-B29F-EC8882F4837C}.Debug|iPhoneSimulator.ActiveCfg = Debug|iPhoneSimulator
		{BCA724D5-764C-44B8-B29F-EC8882F4837C}.Debug|iPhoneSimulator.Build.0 = Debug|iPhoneSimulator
		{BCA724D5-764C-44B8-B29F-EC8882F4837C}.Release|Any CPU.ActiveCfg = Release|iPhone
		{BCA724D5-764C-44B8-B29F-EC8882F4837C}.Release|iPhone.ActiveCfg = Release|iPhone
		{BCA724D5-764C-44B8-B29F-EC8882F4837C}.Release|iPhone.Build.0 = Release|iPhone
		{BCA724D5-764C-44B8-B29F-EC8882F4837C}.Release|iPhoneSimulator.ActiveCfg = Release|iPhoneSimulator
		{BCA724D5-764C-44B8-B29F-EC8882F4837C}.Release|iPhoneSimulator.Build.0 = Release|iPhoneSimulator
		{BCA724D5-764C-44B8-B29F-EC8882F4837C}.Release64|Any CPU.ActiveCfg = Release|iPhoneSimulator
		{BCA724D5-764C-44B8-B29F-EC8882F4837C}.Release64|Any CPU.Build.0 = Release|iPhoneSimulator
		{BCA724D5-764C-44B8-B29F-EC8882F4837C}.Release64|iPhone.ActiveCfg = Release|iPhone
		{BCA724D5-764C-44B8-B29F-EC8882F4837C}.Release64|iPhone.Build.0 = Release|iPhone
		{BCA724D5-764C-44B8-B29F-EC8882F4837C}.Release64|iPhoneSimulator.ActiveCfg = Release|iPhoneSimulator
		{BCA724D5-764C-44B8-B29F-EC8882F4837C}.Release64|iPhoneSimulator.Build.0 = Release|iPhoneSimulator
		{C01825A3-F31A-414E-A71F-2560F40D301E}.Ad-Hoc|Any CPU.ActiveCfg = Release|Any CPU
		{C01825A3-F31A-414E-A71F-2560F40D301E}.Ad-Hoc|Any CPU.Build.0 = Release|Any CPU
		{C01825A3-F31A-414E-A71F-2560F40D301E}.Ad-Hoc|Any CPU.Deploy.0 = Release|Any CPU
		{C01825A3-F31A-414E-A71F-2560F40D301E}.Ad-Hoc|iPhone.ActiveCfg = Release|Any CPU
		{C01825A3-F31A-414E-A71F-2560F40D301E}.Ad-Hoc|iPhone.Build.0 = Release|Any CPU
		{C01825A3-F31A-414E-A71F-2560F40D301E}.Ad-Hoc|iPhone.Deploy.0 = Release|Any CPU
		{C01825A3-F31A-414E-A71F-2560F40D301E}.Ad-Hoc|iPhoneSimulator.ActiveCfg = Release|Any CPU
		{C01825A3-F31A-414E-A71F-2560F40D301E}.Ad-Hoc|iPhoneSimulator.Build.0 = Release|Any CPU
		{C01825A3-F31A-414E-A71F-2560F40D301E}.Ad-Hoc|iPhoneSimulator.Deploy.0 = Release|Any CPU
		{C01825A3-F31A-414E-A71F-2560F40D301E}.AppStore|Any CPU.ActiveCfg = Release|Any CPU
		{C01825A3-F31A-414E-A71F-2560F40D301E}.AppStore|Any CPU.Build.0 = Release|Any CPU
		{C01825A3-F31A-414E-A71F-2560F40D301E}.AppStore|Any CPU.Deploy.0 = Release|Any CPU
		{C01825A3-F31A-414E-A71F-2560F40D301E}.AppStore|iPhone.ActiveCfg = Release|Any CPU
		{C01825A3-F31A-414E-A71F-2560F40D301E}.AppStore|iPhone.Build.0 = Release|Any CPU
		{C01825A3-F31A-414E-A71F-2560F40D301E}.AppStore|iPhone.Deploy.0 = Release|Any CPU
		{C01825A3-F31A-414E-A71F-2560F40D301E}.AppStore|iPhoneSimulator.ActiveCfg = Release|Any CPU
		{C01825A3-F31A-414E-A71F-2560F40D301E}.AppStore|iPhoneSimulator.Build.0 = Release|Any CPU
		{C01825A3-F31A-414E-A71F-2560F40D301E}.AppStore|iPhoneSimulator.Deploy.0 = Release|Any CPU
		{C01825A3-F31A-414E-A71F-2560F40D301E}.Debug|Any CPU.ActiveCfg = Debug|Any CPU
		{C01825A3-F31A-414E-A71F-2560F40D301E}.Debug|Any CPU.Build.0 = Debug|Any CPU
		{C01825A3-F31A-414E-A71F-2560F40D301E}.Debug|Any CPU.Deploy.0 = Debug|Any CPU
		{C01825A3-F31A-414E-A71F-2560F40D301E}.Debug|iPhone.ActiveCfg = Debug|Any CPU
		{C01825A3-F31A-414E-A71F-2560F40D301E}.Debug|iPhone.Build.0 = Debug|Any CPU
		{C01825A3-F31A-414E-A71F-2560F40D301E}.Debug|iPhone.Deploy.0 = Debug|Any CPU
		{C01825A3-F31A-414E-A71F-2560F40D301E}.Debug|iPhoneSimulator.ActiveCfg = Debug|Any CPU
		{C01825A3-F31A-414E-A71F-2560F40D301E}.Debug|iPhoneSimulator.Build.0 = Debug|Any CPU
		{C01825A3-F31A-414E-A71F-2560F40D301E}.Debug|iPhoneSimulator.Deploy.0 = Debug|Any CPU
		{C01825A3-F31A-414E-A71F-2560F40D301E}.Release|Any CPU.ActiveCfg = Release|Any CPU
		{C01825A3-F31A-414E-A71F-2560F40D301E}.Release|Any CPU.Build.0 = Release|Any CPU
		{C01825A3-F31A-414E-A71F-2560F40D301E}.Release|Any CPU.Deploy.0 = Release|Any CPU
		{C01825A3-F31A-414E-A71F-2560F40D301E}.Release|iPhone.ActiveCfg = Release|Any CPU
		{C01825A3-F31A-414E-A71F-2560F40D301E}.Release|iPhone.Build.0 = Release|Any CPU
		{C01825A3-F31A-414E-A71F-2560F40D301E}.Release|iPhone.Deploy.0 = Release|Any CPU
		{C01825A3-F31A-414E-A71F-2560F40D301E}.Release|iPhoneSimulator.ActiveCfg = Release|Any CPU
		{C01825A3-F31A-414E-A71F-2560F40D301E}.Release|iPhoneSimulator.Build.0 = Release|Any CPU
		{C01825A3-F31A-414E-A71F-2560F40D301E}.Release|iPhoneSimulator.Deploy.0 = Release|Any CPU
		{C01825A3-F31A-414E-A71F-2560F40D301E}.Release64|Any CPU.ActiveCfg = Release|Any CPU
		{C01825A3-F31A-414E-A71F-2560F40D301E}.Release64|Any CPU.Build.0 = Release|Any CPU
		{C01825A3-F31A-414E-A71F-2560F40D301E}.Release64|Any CPU.Deploy.0 = Release|Any CPU
		{C01825A3-F31A-414E-A71F-2560F40D301E}.Release64|iPhone.ActiveCfg = Release|Any CPU
		{C01825A3-F31A-414E-A71F-2560F40D301E}.Release64|iPhone.Build.0 = Release|Any CPU
		{C01825A3-F31A-414E-A71F-2560F40D301E}.Release64|iPhone.Deploy.0 = Release|Any CPU
		{C01825A3-F31A-414E-A71F-2560F40D301E}.Release64|iPhoneSimulator.ActiveCfg = Release|Any CPU
		{C01825A3-F31A-414E-A71F-2560F40D301E}.Release64|iPhoneSimulator.Build.0 = Release|Any CPU
		{C01825A3-F31A-414E-A71F-2560F40D301E}.Release64|iPhoneSimulator.Deploy.0 = Release|Any CPU
		{B824FFB2-D057-490A-8967-892C0E20C0B6}.Ad-Hoc|Any CPU.ActiveCfg = Release|Any CPU
		{B824FFB2-D057-490A-8967-892C0E20C0B6}.Ad-Hoc|Any CPU.Build.0 = Release|Any CPU
		{B824FFB2-D057-490A-8967-892C0E20C0B6}.Ad-Hoc|Any CPU.Deploy.0 = Release|Any CPU
		{B824FFB2-D057-490A-8967-892C0E20C0B6}.Ad-Hoc|iPhone.ActiveCfg = Release|Any CPU
		{B824FFB2-D057-490A-8967-892C0E20C0B6}.Ad-Hoc|iPhone.Build.0 = Release|Any CPU
		{B824FFB2-D057-490A-8967-892C0E20C0B6}.Ad-Hoc|iPhone.Deploy.0 = Release|Any CPU
		{B824FFB2-D057-490A-8967-892C0E20C0B6}.Ad-Hoc|iPhoneSimulator.ActiveCfg = Release|Any CPU
		{B824FFB2-D057-490A-8967-892C0E20C0B6}.Ad-Hoc|iPhoneSimulator.Build.0 = Release|Any CPU
		{B824FFB2-D057-490A-8967-892C0E20C0B6}.Ad-Hoc|iPhoneSimulator.Deploy.0 = Release|Any CPU
		{B824FFB2-D057-490A-8967-892C0E20C0B6}.AppStore|Any CPU.ActiveCfg = Release|Any CPU
		{B824FFB2-D057-490A-8967-892C0E20C0B6}.AppStore|Any CPU.Build.0 = Release|Any CPU
		{B824FFB2-D057-490A-8967-892C0E20C0B6}.AppStore|Any CPU.Deploy.0 = Release|Any CPU
		{B824FFB2-D057-490A-8967-892C0E20C0B6}.AppStore|iPhone.ActiveCfg = Release|Any CPU
		{B824FFB2-D057-490A-8967-892C0E20C0B6}.AppStore|iPhone.Build.0 = Release|Any CPU
		{B824FFB2-D057-490A-8967-892C0E20C0B6}.AppStore|iPhone.Deploy.0 = Release|Any CPU
		{B824FFB2-D057-490A-8967-892C0E20C0B6}.AppStore|iPhoneSimulator.ActiveCfg = Release|Any CPU
		{B824FFB2-D057-490A-8967-892C0E20C0B6}.AppStore|iPhoneSimulator.Build.0 = Release|Any CPU
		{B824FFB2-D057-490A-8967-892C0E20C0B6}.AppStore|iPhoneSimulator.Deploy.0 = Release|Any CPU
		{B824FFB2-D057-490A-8967-892C0E20C0B6}.Debug|Any CPU.ActiveCfg = Debug|Any CPU
		{B824FFB2-D057-490A-8967-892C0E20C0B6}.Debug|Any CPU.Build.0 = Debug|Any CPU
		{B824FFB2-D057-490A-8967-892C0E20C0B6}.Debug|Any CPU.Deploy.0 = Debug|Any CPU
		{B824FFB2-D057-490A-8967-892C0E20C0B6}.Debug|iPhone.ActiveCfg = Debug|Any CPU
		{B824FFB2-D057-490A-8967-892C0E20C0B6}.Debug|iPhone.Build.0 = Debug|Any CPU
		{B824FFB2-D057-490A-8967-892C0E20C0B6}.Debug|iPhone.Deploy.0 = Debug|Any CPU
		{B824FFB2-D057-490A-8967-892C0E20C0B6}.Debug|iPhoneSimulator.ActiveCfg = Debug|Any CPU
		{B824FFB2-D057-490A-8967-892C0E20C0B6}.Debug|iPhoneSimulator.Build.0 = Debug|Any CPU
		{B824FFB2-D057-490A-8967-892C0E20C0B6}.Debug|iPhoneSimulator.Deploy.0 = Debug|Any CPU
		{B824FFB2-D057-490A-8967-892C0E20C0B6}.Release|Any CPU.ActiveCfg = Release|Any CPU
		{B824FFB2-D057-490A-8967-892C0E20C0B6}.Release|Any CPU.Build.0 = Release|Any CPU
		{B824FFB2-D057-490A-8967-892C0E20C0B6}.Release|Any CPU.Deploy.0 = Release|Any CPU
		{B824FFB2-D057-490A-8967-892C0E20C0B6}.Release|iPhone.ActiveCfg = Release|Any CPU
		{B824FFB2-D057-490A-8967-892C0E20C0B6}.Release|iPhone.Build.0 = Release|Any CPU
		{B824FFB2-D057-490A-8967-892C0E20C0B6}.Release|iPhone.Deploy.0 = Release|Any CPU
		{B824FFB2-D057-490A-8967-892C0E20C0B6}.Release|iPhoneSimulator.ActiveCfg = Release|Any CPU
		{B824FFB2-D057-490A-8967-892C0E20C0B6}.Release|iPhoneSimulator.Build.0 = Release|Any CPU
		{B824FFB2-D057-490A-8967-892C0E20C0B6}.Release|iPhoneSimulator.Deploy.0 = Release|Any CPU
		{B824FFB2-D057-490A-8967-892C0E20C0B6}.Release64|Any CPU.ActiveCfg = Release|Any CPU
		{B824FFB2-D057-490A-8967-892C0E20C0B6}.Release64|Any CPU.Build.0 = Release|Any CPU
		{B824FFB2-D057-490A-8967-892C0E20C0B6}.Release64|Any CPU.Deploy.0 = Release|Any CPU
		{B824FFB2-D057-490A-8967-892C0E20C0B6}.Release64|iPhone.ActiveCfg = Release|Any CPU
		{B824FFB2-D057-490A-8967-892C0E20C0B6}.Release64|iPhone.Build.0 = Release|Any CPU
		{B824FFB2-D057-490A-8967-892C0E20C0B6}.Release64|iPhone.Deploy.0 = Release|Any CPU
		{B824FFB2-D057-490A-8967-892C0E20C0B6}.Release64|iPhoneSimulator.ActiveCfg = Release|Any CPU
		{B824FFB2-D057-490A-8967-892C0E20C0B6}.Release64|iPhoneSimulator.Build.0 = Release|Any CPU
		{B824FFB2-D057-490A-8967-892C0E20C0B6}.Release64|iPhoneSimulator.Deploy.0 = Release|Any CPU
		{56DCAE82-671D-409E-A3B3-BF4834756D3F}.Ad-Hoc|Any CPU.ActiveCfg = Release|Any CPU
		{56DCAE82-671D-409E-A3B3-BF4834756D3F}.Ad-Hoc|Any CPU.Build.0 = Release|Any CPU
		{56DCAE82-671D-409E-A3B3-BF4834756D3F}.Ad-Hoc|iPhone.ActiveCfg = Release|Any CPU
		{56DCAE82-671D-409E-A3B3-BF4834756D3F}.Ad-Hoc|iPhone.Build.0 = Release|Any CPU
		{56DCAE82-671D-409E-A3B3-BF4834756D3F}.Ad-Hoc|iPhoneSimulator.ActiveCfg = Release|Any CPU
		{56DCAE82-671D-409E-A3B3-BF4834756D3F}.Ad-Hoc|iPhoneSimulator.Build.0 = Release|Any CPU
		{56DCAE82-671D-409E-A3B3-BF4834756D3F}.AppStore|Any CPU.ActiveCfg = Release|Any CPU
		{56DCAE82-671D-409E-A3B3-BF4834756D3F}.AppStore|Any CPU.Build.0 = Release|Any CPU
		{56DCAE82-671D-409E-A3B3-BF4834756D3F}.AppStore|iPhone.ActiveCfg = Release|Any CPU
		{56DCAE82-671D-409E-A3B3-BF4834756D3F}.AppStore|iPhone.Build.0 = Release|Any CPU
		{56DCAE82-671D-409E-A3B3-BF4834756D3F}.AppStore|iPhoneSimulator.ActiveCfg = Release|Any CPU
		{56DCAE82-671D-409E-A3B3-BF4834756D3F}.AppStore|iPhoneSimulator.Build.0 = Release|Any CPU
		{56DCAE82-671D-409E-A3B3-BF4834756D3F}.Debug|Any CPU.ActiveCfg = Debug|Any CPU
		{56DCAE82-671D-409E-A3B3-BF4834756D3F}.Debug|Any CPU.Build.0 = Debug|Any CPU
		{56DCAE82-671D-409E-A3B3-BF4834756D3F}.Debug|iPhone.ActiveCfg = Debug|Any CPU
		{56DCAE82-671D-409E-A3B3-BF4834756D3F}.Debug|iPhone.Build.0 = Debug|Any CPU
		{56DCAE82-671D-409E-A3B3-BF4834756D3F}.Debug|iPhoneSimulator.ActiveCfg = Debug|Any CPU
		{56DCAE82-671D-409E-A3B3-BF4834756D3F}.Debug|iPhoneSimulator.Build.0 = Debug|Any CPU
		{56DCAE82-671D-409E-A3B3-BF4834756D3F}.Release|Any CPU.ActiveCfg = Release|Any CPU
		{56DCAE82-671D-409E-A3B3-BF4834756D3F}.Release|Any CPU.Build.0 = Release|Any CPU
		{56DCAE82-671D-409E-A3B3-BF4834756D3F}.Release|iPhone.ActiveCfg = Release|Any CPU
		{56DCAE82-671D-409E-A3B3-BF4834756D3F}.Release|iPhone.Build.0 = Release|Any CPU
		{56DCAE82-671D-409E-A3B3-BF4834756D3F}.Release|iPhoneSimulator.ActiveCfg = Release|Any CPU
		{56DCAE82-671D-409E-A3B3-BF4834756D3F}.Release|iPhoneSimulator.Build.0 = Release|Any CPU
		{56DCAE82-671D-409E-A3B3-BF4834756D3F}.Release64|Any CPU.ActiveCfg = Release|Any CPU
		{56DCAE82-671D-409E-A3B3-BF4834756D3F}.Release64|Any CPU.Build.0 = Release|Any CPU
		{56DCAE82-671D-409E-A3B3-BF4834756D3F}.Release64|iPhone.ActiveCfg = Release|Any CPU
		{56DCAE82-671D-409E-A3B3-BF4834756D3F}.Release64|iPhone.Build.0 = Release|Any CPU
		{56DCAE82-671D-409E-A3B3-BF4834756D3F}.Release64|iPhoneSimulator.ActiveCfg = Release|Any CPU
		{56DCAE82-671D-409E-A3B3-BF4834756D3F}.Release64|iPhoneSimulator.Build.0 = Release|Any CPU
		{29ED0DFE-373C-4E98-BD4B-43F8E5FB16F6}.Ad-Hoc|Any CPU.ActiveCfg = Release|Any CPU
		{29ED0DFE-373C-4E98-BD4B-43F8E5FB16F6}.Ad-Hoc|Any CPU.Build.0 = Release|Any CPU
		{29ED0DFE-373C-4E98-BD4B-43F8E5FB16F6}.Ad-Hoc|iPhone.ActiveCfg = Release|Any CPU
		{29ED0DFE-373C-4E98-BD4B-43F8E5FB16F6}.Ad-Hoc|iPhone.Build.0 = Release|Any CPU
		{29ED0DFE-373C-4E98-BD4B-43F8E5FB16F6}.Ad-Hoc|iPhoneSimulator.ActiveCfg = Release|Any CPU
		{29ED0DFE-373C-4E98-BD4B-43F8E5FB16F6}.Ad-Hoc|iPhoneSimulator.Build.0 = Release|Any CPU
		{29ED0DFE-373C-4E98-BD4B-43F8E5FB16F6}.AppStore|Any CPU.ActiveCfg = Release|Any CPU
		{29ED0DFE-373C-4E98-BD4B-43F8E5FB16F6}.AppStore|Any CPU.Build.0 = Release|Any CPU
		{29ED0DFE-373C-4E98-BD4B-43F8E5FB16F6}.AppStore|iPhone.ActiveCfg = Release|Any CPU
		{29ED0DFE-373C-4E98-BD4B-43F8E5FB16F6}.AppStore|iPhone.Build.0 = Release|Any CPU
		{29ED0DFE-373C-4E98-BD4B-43F8E5FB16F6}.AppStore|iPhoneSimulator.ActiveCfg = Release|Any CPU
		{29ED0DFE-373C-4E98-BD4B-43F8E5FB16F6}.AppStore|iPhoneSimulator.Build.0 = Release|Any CPU
		{29ED0DFE-373C-4E98-BD4B-43F8E5FB16F6}.Debug|Any CPU.ActiveCfg = Debug|Any CPU
		{29ED0DFE-373C-4E98-BD4B-43F8E5FB16F6}.Debug|Any CPU.Build.0 = Debug|Any CPU
		{29ED0DFE-373C-4E98-BD4B-43F8E5FB16F6}.Debug|iPhone.ActiveCfg = Debug|Any CPU
		{29ED0DFE-373C-4E98-BD4B-43F8E5FB16F6}.Debug|iPhone.Build.0 = Debug|Any CPU
		{29ED0DFE-373C-4E98-BD4B-43F8E5FB16F6}.Debug|iPhoneSimulator.ActiveCfg = Debug|Any CPU
		{29ED0DFE-373C-4E98-BD4B-43F8E5FB16F6}.Debug|iPhoneSimulator.Build.0 = Debug|Any CPU
		{29ED0DFE-373C-4E98-BD4B-43F8E5FB16F6}.Release|Any CPU.ActiveCfg = Release|Any CPU
		{29ED0DFE-373C-4E98-BD4B-43F8E5FB16F6}.Release|Any CPU.Build.0 = Release|Any CPU
		{29ED0DFE-373C-4E98-BD4B-43F8E5FB16F6}.Release|iPhone.ActiveCfg = Release|Any CPU
		{29ED0DFE-373C-4E98-BD4B-43F8E5FB16F6}.Release|iPhone.Build.0 = Release|Any CPU
		{29ED0DFE-373C-4E98-BD4B-43F8E5FB16F6}.Release|iPhoneSimulator.ActiveCfg = Release|Any CPU
		{29ED0DFE-373C-4E98-BD4B-43F8E5FB16F6}.Release|iPhoneSimulator.Build.0 = Release|Any CPU
		{29ED0DFE-373C-4E98-BD4B-43F8E5FB16F6}.Release64|Any CPU.ActiveCfg = Release|Any CPU
		{29ED0DFE-373C-4E98-BD4B-43F8E5FB16F6}.Release64|Any CPU.Build.0 = Release|Any CPU
		{29ED0DFE-373C-4E98-BD4B-43F8E5FB16F6}.Release64|iPhone.ActiveCfg = Release|Any CPU
		{29ED0DFE-373C-4E98-BD4B-43F8E5FB16F6}.Release64|iPhone.Build.0 = Release|Any CPU
		{29ED0DFE-373C-4E98-BD4B-43F8E5FB16F6}.Release64|iPhoneSimulator.ActiveCfg = Release|Any CPU
		{29ED0DFE-373C-4E98-BD4B-43F8E5FB16F6}.Release64|iPhoneSimulator.Build.0 = Release|Any CPU
		{C48F2C17-3C32-4F27-A96C-60A9D86DF9CF}.Ad-Hoc|Any CPU.ActiveCfg = Release|Any CPU
		{C48F2C17-3C32-4F27-A96C-60A9D86DF9CF}.Ad-Hoc|Any CPU.Build.0 = Release|Any CPU
		{C48F2C17-3C32-4F27-A96C-60A9D86DF9CF}.Ad-Hoc|iPhone.ActiveCfg = Release|Any CPU
		{C48F2C17-3C32-4F27-A96C-60A9D86DF9CF}.Ad-Hoc|iPhone.Build.0 = Release|Any CPU
		{C48F2C17-3C32-4F27-A96C-60A9D86DF9CF}.Ad-Hoc|iPhoneSimulator.ActiveCfg = Release|Any CPU
		{C48F2C17-3C32-4F27-A96C-60A9D86DF9CF}.Ad-Hoc|iPhoneSimulator.Build.0 = Release|Any CPU
		{C48F2C17-3C32-4F27-A96C-60A9D86DF9CF}.AppStore|Any CPU.ActiveCfg = Release|Any CPU
		{C48F2C17-3C32-4F27-A96C-60A9D86DF9CF}.AppStore|Any CPU.Build.0 = Release|Any CPU
		{C48F2C17-3C32-4F27-A96C-60A9D86DF9CF}.AppStore|iPhone.ActiveCfg = Release|Any CPU
		{C48F2C17-3C32-4F27-A96C-60A9D86DF9CF}.AppStore|iPhone.Build.0 = Release|Any CPU
		{C48F2C17-3C32-4F27-A96C-60A9D86DF9CF}.AppStore|iPhoneSimulator.ActiveCfg = Release|Any CPU
		{C48F2C17-3C32-4F27-A96C-60A9D86DF9CF}.AppStore|iPhoneSimulator.Build.0 = Release|Any CPU
		{C48F2C17-3C32-4F27-A96C-60A9D86DF9CF}.Debug|Any CPU.ActiveCfg = Debug|Any CPU
		{C48F2C17-3C32-4F27-A96C-60A9D86DF9CF}.Debug|Any CPU.Build.0 = Debug|Any CPU
		{C48F2C17-3C32-4F27-A96C-60A9D86DF9CF}.Debug|iPhone.ActiveCfg = Debug|Any CPU
		{C48F2C17-3C32-4F27-A96C-60A9D86DF9CF}.Debug|iPhone.Build.0 = Debug|Any CPU
		{C48F2C17-3C32-4F27-A96C-60A9D86DF9CF}.Debug|iPhoneSimulator.ActiveCfg = Debug|Any CPU
		{C48F2C17-3C32-4F27-A96C-60A9D86DF9CF}.Debug|iPhoneSimulator.Build.0 = Debug|Any CPU
		{C48F2C17-3C32-4F27-A96C-60A9D86DF9CF}.Release|Any CPU.ActiveCfg = Release|Any CPU
		{C48F2C17-3C32-4F27-A96C-60A9D86DF9CF}.Release|Any CPU.Build.0 = Release|Any CPU
		{C48F2C17-3C32-4F27-A96C-60A9D86DF9CF}.Release|iPhone.ActiveCfg = Release|Any CPU
		{C48F2C17-3C32-4F27-A96C-60A9D86DF9CF}.Release|iPhone.Build.0 = Release|Any CPU
		{C48F2C17-3C32-4F27-A96C-60A9D86DF9CF}.Release|iPhoneSimulator.ActiveCfg = Release|Any CPU
		{C48F2C17-3C32-4F27-A96C-60A9D86DF9CF}.Release|iPhoneSimulator.Build.0 = Release|Any CPU
		{C48F2C17-3C32-4F27-A96C-60A9D86DF9CF}.Release64|Any CPU.ActiveCfg = Release|Any CPU
		{C48F2C17-3C32-4F27-A96C-60A9D86DF9CF}.Release64|Any CPU.Build.0 = Release|Any CPU
		{C48F2C17-3C32-4F27-A96C-60A9D86DF9CF}.Release64|iPhone.ActiveCfg = Release|Any CPU
		{C48F2C17-3C32-4F27-A96C-60A9D86DF9CF}.Release64|iPhone.Build.0 = Release|Any CPU
		{C48F2C17-3C32-4F27-A96C-60A9D86DF9CF}.Release64|iPhoneSimulator.ActiveCfg = Release|Any CPU
		{C48F2C17-3C32-4F27-A96C-60A9D86DF9CF}.Release64|iPhoneSimulator.Build.0 = Release|Any CPU
		{0DABB64B-3D8C-4447-A129-619390ED0E87}.Ad-Hoc|Any CPU.ActiveCfg = Release|Any CPU
		{0DABB64B-3D8C-4447-A129-619390ED0E87}.Ad-Hoc|Any CPU.Build.0 = Release|Any CPU
		{0DABB64B-3D8C-4447-A129-619390ED0E87}.Ad-Hoc|iPhone.ActiveCfg = Release|Any CPU
		{0DABB64B-3D8C-4447-A129-619390ED0E87}.Ad-Hoc|iPhone.Build.0 = Release|Any CPU
		{0DABB64B-3D8C-4447-A129-619390ED0E87}.Ad-Hoc|iPhoneSimulator.ActiveCfg = Release|Any CPU
		{0DABB64B-3D8C-4447-A129-619390ED0E87}.Ad-Hoc|iPhoneSimulator.Build.0 = Release|Any CPU
		{0DABB64B-3D8C-4447-A129-619390ED0E87}.AppStore|Any CPU.ActiveCfg = Release|Any CPU
		{0DABB64B-3D8C-4447-A129-619390ED0E87}.AppStore|Any CPU.Build.0 = Release|Any CPU
		{0DABB64B-3D8C-4447-A129-619390ED0E87}.AppStore|iPhone.ActiveCfg = Release|Any CPU
		{0DABB64B-3D8C-4447-A129-619390ED0E87}.AppStore|iPhone.Build.0 = Release|Any CPU
		{0DABB64B-3D8C-4447-A129-619390ED0E87}.AppStore|iPhoneSimulator.ActiveCfg = Release|Any CPU
		{0DABB64B-3D8C-4447-A129-619390ED0E87}.AppStore|iPhoneSimulator.Build.0 = Release|Any CPU
		{0DABB64B-3D8C-4447-A129-619390ED0E87}.Debug|Any CPU.ActiveCfg = Debug|Any CPU
		{0DABB64B-3D8C-4447-A129-619390ED0E87}.Debug|Any CPU.Build.0 = Debug|Any CPU
		{0DABB64B-3D8C-4447-A129-619390ED0E87}.Debug|iPhone.ActiveCfg = Debug|Any CPU
		{0DABB64B-3D8C-4447-A129-619390ED0E87}.Debug|iPhone.Build.0 = Debug|Any CPU
		{0DABB64B-3D8C-4447-A129-619390ED0E87}.Debug|iPhoneSimulator.ActiveCfg = Debug|Any CPU
		{0DABB64B-3D8C-4447-A129-619390ED0E87}.Debug|iPhoneSimulator.Build.0 = Debug|Any CPU
		{0DABB64B-3D8C-4447-A129-619390ED0E87}.Release|Any CPU.ActiveCfg = Release|Any CPU
		{0DABB64B-3D8C-4447-A129-619390ED0E87}.Release|Any CPU.Build.0 = Release|Any CPU
		{0DABB64B-3D8C-4447-A129-619390ED0E87}.Release|iPhone.ActiveCfg = Release|Any CPU
		{0DABB64B-3D8C-4447-A129-619390ED0E87}.Release|iPhone.Build.0 = Release|Any CPU
		{0DABB64B-3D8C-4447-A129-619390ED0E87}.Release|iPhoneSimulator.ActiveCfg = Release|Any CPU
		{0DABB64B-3D8C-4447-A129-619390ED0E87}.Release|iPhoneSimulator.Build.0 = Release|Any CPU
		{0DABB64B-3D8C-4447-A129-619390ED0E87}.Release64|Any CPU.ActiveCfg = Release|Any CPU
		{0DABB64B-3D8C-4447-A129-619390ED0E87}.Release64|Any CPU.Build.0 = Release|Any CPU
		{0DABB64B-3D8C-4447-A129-619390ED0E87}.Release64|iPhone.ActiveCfg = Release|Any CPU
		{0DABB64B-3D8C-4447-A129-619390ED0E87}.Release64|iPhone.Build.0 = Release|Any CPU
		{0DABB64B-3D8C-4447-A129-619390ED0E87}.Release64|iPhoneSimulator.ActiveCfg = Release|Any CPU
		{0DABB64B-3D8C-4447-A129-619390ED0E87}.Release64|iPhoneSimulator.Build.0 = Release|Any CPU
	EndGlobalSection
	GlobalSection(SolutionProperties) = preSolution
		HideSolutionNode = FALSE
	EndGlobalSection
	GlobalSection(NestedProjects) = preSolution
		{20471A76-56D4-43E6-8D56-7011EBADD238} = {60A4A16C-95DE-4145-80BD-639726009A5E}
		{5D404942-0730-4D7E-8DCB-97951E7174A3} = {60A4A16C-95DE-4145-80BD-639726009A5E}
		{25E0C57A-157E-47E9-B143-46BCB60ED69A} = {F186A1AB-01A5-436D-AB67-0B1E5058277E}
		{E4DD4215-1E53-420E-89CB-9FCA7B3882FF} = {F186A1AB-01A5-436D-AB67-0B1E5058277E}
		{BCA724D5-764C-44B8-B29F-EC8882F4837C} = {49FFF777-4F85-4DE4-851B-0FAAEF9F83F0}
		{C01825A3-F31A-414E-A71F-2560F40D301E} = {49FFF777-4F85-4DE4-851B-0FAAEF9F83F0}
		{B824FFB2-D057-490A-8967-892C0E20C0B6} = {4FA63D60-1A53-4847-8D44-6E39802F8038}
		{56DCAE82-671D-409E-A3B3-BF4834756D3F} = {4FA63D60-1A53-4847-8D44-6E39802F8038}
		{29ED0DFE-373C-4E98-BD4B-43F8E5FB16F6} = {4FA63D60-1A53-4847-8D44-6E39802F8038}
		{C48F2C17-3C32-4F27-A96C-60A9D86DF9CF} = {4FA63D60-1A53-4847-8D44-6E39802F8038}
		{0DABB64B-3D8C-4447-A129-619390ED0E87} = {4FA63D60-1A53-4847-8D44-6E39802F8038}
	EndGlobalSection
EndGlobal
