
Microsoft Visual Studio Solution File, Format Version 12.00
# Visual Studio 15
VisualStudioVersion = 15.0.26228.10
MinimumVisualStudioVersion = 10.0.40219.1
Project("{FAE04EC0-301F-11D3-BF4B-00C04F79EFBC}") = "PixelFarm.iOS.One", "..\PixelFarm.iOS.One\PixelFarm.iOS.One.csproj", "{20471A76-56D4-43E6-8D56-7011EBADD238}"
EndProject
Project("{FAE04EC0-301F-11D3-BF4B-00C04F79EFBC}") = "PixelFarm.Android.One", "..\PixelFarm.Android.One\PixelFarm.Android.One.csproj", "{5D404942-0730-4D7E-8DCB-97951E7174A3}"
EndProject
Project("{FAE04EC0-301F-11D3-BF4B-00C04F79EFBC}") = "Test_iOSApp1", "..\..\Tests\Test_iOSApp1\Test_iOSApp1.csproj", "{25E0C57A-157E-47E9-B143-46BCB60ED69A}"
EndProject
Project("{FAE04EC0-301F-11D3-BF4B-00C04F79EFBC}") = "Test_AndroidApp1", "..\..\Tests\Test_AndroidApp1\Test_AndroidApp1.csproj", "{E4DD4215-1E53-420E-89CB-9FCA7B3882FF}"
EndProject
Project("{2150E333-8FDC-42A3-9474-1A3956D46DE8}") = "0_PixelFarm.One", "0_PixelFarm.One", "{60A4A16C-95DE-4145-80BD-639726009A5E}"
EndProject
Project("{2150E333-8FDC-42A3-9474-1A3956D46DE8}") = "1_VeryBasicTest", "1_VeryBasicTest", "{F186A1AB-01A5-436D-AB67-0B1E5058277E}"
EndProject
Project("{2150E333-8FDC-42A3-9474-1A3956D46DE8}") = "2_Lion_Basic", "2_Lion_Basic", "{49FFF777-4F85-4DE4-851B-0FAAEF9F83F0}"
EndProject
Project("{FAE04EC0-301F-11D3-BF4B-00C04F79EFBC}") = "Test_IOS_BasicLion", "..\..\Tests\Test_iOS_BasicLion\Test_IOS_BasicLion.csproj", "{BCA724D5-764C-44B8-B29F-EC8882F4837C}"
EndProject
Project("{FAE04EC0-301F-11D3-BF4B-00C04F79EFBC}") = "Test_Android_BasicLion", "..\..\Tests\Test_Android_BasicLion\Test_Android_BasicLion.csproj", "{C01825A3-F31A-414E-A71F-2560F40D301E}"
EndProject
Project("{2150E333-8FDC-42A3-9474-1A3956D46DE8}") = "Glyph_Basic", "Glyph_Basic", "{4FA63D60-1A53-4847-8D44-6E39802F8038}"
EndProject
Project("{FAE04EC0-301F-11D3-BF4B-00C04F79EFBC}") = "GdiPlusSample.WinForms", "..\..\PixelFarm\Typography\Demo\Windows\GdiPlusSample.WinForms\GdiPlusSample.WinForms.csproj", "{0DABB64B-3D8C-4447-A129-619390ED0E87}"
EndProject
Project("{FAE04EC0-301F-11D3-BF4B-00C04F79EFBC}") = "GlyphTess.WinForms", "..\..\PixelFarm\Typography\Demo\Windows\GlyphTess.WinForms\GlyphTess.WinForms.csproj", "{56DCAE82-671D-409E-A3B3-BF4834756D3F}"
EndProject
Project("{FAE04EC0-301F-11D3-BF4B-00C04F79EFBC}") = "TextBoxSample.WinForms", "..\..\PixelFarm\Typography\Demo\Windows\TextBoxSample.WinForms\TextBoxSample.WinForms.csproj", "{7E00196D-3E47-412A-8F1D-41DF082502F0}"
EndProject
Project("{D954291E-2A0B-460D-934E-DC6B0785DB48}") = "DrawingGL.Common", "..\..\PixelFarm\Typography\Demo\Shared\DrawingGL.Common.shproj", "{2E1E828F-6D2C-4B0E-A2E2-DDF24798CACF}"
EndProject
Project("{FAE04EC0-301F-11D3-BF4B-00C04F79EFBC}") = "Xamarin.OpenGL", "..\..\PixelFarm\Typography\Demo\Android\Xamarin.OpenGL\Xamarin.OpenGL.csproj", "{B824FFB2-D057-490A-8967-892C0E20C0B6}"
EndProject
Project("{FAE04EC0-301F-11D3-BF4B-00C04F79EFBC}") = "Xamarin.IOS.GLES2", "..\..\PixelFarm\Typography\Demo\iOS\Xamarin.iOS.GLES2\Xamarin.IOS.GLES2.csproj", "{A09B4BF0-2C5E-42E9-B23C-AFD0B5A8697D}"
EndProject
Project("{2150E333-8FDC-42A3-9474-1A3956D46DE8}") = "Typography", "Typography", "{27B09935-2E97-404F-B54D-F37F3B483798}"
EndProject
Project("{2150E333-8FDC-42A3-9474-1A3956D46DE8}") = "NET20", "NET20", "{E6EE0D6B-EA6D-4708-A77A-73B566E7E42D}"
EndProject
Project("{2150E333-8FDC-42A3-9474-1A3956D46DE8}") = "IOS", "IOS", "{237EBC39-FFD0-4BDE-8BAA-0F3C5AD982DB}"
EndProject
Project("{2150E333-8FDC-42A3-9474-1A3956D46DE8}") = "Android", "Android", "{9595576E-8D8C-4164-82C9-3A64D7E2F1FA}"
EndProject
Project("{2150E333-8FDC-42A3-9474-1A3956D46DE8}") = "NETCORE", "NETCORE", "{9C511A81-C099-4F98-BA8E-EB8957CE5F60}"
EndProject
Project("{D954291E-2A0B-460D-934E-DC6B0785DB48}") = "Typography.OpenFont", "..\..\PixelFarm\Typography\Typography.OpenFont\Typography.OpenFont.shproj", "{235A071B-8D06-40AE-A5C5-B1CE59715EE9}"
EndProject
Project("{FAE04EC0-301F-11D3-BF4B-00C04F79EFBC}") = "Typography.OpenFont", "..\..\PixelFarm\Typography\Build\N20\Typography.OpenFont\Typography.OpenFont.csproj", "{F7D71E61-9342-4DD7-9AFD-69045F2EC98B}"
EndProject
Project("{FAE04EC0-301F-11D3-BF4B-00C04F79EFBC}") = "Typography.OpenFont", "..\..\PixelFarm\Typography\Build\NetCore\Typography.OpenFont\Typography.OpenFont\Typography.OpenFont.csproj", "{CD693FED-A21F-4752-9786-49E3C6C57A3C}"
EndProject
Project("{FAE04EC0-301F-11D3-BF4B-00C04F79EFBC}") = "Typography.OpenFont", "..\..\PixelFarm\Typography\Build\Android\Typography.OpenFont\Typography.OpenFont\Typography.OpenFont.csproj", "{9E204A4B-F9B8-4F7F-A792-184260B3494D}"
EndProject
Project("{D954291E-2A0B-460D-934E-DC6B0785DB48}") = "Typography.GlyphLayout", "..\..\PixelFarm\Typography\Typography.GlyphLayout\Typography.GlyphLayout.shproj", "{D8861CF8-C506-472B-8A57-632BD6CA6496}"
EndProject
Project("{FAE04EC0-301F-11D3-BF4B-00C04F79EFBC}") = "Typography.GlyphLayout", "..\..\PixelFarm\Typography\Build\N20\Typography.GlyphLayout\Typography.GlyphLayout.csproj", "{C6807D05-09BE-4313-9F8B-BD2D51C55819}"
EndProject
Project("{FAE04EC0-301F-11D3-BF4B-00C04F79EFBC}") = "Typography.GlyphLayout", "..\..\PixelFarm\Typography\Build\NetCore\Typography.GlyphLayout\Typography.GlyphLayout.csproj", "{9064CA47-B06D-4BDB-BC4F-1F2B0B8589DA}"
EndProject
Project("{FAE04EC0-301F-11D3-BF4B-00C04F79EFBC}") = "Typography.GlyphLayout", "..\..\PixelFarm\Typography\Build\Android\Typography.GlyphLayout\Typography.GlyphLayout.csproj", "{6ABD1C6E-866D-42A8-99D0-7780B4AD08D3}"
EndProject
Project("{FAE04EC0-301F-11D3-BF4B-00C04F79EFBC}") = "Typography.OpenFont", "..\..\PixelFarm\Typography\Build\IOS\Typography.OpenFont\Typography.OpenFont.csproj", "{A96ADB72-B7FD-4F8F-ACF0-DF1274DDDA6B}"
EndProject
Project("{FAE04EC0-301F-11D3-BF4B-00C04F79EFBC}") = "Typography.GlyphLayout", "..\..\PixelFarm\Typography\Build\IOS\Typography.GlyphLayout\Typography.GlyphLayout.csproj", "{7B742F80-62CE-401B-96C6-CFCC30002F19}"
EndProject
Global
	GlobalSection(SharedMSBuildProjectFiles) = preSolution
		..\..\PixelFarm\Typography\Typography.OpenFont\Typography.OpenFont.projitems*{235a071b-8d06-40ae-a5c5-b1ce59715ee9}*SharedItemsImports = 13
		..\..\PixelFarm\Typography\Demo\Shared\DrawingGL.Common.projitems*{2e1e828f-6d2c-4b0e-a2e2-ddf24798cacf}*SharedItemsImports = 13
		..\..\PixelFarm\Typography\Typography.GlyphLayout\Typography.GlyphLayout.projitems*{6abd1c6e-866d-42a8-99d0-7780b4ad08d3}*SharedItemsImports = 4
		..\..\PixelFarm\Typography\Typography.GlyphLayout\Typography.GlyphLayout.projitems*{7b742f80-62ce-401b-96c6-cfcc30002f19}*SharedItemsImports = 4
		..\..\PixelFarm\Typography\Typography.OpenFont\Typography.OpenFont.projitems*{9e204a4b-f9b8-4f7f-a792-184260b3494d}*SharedItemsImports = 4
		..\..\PixelFarm\Typography\Demo\Shared\DrawingGL.Common.projitems*{a09b4bf0-2c5e-42e9-b23c-afd0b5a8697d}*SharedItemsImports = 4
		..\..\PixelFarm\Typography\Typography.OpenFont\Typography.OpenFont.projitems*{a96adb72-b7fd-4f8f-acf0-df1274ddda6b}*SharedItemsImports = 4
		..\..\PixelFarm\Typography\Demo\Shared\DrawingGL.Common.projitems*{b824ffb2-d057-490a-8967-892c0e20c0b6}*SharedItemsImports = 4
		..\..\PixelFarm\Typography\Typography.GlyphLayout\Typography.GlyphLayout.projitems*{d8861cf8-c506-472b-8a57-632bd6ca6496}*SharedItemsImports = 13
	EndGlobalSection
	GlobalSection(SolutionConfigurationPlatforms) = preSolution
		Ad-Hoc|Any CPU = Ad-Hoc|Any CPU
		Ad-Hoc|iPhone = Ad-Hoc|iPhone
		Ad-Hoc|iPhoneSimulator = Ad-Hoc|iPhoneSimulator
		AppStore|Any CPU = AppStore|Any CPU
		AppStore|iPhone = AppStore|iPhone
		AppStore|iPhoneSimulator = AppStore|iPhoneSimulator
		Debug|Any CPU = Debug|Any CPU
		Debug|iPhone = Debug|iPhone
		Debug|iPhoneSimulator = Debug|iPhoneSimulator
		Release|Any CPU = Release|Any CPU
		Release|iPhone = Release|iPhone
		Release|iPhoneSimulator = Release|iPhoneSimulator
		Release64|Any CPU = Release64|Any CPU
		Release64|iPhone = Release64|iPhone
		Release64|iPhoneSimulator = Release64|iPhoneSimulator
	EndGlobalSection
	GlobalSection(ProjectConfigurationPlatforms) = postSolution
		{20471A76-56D4-43E6-8D56-7011EBADD238}.Ad-Hoc|Any CPU.ActiveCfg = Release|Any CPU
		{20471A76-56D4-43E6-8D56-7011EBADD238}.Ad-Hoc|Any CPU.Build.0 = Release|Any CPU
		{20471A76-56D4-43E6-8D56-7011EBADD238}.Ad-Hoc|iPhone.ActiveCfg = Release|Any CPU
		{20471A76-56D4-43E6-8D56-7011EBADD238}.Ad-Hoc|iPhone.Build.0 = Release|Any CPU
		{20471A76-56D4-43E6-8D56-7011EBADD238}.Ad-Hoc|iPhoneSimulator.ActiveCfg = Release|Any CPU
		{20471A76-56D4-43E6-8D56-7011EBADD238}.Ad-Hoc|iPhoneSimulator.Build.0 = Release|Any CPU
		{20471A76-56D4-43E6-8D56-7011EBADD238}.AppStore|Any CPU.ActiveCfg = Release|Any CPU
		{20471A76-56D4-43E6-8D56-7011EBADD238}.AppStore|Any CPU.Build.0 = Release|Any CPU
		{20471A76-56D4-43E6-8D56-7011EBADD238}.AppStore|iPhone.ActiveCfg = Release|Any CPU
		{20471A76-56D4-43E6-8D56-7011EBADD238}.AppStore|iPhone.Build.0 = Release|Any CPU
		{20471A76-56D4-43E6-8D56-7011EBADD238}.AppStore|iPhoneSimulator.ActiveCfg = Release|Any CPU
		{20471A76-56D4-43E6-8D56-7011EBADD238}.AppStore|iPhoneSimulator.Build.0 = Release|Any CPU
		{20471A76-56D4-43E6-8D56-7011EBADD238}.Debug|Any CPU.ActiveCfg = Debug|Any CPU
		{20471A76-56D4-43E6-8D56-7011EBADD238}.Debug|Any CPU.Build.0 = Debug|Any CPU
		{20471A76-56D4-43E6-8D56-7011EBADD238}.Debug|iPhone.ActiveCfg = Debug|Any CPU
		{20471A76-56D4-43E6-8D56-7011EBADD238}.Debug|iPhone.Build.0 = Debug|Any CPU
		{20471A76-56D4-43E6-8D56-7011EBADD238}.Debug|iPhoneSimulator.ActiveCfg = Debug|Any CPU
		{20471A76-56D4-43E6-8D56-7011EBADD238}.Debug|iPhoneSimulator.Build.0 = Debug|Any CPU
		{20471A76-56D4-43E6-8D56-7011EBADD238}.Release|Any CPU.ActiveCfg = Release|Any CPU
		{20471A76-56D4-43E6-8D56-7011EBADD238}.Release|Any CPU.Build.0 = Release|Any CPU
		{20471A76-56D4-43E6-8D56-7011EBADD238}.Release|iPhone.ActiveCfg = Release|Any CPU
		{20471A76-56D4-43E6-8D56-7011EBADD238}.Release|iPhone.Build.0 = Release|Any CPU
		{20471A76-56D4-43E6-8D56-7011EBADD238}.Release|iPhoneSimulator.ActiveCfg = Release|Any CPU
		{20471A76-56D4-43E6-8D56-7011EBADD238}.Release|iPhoneSimulator.Build.0 = Release|Any CPU
		{20471A76-56D4-43E6-8D56-7011EBADD238}.Release64|Any CPU.ActiveCfg = Release|Any CPU
		{20471A76-56D4-43E6-8D56-7011EBADD238}.Release64|Any CPU.Build.0 = Release|Any CPU
		{20471A76-56D4-43E6-8D56-7011EBADD238}.Release64|iPhone.ActiveCfg = Release|Any CPU
		{20471A76-56D4-43E6-8D56-7011EBADD238}.Release64|iPhone.Build.0 = Release|Any CPU
		{20471A76-56D4-43E6-8D56-7011EBADD238}.Release64|iPhoneSimulator.ActiveCfg = Release|Any CPU
		{20471A76-56D4-43E6-8D56-7011EBADD238}.Release64|iPhoneSimulator.Build.0 = Release|Any CPU
		{5D404942-0730-4D7E-8DCB-97951E7174A3}.Ad-Hoc|Any CPU.ActiveCfg = Release|Any CPU
		{5D404942-0730-4D7E-8DCB-97951E7174A3}.Ad-Hoc|Any CPU.Build.0 = Release|Any CPU
		{5D404942-0730-4D7E-8DCB-97951E7174A3}.Ad-Hoc|iPhone.ActiveCfg = Release|Any CPU
		{5D404942-0730-4D7E-8DCB-97951E7174A3}.Ad-Hoc|iPhone.Build.0 = Release|Any CPU
		{5D404942-0730-4D7E-8DCB-97951E7174A3}.Ad-Hoc|iPhoneSimulator.ActiveCfg = Release|Any CPU
		{5D404942-0730-4D7E-8DCB-97951E7174A3}.Ad-Hoc|iPhoneSimulator.Build.0 = Release|Any CPU
		{5D404942-0730-4D7E-8DCB-97951E7174A3}.AppStore|Any CPU.ActiveCfg = Release|Any CPU
		{5D404942-0730-4D7E-8DCB-97951E7174A3}.AppStore|Any CPU.Build.0 = Release|Any CPU
		{5D404942-0730-4D7E-8DCB-97951E7174A3}.AppStore|iPhone.ActiveCfg = Release|Any CPU
		{5D404942-0730-4D7E-8DCB-97951E7174A3}.AppStore|iPhone.Build.0 = Release|Any CPU
		{5D404942-0730-4D7E-8DCB-97951E7174A3}.AppStore|iPhoneSimulator.ActiveCfg = Release|Any CPU
		{5D404942-0730-4D7E-8DCB-97951E7174A3}.AppStore|iPhoneSimulator.Build.0 = Release|Any CPU
		{5D404942-0730-4D7E-8DCB-97951E7174A3}.Debug|Any CPU.ActiveCfg = Debug|Any CPU
		{5D404942-0730-4D7E-8DCB-97951E7174A3}.Debug|Any CPU.Build.0 = Debug|Any CPU
		{5D404942-0730-4D7E-8DCB-97951E7174A3}.Debug|iPhone.ActiveCfg = Debug|Any CPU
		{5D404942-0730-4D7E-8DCB-97951E7174A3}.Debug|iPhone.Build.0 = Debug|Any CPU
		{5D404942-0730-4D7E-8DCB-97951E7174A3}.Debug|iPhoneSimulator.ActiveCfg = Debug|Any CPU
		{5D404942-0730-4D7E-8DCB-97951E7174A3}.Debug|iPhoneSimulator.Build.0 = Debug|Any CPU
		{5D404942-0730-4D7E-8DCB-97951E7174A3}.Release|Any CPU.ActiveCfg = Release|Any CPU
		{5D404942-0730-4D7E-8DCB-97951E7174A3}.Release|Any CPU.Build.0 = Release|Any CPU
		{5D404942-0730-4D7E-8DCB-97951E7174A3}.Release|iPhone.ActiveCfg = Release|Any CPU
		{5D404942-0730-4D7E-8DCB-97951E7174A3}.Release|iPhone.Build.0 = Release|Any CPU
		{5D404942-0730-4D7E-8DCB-97951E7174A3}.Release|iPhoneSimulator.ActiveCfg = Release|Any CPU
		{5D404942-0730-4D7E-8DCB-97951E7174A3}.Release|iPhoneSimulator.Build.0 = Release|Any CPU
		{5D404942-0730-4D7E-8DCB-97951E7174A3}.Release64|Any CPU.ActiveCfg = Release|Any CPU
		{5D404942-0730-4D7E-8DCB-97951E7174A3}.Release64|Any CPU.Build.0 = Release|Any CPU
		{5D404942-0730-4D7E-8DCB-97951E7174A3}.Release64|iPhone.ActiveCfg = Release|Any CPU
		{5D404942-0730-4D7E-8DCB-97951E7174A3}.Release64|iPhone.Build.0 = Release|Any CPU
		{5D404942-0730-4D7E-8DCB-97951E7174A3}.Release64|iPhoneSimulator.ActiveCfg = Release|Any CPU
		{5D404942-0730-4D7E-8DCB-97951E7174A3}.Release64|iPhoneSimulator.Build.0 = Release|Any CPU
		{25E0C57A-157E-47E9-B143-46BCB60ED69A}.Ad-Hoc|Any CPU.ActiveCfg = Ad-Hoc|iPhone
		{25E0C57A-157E-47E9-B143-46BCB60ED69A}.Ad-Hoc|iPhone.ActiveCfg = Ad-Hoc|iPhone
		{25E0C57A-157E-47E9-B143-46BCB60ED69A}.Ad-Hoc|iPhone.Build.0 = Ad-Hoc|iPhone
		{25E0C57A-157E-47E9-B143-46BCB60ED69A}.Ad-Hoc|iPhoneSimulator.ActiveCfg = Ad-Hoc|iPhoneSimulator
		{25E0C57A-157E-47E9-B143-46BCB60ED69A}.Ad-Hoc|iPhoneSimulator.Build.0 = Ad-Hoc|iPhoneSimulator
		{25E0C57A-157E-47E9-B143-46BCB60ED69A}.AppStore|Any CPU.ActiveCfg = AppStore|iPhone
		{25E0C57A-157E-47E9-B143-46BCB60ED69A}.AppStore|iPhone.ActiveCfg = AppStore|iPhone
		{25E0C57A-157E-47E9-B143-46BCB60ED69A}.AppStore|iPhone.Build.0 = AppStore|iPhone
		{25E0C57A-157E-47E9-B143-46BCB60ED69A}.AppStore|iPhoneSimulator.ActiveCfg = AppStore|iPhoneSimulator
		{25E0C57A-157E-47E9-B143-46BCB60ED69A}.AppStore|iPhoneSimulator.Build.0 = AppStore|iPhoneSimulator
		{25E0C57A-157E-47E9-B143-46BCB60ED69A}.Debug|Any CPU.ActiveCfg = Debug|iPhone
		{25E0C57A-157E-47E9-B143-46BCB60ED69A}.Debug|iPhone.ActiveCfg = Debug|iPhone
		{25E0C57A-157E-47E9-B143-46BCB60ED69A}.Debug|iPhone.Build.0 = Debug|iPhone
		{25E0C57A-157E-47E9-B143-46BCB60ED69A}.Debug|iPhoneSimulator.ActiveCfg = Debug|iPhoneSimulator
		{25E0C57A-157E-47E9-B143-46BCB60ED69A}.Debug|iPhoneSimulator.Build.0 = Debug|iPhoneSimulator
		{25E0C57A-157E-47E9-B143-46BCB60ED69A}.Release|Any CPU.ActiveCfg = Release|iPhone
		{25E0C57A-157E-47E9-B143-46BCB60ED69A}.Release|iPhone.ActiveCfg = Release|iPhone
		{25E0C57A-157E-47E9-B143-46BCB60ED69A}.Release|iPhone.Build.0 = Release|iPhone
		{25E0C57A-157E-47E9-B143-46BCB60ED69A}.Release|iPhoneSimulator.ActiveCfg = Release|iPhoneSimulator
		{25E0C57A-157E-47E9-B143-46BCB60ED69A}.Release|iPhoneSimulator.Build.0 = Release|iPhoneSimulator
		{25E0C57A-157E-47E9-B143-46BCB60ED69A}.Release64|Any CPU.ActiveCfg = Release|iPhoneSimulator
		{25E0C57A-157E-47E9-B143-46BCB60ED69A}.Release64|Any CPU.Build.0 = Release|iPhoneSimulator
		{25E0C57A-157E-47E9-B143-46BCB60ED69A}.Release64|iPhone.ActiveCfg = Release|iPhone
		{25E0C57A-157E-47E9-B143-46BCB60ED69A}.Release64|iPhone.Build.0 = Release|iPhone
		{25E0C57A-157E-47E9-B143-46BCB60ED69A}.Release64|iPhoneSimulator.ActiveCfg = Release|iPhoneSimulator
		{25E0C57A-157E-47E9-B143-46BCB60ED69A}.Release64|iPhoneSimulator.Build.0 = Release|iPhoneSimulator
		{E4DD4215-1E53-420E-89CB-9FCA7B3882FF}.Ad-Hoc|Any CPU.ActiveCfg = Release|Any CPU
		{E4DD4215-1E53-420E-89CB-9FCA7B3882FF}.Ad-Hoc|Any CPU.Build.0 = Release|Any CPU
		{E4DD4215-1E53-420E-89CB-9FCA7B3882FF}.Ad-Hoc|Any CPU.Deploy.0 = Release|Any CPU
		{E4DD4215-1E53-420E-89CB-9FCA7B3882FF}.Ad-Hoc|iPhone.ActiveCfg = Release|Any CPU
		{E4DD4215-1E53-420E-89CB-9FCA7B3882FF}.Ad-Hoc|iPhone.Build.0 = Release|Any CPU
		{E4DD4215-1E53-420E-89CB-9FCA7B3882FF}.Ad-Hoc|iPhone.Deploy.0 = Release|Any CPU
		{E4DD4215-1E53-420E-89CB-9FCA7B3882FF}.Ad-Hoc|iPhoneSimulator.ActiveCfg = Release|Any CPU
		{E4DD4215-1E53-420E-89CB-9FCA7B3882FF}.Ad-Hoc|iPhoneSimulator.Build.0 = Release|Any CPU
		{E4DD4215-1E53-420E-89CB-9FCA7B3882FF}.Ad-Hoc|iPhoneSimulator.Deploy.0 = Release|Any CPU
		{E4DD4215-1E53-420E-89CB-9FCA7B3882FF}.AppStore|Any CPU.ActiveCfg = Release|Any CPU
		{E4DD4215-1E53-420E-89CB-9FCA7B3882FF}.AppStore|Any CPU.Build.0 = Release|Any CPU
		{E4DD4215-1E53-420E-89CB-9FCA7B3882FF}.AppStore|Any CPU.Deploy.0 = Release|Any CPU
		{E4DD4215-1E53-420E-89CB-9FCA7B3882FF}.AppStore|iPhone.ActiveCfg = Release|Any CPU
		{E4DD4215-1E53-420E-89CB-9FCA7B3882FF}.AppStore|iPhone.Build.0 = Release|Any CPU
		{E4DD4215-1E53-420E-89CB-9FCA7B3882FF}.AppStore|iPhone.Deploy.0 = Release|Any CPU
		{E4DD4215-1E53-420E-89CB-9FCA7B3882FF}.AppStore|iPhoneSimulator.ActiveCfg = Release|Any CPU
		{E4DD4215-1E53-420E-89CB-9FCA7B3882FF}.AppStore|iPhoneSimulator.Build.0 = Release|Any CPU
		{E4DD4215-1E53-420E-89CB-9FCA7B3882FF}.AppStore|iPhoneSimulator.Deploy.0 = Release|Any CPU
		{E4DD4215-1E53-420E-89CB-9FCA7B3882FF}.Debug|Any CPU.ActiveCfg = Debug|Any CPU
		{E4DD4215-1E53-420E-89CB-9FCA7B3882FF}.Debug|Any CPU.Build.0 = Debug|Any CPU
		{E4DD4215-1E53-420E-89CB-9FCA7B3882FF}.Debug|Any CPU.Deploy.0 = Debug|Any CPU
		{E4DD4215-1E53-420E-89CB-9FCA7B3882FF}.Debug|iPhone.ActiveCfg = Debug|Any CPU
		{E4DD4215-1E53-420E-89CB-9FCA7B3882FF}.Debug|iPhone.Build.0 = Debug|Any CPU
		{E4DD4215-1E53-420E-89CB-9FCA7B3882FF}.Debug|iPhone.Deploy.0 = Debug|Any CPU
		{E4DD4215-1E53-420E-89CB-9FCA7B3882FF}.Debug|iPhoneSimulator.ActiveCfg = Debug|Any CPU
		{E4DD4215-1E53-420E-89CB-9FCA7B3882FF}.Debug|iPhoneSimulator.Build.0 = Debug|Any CPU
		{E4DD4215-1E53-420E-89CB-9FCA7B3882FF}.Debug|iPhoneSimulator.Deploy.0 = Debug|Any CPU
		{E4DD4215-1E53-420E-89CB-9FCA7B3882FF}.Release|Any CPU.ActiveCfg = Release|Any CPU
		{E4DD4215-1E53-420E-89CB-9FCA7B3882FF}.Release|Any CPU.Build.0 = Release|Any CPU
		{E4DD4215-1E53-420E-89CB-9FCA7B3882FF}.Release|Any CPU.Deploy.0 = Release|Any CPU
		{E4DD4215-1E53-420E-89CB-9FCA7B3882FF}.Release|iPhone.ActiveCfg = Release|Any CPU
		{E4DD4215-1E53-420E-89CB-9FCA7B3882FF}.Release|iPhone.Build.0 = Release|Any CPU
		{E4DD4215-1E53-420E-89CB-9FCA7B3882FF}.Release|iPhone.Deploy.0 = Release|Any CPU
		{E4DD4215-1E53-420E-89CB-9FCA7B3882FF}.Release|iPhoneSimulator.ActiveCfg = Release|Any CPU
		{E4DD4215-1E53-420E-89CB-9FCA7B3882FF}.Release|iPhoneSimulator.Build.0 = Release|Any CPU
		{E4DD4215-1E53-420E-89CB-9FCA7B3882FF}.Release|iPhoneSimulator.Deploy.0 = Release|Any CPU
		{E4DD4215-1E53-420E-89CB-9FCA7B3882FF}.Release64|Any CPU.ActiveCfg = Release|Any CPU
		{E4DD4215-1E53-420E-89CB-9FCA7B3882FF}.Release64|Any CPU.Build.0 = Release|Any CPU
		{E4DD4215-1E53-420E-89CB-9FCA7B3882FF}.Release64|Any CPU.Deploy.0 = Release|Any CPU
		{E4DD4215-1E53-420E-89CB-9FCA7B3882FF}.Release64|iPhone.ActiveCfg = Release|Any CPU
		{E4DD4215-1E53-420E-89CB-9FCA7B3882FF}.Release64|iPhone.Build.0 = Release|Any CPU
		{E4DD4215-1E53-420E-89CB-9FCA7B3882FF}.Release64|iPhone.Deploy.0 = Release|Any CPU
		{E4DD4215-1E53-420E-89CB-9FCA7B3882FF}.Release64|iPhoneSimulator.ActiveCfg = Release|Any CPU
		{E4DD4215-1E53-420E-89CB-9FCA7B3882FF}.Release64|iPhoneSimulator.Build.0 = Release|Any CPU
		{E4DD4215-1E53-420E-89CB-9FCA7B3882FF}.Release64|iPhoneSimulator.Deploy.0 = Release|Any CPU
		{BCA724D5-764C-44B8-B29F-EC8882F4837C}.Ad-Hoc|Any CPU.ActiveCfg = Ad-Hoc|iPhone
		{BCA724D5-764C-44B8-B29F-EC8882F4837C}.Ad-Hoc|iPhone.ActiveCfg = Ad-Hoc|iPhone
		{BCA724D5-764C-44B8-B29F-EC8882F4837C}.Ad-Hoc|iPhone.Build.0 = Ad-Hoc|iPhone
		{BCA724D5-764C-44B8-B29F-EC8882F4837C}.Ad-Hoc|iPhoneSimulator.ActiveCfg = Ad-Hoc|iPhoneSimulator
		{BCA724D5-764C-44B8-B29F-EC8882F4837C}.Ad-Hoc|iPhoneSimulator.Build.0 = Ad-Hoc|iPhoneSimulator
		{BCA724D5-764C-44B8-B29F-EC8882F4837C}.AppStore|Any CPU.ActiveCfg = AppStore|iPhone
		{BCA724D5-764C-44B8-B29F-EC8882F4837C}.AppStore|iPhone.ActiveCfg = AppStore|iPhone
		{BCA724D5-764C-44B8-B29F-EC8882F4837C}.AppStore|iPhone.Build.0 = AppStore|iPhone
		{BCA724D5-764C-44B8-B29F-EC8882F4837C}.AppStore|iPhoneSimulator.ActiveCfg = AppStore|iPhoneSimulator
		{BCA724D5-764C-44B8-B29F-EC8882F4837C}.AppStore|iPhoneSimulator.Build.0 = AppStore|iPhoneSimulator
		{BCA724D5-764C-44B8-B29F-EC8882F4837C}.Debug|Any CPU.ActiveCfg = Debug|iPhone
		{BCA724D5-764C-44B8-B29F-EC8882F4837C}.Debug|iPhone.ActiveCfg = Debug|iPhone
		{BCA724D5-764C-44B8-B29F-EC8882F4837C}.Debug|iPhone.Build.0 = Debug|iPhone
		{BCA724D5-764C-44B8-B29F-EC8882F4837C}.Debug|iPhoneSimulator.ActiveCfg = Debug|iPhoneSimulator
		{BCA724D5-764C-44B8-B29F-EC8882F4837C}.Debug|iPhoneSimulator.Build.0 = Debug|iPhoneSimulator
		{BCA724D5-764C-44B8-B29F-EC8882F4837C}.Release|Any CPU.ActiveCfg = Release|iPhone
		{BCA724D5-764C-44B8-B29F-EC8882F4837C}.Release|iPhone.ActiveCfg = Release|iPhone
		{BCA724D5-764C-44B8-B29F-EC8882F4837C}.Release|iPhone.Build.0 = Release|iPhone
		{BCA724D5-764C-44B8-B29F-EC8882F4837C}.Release|iPhoneSimulator.ActiveCfg = Release|iPhoneSimulator
		{BCA724D5-764C-44B8-B29F-EC8882F4837C}.Release|iPhoneSimulator.Build.0 = Release|iPhoneSimulator
		{BCA724D5-764C-44B8-B29F-EC8882F4837C}.Release64|Any CPU.ActiveCfg = Release|iPhoneSimulator
		{BCA724D5-764C-44B8-B29F-EC8882F4837C}.Release64|Any CPU.Build.0 = Release|iPhoneSimulator
		{BCA724D5-764C-44B8-B29F-EC8882F4837C}.Release64|iPhone.ActiveCfg = Release|iPhone
		{BCA724D5-764C-44B8-B29F-EC8882F4837C}.Release64|iPhone.Build.0 = Release|iPhone
		{BCA724D5-764C-44B8-B29F-EC8882F4837C}.Release64|iPhoneSimulator.ActiveCfg = Release|iPhoneSimulator
		{BCA724D5-764C-44B8-B29F-EC8882F4837C}.Release64|iPhoneSimulator.Build.0 = Release|iPhoneSimulator
		{C01825A3-F31A-414E-A71F-2560F40D301E}.Ad-Hoc|Any CPU.ActiveCfg = Release|Any CPU
		{C01825A3-F31A-414E-A71F-2560F40D301E}.Ad-Hoc|Any CPU.Build.0 = Release|Any CPU
		{C01825A3-F31A-414E-A71F-2560F40D301E}.Ad-Hoc|Any CPU.Deploy.0 = Release|Any CPU
		{C01825A3-F31A-414E-A71F-2560F40D301E}.Ad-Hoc|iPhone.ActiveCfg = Release|Any CPU
		{C01825A3-F31A-414E-A71F-2560F40D301E}.Ad-Hoc|iPhone.Build.0 = Release|Any CPU
		{C01825A3-F31A-414E-A71F-2560F40D301E}.Ad-Hoc|iPhone.Deploy.0 = Release|Any CPU
		{C01825A3-F31A-414E-A71F-2560F40D301E}.Ad-Hoc|iPhoneSimulator.ActiveCfg = Release|Any CPU
		{C01825A3-F31A-414E-A71F-2560F40D301E}.Ad-Hoc|iPhoneSimulator.Build.0 = Release|Any CPU
		{C01825A3-F31A-414E-A71F-2560F40D301E}.Ad-Hoc|iPhoneSimulator.Deploy.0 = Release|Any CPU
		{C01825A3-F31A-414E-A71F-2560F40D301E}.AppStore|Any CPU.ActiveCfg = Release|Any CPU
		{C01825A3-F31A-414E-A71F-2560F40D301E}.AppStore|Any CPU.Build.0 = Release|Any CPU
		{C01825A3-F31A-414E-A71F-2560F40D301E}.AppStore|Any CPU.Deploy.0 = Release|Any CPU
		{C01825A3-F31A-414E-A71F-2560F40D301E}.AppStore|iPhone.ActiveCfg = Release|Any CPU
		{C01825A3-F31A-414E-A71F-2560F40D301E}.AppStore|iPhone.Build.0 = Release|Any CPU
		{C01825A3-F31A-414E-A71F-2560F40D301E}.AppStore|iPhone.Deploy.0 = Release|Any CPU
		{C01825A3-F31A-414E-A71F-2560F40D301E}.AppStore|iPhoneSimulator.ActiveCfg = Release|Any CPU
		{C01825A3-F31A-414E-A71F-2560F40D301E}.AppStore|iPhoneSimulator.Build.0 = Release|Any CPU
		{C01825A3-F31A-414E-A71F-2560F40D301E}.AppStore|iPhoneSimulator.Deploy.0 = Release|Any CPU
		{C01825A3-F31A-414E-A71F-2560F40D301E}.Debug|Any CPU.ActiveCfg = Debug|Any CPU
		{C01825A3-F31A-414E-A71F-2560F40D301E}.Debug|Any CPU.Build.0 = Debug|Any CPU
		{C01825A3-F31A-414E-A71F-2560F40D301E}.Debug|Any CPU.Deploy.0 = Debug|Any CPU
		{C01825A3-F31A-414E-A71F-2560F40D301E}.Debug|iPhone.ActiveCfg = Debug|Any CPU
		{C01825A3-F31A-414E-A71F-2560F40D301E}.Debug|iPhone.Build.0 = Debug|Any CPU
		{C01825A3-F31A-414E-A71F-2560F40D301E}.Debug|iPhone.Deploy.0 = Debug|Any CPU
		{C01825A3-F31A-414E-A71F-2560F40D301E}.Debug|iPhoneSimulator.ActiveCfg = Debug|Any CPU
		{C01825A3-F31A-414E-A71F-2560F40D301E}.Debug|iPhoneSimulator.Build.0 = Debug|Any CPU
		{C01825A3-F31A-414E-A71F-2560F40D301E}.Debug|iPhoneSimulator.Deploy.0 = Debug|Any CPU
		{C01825A3-F31A-414E-A71F-2560F40D301E}.Release|Any CPU.ActiveCfg = Release|Any CPU
		{C01825A3-F31A-414E-A71F-2560F40D301E}.Release|Any CPU.Build.0 = Release|Any CPU
		{C01825A3-F31A-414E-A71F-2560F40D301E}.Release|Any CPU.Deploy.0 = Release|Any CPU
		{C01825A3-F31A-414E-A71F-2560F40D301E}.Release|iPhone.ActiveCfg = Release|Any CPU
		{C01825A3-F31A-414E-A71F-2560F40D301E}.Release|iPhone.Build.0 = Release|Any CPU
		{C01825A3-F31A-414E-A71F-2560F40D301E}.Release|iPhone.Deploy.0 = Release|Any CPU
		{C01825A3-F31A-414E-A71F-2560F40D301E}.Release|iPhoneSimulator.ActiveCfg = Release|Any CPU
		{C01825A3-F31A-414E-A71F-2560F40D301E}.Release|iPhoneSimulator.Build.0 = Release|Any CPU
		{C01825A3-F31A-414E-A71F-2560F40D301E}.Release|iPhoneSimulator.Deploy.0 = Release|Any CPU
		{C01825A3-F31A-414E-A71F-2560F40D301E}.Release64|Any CPU.ActiveCfg = Release|Any CPU
		{C01825A3-F31A-414E-A71F-2560F40D301E}.Release64|Any CPU.Build.0 = Release|Any CPU
		{C01825A3-F31A-414E-A71F-2560F40D301E}.Release64|Any CPU.Deploy.0 = Release|Any CPU
		{C01825A3-F31A-414E-A71F-2560F40D301E}.Release64|iPhone.ActiveCfg = Release|Any CPU
		{C01825A3-F31A-414E-A71F-2560F40D301E}.Release64|iPhone.Build.0 = Release|Any CPU
		{C01825A3-F31A-414E-A71F-2560F40D301E}.Release64|iPhone.Deploy.0 = Release|Any CPU
		{C01825A3-F31A-414E-A71F-2560F40D301E}.Release64|iPhoneSimulator.ActiveCfg = Release|Any CPU
		{C01825A3-F31A-414E-A71F-2560F40D301E}.Release64|iPhoneSimulator.Build.0 = Release|Any CPU
		{C01825A3-F31A-414E-A71F-2560F40D301E}.Release64|iPhoneSimulator.Deploy.0 = Release|Any CPU
		{0DABB64B-3D8C-4447-A129-619390ED0E87}.Ad-Hoc|Any CPU.ActiveCfg = Release|Any CPU
		{0DABB64B-3D8C-4447-A129-619390ED0E87}.Ad-Hoc|Any CPU.Build.0 = Release|Any CPU
		{0DABB64B-3D8C-4447-A129-619390ED0E87}.Ad-Hoc|iPhone.ActiveCfg = Release|Any CPU
		{0DABB64B-3D8C-4447-A129-619390ED0E87}.Ad-Hoc|iPhone.Build.0 = Release|Any CPU
		{0DABB64B-3D8C-4447-A129-619390ED0E87}.Ad-Hoc|iPhoneSimulator.ActiveCfg = Release|Any CPU
		{0DABB64B-3D8C-4447-A129-619390ED0E87}.Ad-Hoc|iPhoneSimulator.Build.0 = Release|Any CPU
		{0DABB64B-3D8C-4447-A129-619390ED0E87}.AppStore|Any CPU.ActiveCfg = Release|Any CPU
		{0DABB64B-3D8C-4447-A129-619390ED0E87}.AppStore|Any CPU.Build.0 = Release|Any CPU
		{0DABB64B-3D8C-4447-A129-619390ED0E87}.AppStore|iPhone.ActiveCfg = Release|Any CPU
		{0DABB64B-3D8C-4447-A129-619390ED0E87}.AppStore|iPhone.Build.0 = Release|Any CPU
		{0DABB64B-3D8C-4447-A129-619390ED0E87}.AppStore|iPhoneSimulator.ActiveCfg = Release|Any CPU
		{0DABB64B-3D8C-4447-A129-619390ED0E87}.AppStore|iPhoneSimulator.Build.0 = Release|Any CPU
		{0DABB64B-3D8C-4447-A129-619390ED0E87}.Debug|Any CPU.ActiveCfg = Debug|Any CPU
		{0DABB64B-3D8C-4447-A129-619390ED0E87}.Debug|Any CPU.Build.0 = Debug|Any CPU
		{0DABB64B-3D8C-4447-A129-619390ED0E87}.Debug|iPhone.ActiveCfg = Debug|Any CPU
		{0DABB64B-3D8C-4447-A129-619390ED0E87}.Debug|iPhone.Build.0 = Debug|Any CPU
		{0DABB64B-3D8C-4447-A129-619390ED0E87}.Debug|iPhoneSimulator.ActiveCfg = Debug|Any CPU
		{0DABB64B-3D8C-4447-A129-619390ED0E87}.Debug|iPhoneSimulator.Build.0 = Debug|Any CPU
		{0DABB64B-3D8C-4447-A129-619390ED0E87}.Release|Any CPU.ActiveCfg = Release|Any CPU
		{0DABB64B-3D8C-4447-A129-619390ED0E87}.Release|Any CPU.Build.0 = Release|Any CPU
		{0DABB64B-3D8C-4447-A129-619390ED0E87}.Release|iPhone.ActiveCfg = Release|Any CPU
		{0DABB64B-3D8C-4447-A129-619390ED0E87}.Release|iPhone.Build.0 = Release|Any CPU
		{0DABB64B-3D8C-4447-A129-619390ED0E87}.Release|iPhoneSimulator.ActiveCfg = Release|Any CPU
		{0DABB64B-3D8C-4447-A129-619390ED0E87}.Release|iPhoneSimulator.Build.0 = Release|Any CPU
		{0DABB64B-3D8C-4447-A129-619390ED0E87}.Release64|Any CPU.ActiveCfg = Release|Any CPU
		{0DABB64B-3D8C-4447-A129-619390ED0E87}.Release64|Any CPU.Build.0 = Release|Any CPU
		{0DABB64B-3D8C-4447-A129-619390ED0E87}.Release64|iPhone.ActiveCfg = Release|Any CPU
		{0DABB64B-3D8C-4447-A129-619390ED0E87}.Release64|iPhone.Build.0 = Release|Any CPU
		{0DABB64B-3D8C-4447-A129-619390ED0E87}.Release64|iPhoneSimulator.ActiveCfg = Release|Any CPU
		{0DABB64B-3D8C-4447-A129-619390ED0E87}.Release64|iPhoneSimulator.Build.0 = Release|Any CPU
		{56DCAE82-671D-409E-A3B3-BF4834756D3F}.Ad-Hoc|Any CPU.ActiveCfg = Release|Any CPU
		{56DCAE82-671D-409E-A3B3-BF4834756D3F}.Ad-Hoc|Any CPU.Build.0 = Release|Any CPU
		{56DCAE82-671D-409E-A3B3-BF4834756D3F}.Ad-Hoc|iPhone.ActiveCfg = Release|Any CPU
		{56DCAE82-671D-409E-A3B3-BF4834756D3F}.Ad-Hoc|iPhone.Build.0 = Release|Any CPU
		{56DCAE82-671D-409E-A3B3-BF4834756D3F}.Ad-Hoc|iPhoneSimulator.ActiveCfg = Release|Any CPU
		{56DCAE82-671D-409E-A3B3-BF4834756D3F}.Ad-Hoc|iPhoneSimulator.Build.0 = Release|Any CPU
		{56DCAE82-671D-409E-A3B3-BF4834756D3F}.AppStore|Any CPU.ActiveCfg = Release|Any CPU
		{56DCAE82-671D-409E-A3B3-BF4834756D3F}.AppStore|Any CPU.Build.0 = Release|Any CPU
		{56DCAE82-671D-409E-A3B3-BF4834756D3F}.AppStore|iPhone.ActiveCfg = Release|Any CPU
		{56DCAE82-671D-409E-A3B3-BF4834756D3F}.AppStore|iPhone.Build.0 = Release|Any CPU
		{56DCAE82-671D-409E-A3B3-BF4834756D3F}.AppStore|iPhoneSimulator.ActiveCfg = Release|Any CPU
		{56DCAE82-671D-409E-A3B3-BF4834756D3F}.AppStore|iPhoneSimulator.Build.0 = Release|Any CPU
		{56DCAE82-671D-409E-A3B3-BF4834756D3F}.Debug|Any CPU.ActiveCfg = Debug|Any CPU
		{56DCAE82-671D-409E-A3B3-BF4834756D3F}.Debug|Any CPU.Build.0 = Debug|Any CPU
		{56DCAE82-671D-409E-A3B3-BF4834756D3F}.Debug|iPhone.ActiveCfg = Debug|Any CPU
		{56DCAE82-671D-409E-A3B3-BF4834756D3F}.Debug|iPhone.Build.0 = Debug|Any CPU
		{56DCAE82-671D-409E-A3B3-BF4834756D3F}.Debug|iPhoneSimulator.ActiveCfg = Debug|Any CPU
		{56DCAE82-671D-409E-A3B3-BF4834756D3F}.Debug|iPhoneSimulator.Build.0 = Debug|Any CPU
		{56DCAE82-671D-409E-A3B3-BF4834756D3F}.Release|Any CPU.ActiveCfg = Release|Any CPU
		{56DCAE82-671D-409E-A3B3-BF4834756D3F}.Release|Any CPU.Build.0 = Release|Any CPU
		{56DCAE82-671D-409E-A3B3-BF4834756D3F}.Release|iPhone.ActiveCfg = Release|Any CPU
		{56DCAE82-671D-409E-A3B3-BF4834756D3F}.Release|iPhone.Build.0 = Release|Any CPU
		{56DCAE82-671D-409E-A3B3-BF4834756D3F}.Release|iPhoneSimulator.ActiveCfg = Release|Any CPU
		{56DCAE82-671D-409E-A3B3-BF4834756D3F}.Release|iPhoneSimulator.Build.0 = Release|Any CPU
		{56DCAE82-671D-409E-A3B3-BF4834756D3F}.Release64|Any CPU.ActiveCfg = Release|Any CPU
		{56DCAE82-671D-409E-A3B3-BF4834756D3F}.Release64|Any CPU.Build.0 = Release|Any CPU
		{56DCAE82-671D-409E-A3B3-BF4834756D3F}.Release64|iPhone.ActiveCfg = Release|Any CPU
		{56DCAE82-671D-409E-A3B3-BF4834756D3F}.Release64|iPhone.Build.0 = Release|Any CPU
		{56DCAE82-671D-409E-A3B3-BF4834756D3F}.Release64|iPhoneSimulator.ActiveCfg = Release|Any CPU
		{56DCAE82-671D-409E-A3B3-BF4834756D3F}.Release64|iPhoneSimulator.Build.0 = Release|Any CPU
		{7E00196D-3E47-412A-8F1D-41DF082502F0}.Ad-Hoc|Any CPU.ActiveCfg = Release|Any CPU
		{7E00196D-3E47-412A-8F1D-41DF082502F0}.Ad-Hoc|Any CPU.Build.0 = Release|Any CPU
		{7E00196D-3E47-412A-8F1D-41DF082502F0}.Ad-Hoc|iPhone.ActiveCfg = Release|Any CPU
		{7E00196D-3E47-412A-8F1D-41DF082502F0}.Ad-Hoc|iPhone.Build.0 = Release|Any CPU
		{7E00196D-3E47-412A-8F1D-41DF082502F0}.Ad-Hoc|iPhoneSimulator.ActiveCfg = Release|Any CPU
		{7E00196D-3E47-412A-8F1D-41DF082502F0}.Ad-Hoc|iPhoneSimulator.Build.0 = Release|Any CPU
		{7E00196D-3E47-412A-8F1D-41DF082502F0}.AppStore|Any CPU.ActiveCfg = Release|Any CPU
		{7E00196D-3E47-412A-8F1D-41DF082502F0}.AppStore|Any CPU.Build.0 = Release|Any CPU
		{7E00196D-3E47-412A-8F1D-41DF082502F0}.AppStore|iPhone.ActiveCfg = Release|Any CPU
		{7E00196D-3E47-412A-8F1D-41DF082502F0}.AppStore|iPhone.Build.0 = Release|Any CPU
		{7E00196D-3E47-412A-8F1D-41DF082502F0}.AppStore|iPhoneSimulator.ActiveCfg = Release|Any CPU
		{7E00196D-3E47-412A-8F1D-41DF082502F0}.AppStore|iPhoneSimulator.Build.0 = Release|Any CPU
		{7E00196D-3E47-412A-8F1D-41DF082502F0}.Debug|Any CPU.ActiveCfg = Debug|Any CPU
		{7E00196D-3E47-412A-8F1D-41DF082502F0}.Debug|Any CPU.Build.0 = Debug|Any CPU
		{7E00196D-3E47-412A-8F1D-41DF082502F0}.Debug|iPhone.ActiveCfg = Debug|Any CPU
		{7E00196D-3E47-412A-8F1D-41DF082502F0}.Debug|iPhone.Build.0 = Debug|Any CPU
		{7E00196D-3E47-412A-8F1D-41DF082502F0}.Debug|iPhoneSimulator.ActiveCfg = Debug|Any CPU
		{7E00196D-3E47-412A-8F1D-41DF082502F0}.Debug|iPhoneSimulator.Build.0 = Debug|Any CPU
		{7E00196D-3E47-412A-8F1D-41DF082502F0}.Release|Any CPU.ActiveCfg = Release|Any CPU
		{7E00196D-3E47-412A-8F1D-41DF082502F0}.Release|Any CPU.Build.0 = Release|Any CPU
		{7E00196D-3E47-412A-8F1D-41DF082502F0}.Release|iPhone.ActiveCfg = Release|Any CPU
		{7E00196D-3E47-412A-8F1D-41DF082502F0}.Release|iPhone.Build.0 = Release|Any CPU
		{7E00196D-3E47-412A-8F1D-41DF082502F0}.Release|iPhoneSimulator.ActiveCfg = Release|Any CPU
		{7E00196D-3E47-412A-8F1D-41DF082502F0}.Release|iPhoneSimulator.Build.0 = Release|Any CPU
		{7E00196D-3E47-412A-8F1D-41DF082502F0}.Release64|Any CPU.ActiveCfg = Release|Any CPU
		{7E00196D-3E47-412A-8F1D-41DF082502F0}.Release64|Any CPU.Build.0 = Release|Any CPU
		{7E00196D-3E47-412A-8F1D-41DF082502F0}.Release64|iPhone.ActiveCfg = Release|Any CPU
		{7E00196D-3E47-412A-8F1D-41DF082502F0}.Release64|iPhone.Build.0 = Release|Any CPU
		{7E00196D-3E47-412A-8F1D-41DF082502F0}.Release64|iPhoneSimulator.ActiveCfg = Release|Any CPU
		{7E00196D-3E47-412A-8F1D-41DF082502F0}.Release64|iPhoneSimulator.Build.0 = Release|Any CPU
		{B824FFB2-D057-490A-8967-892C0E20C0B6}.Ad-Hoc|Any CPU.ActiveCfg = Release|Any CPU
		{B824FFB2-D057-490A-8967-892C0E20C0B6}.Ad-Hoc|Any CPU.Build.0 = Release|Any CPU
		{B824FFB2-D057-490A-8967-892C0E20C0B6}.Ad-Hoc|Any CPU.Deploy.0 = Release|Any CPU
		{B824FFB2-D057-490A-8967-892C0E20C0B6}.Ad-Hoc|iPhone.ActiveCfg = Release|Any CPU
		{B824FFB2-D057-490A-8967-892C0E20C0B6}.Ad-Hoc|iPhone.Build.0 = Release|Any CPU
		{B824FFB2-D057-490A-8967-892C0E20C0B6}.Ad-Hoc|iPhone.Deploy.0 = Release|Any CPU
		{B824FFB2-D057-490A-8967-892C0E20C0B6}.Ad-Hoc|iPhoneSimulator.ActiveCfg = Release|Any CPU
		{B824FFB2-D057-490A-8967-892C0E20C0B6}.Ad-Hoc|iPhoneSimulator.Build.0 = Release|Any CPU
		{B824FFB2-D057-490A-8967-892C0E20C0B6}.Ad-Hoc|iPhoneSimulator.Deploy.0 = Release|Any CPU
		{B824FFB2-D057-490A-8967-892C0E20C0B6}.AppStore|Any CPU.ActiveCfg = Release|Any CPU
		{B824FFB2-D057-490A-8967-892C0E20C0B6}.AppStore|Any CPU.Build.0 = Release|Any CPU
		{B824FFB2-D057-490A-8967-892C0E20C0B6}.AppStore|Any CPU.Deploy.0 = Release|Any CPU
		{B824FFB2-D057-490A-8967-892C0E20C0B6}.AppStore|iPhone.ActiveCfg = Release|Any CPU
		{B824FFB2-D057-490A-8967-892C0E20C0B6}.AppStore|iPhone.Build.0 = Release|Any CPU
		{B824FFB2-D057-490A-8967-892C0E20C0B6}.AppStore|iPhone.Deploy.0 = Release|Any CPU
		{B824FFB2-D057-490A-8967-892C0E20C0B6}.AppStore|iPhoneSimulator.ActiveCfg = Release|Any CPU
		{B824FFB2-D057-490A-8967-892C0E20C0B6}.AppStore|iPhoneSimulator.Build.0 = Release|Any CPU
		{B824FFB2-D057-490A-8967-892C0E20C0B6}.AppStore|iPhoneSimulator.Deploy.0 = Release|Any CPU
		{B824FFB2-D057-490A-8967-892C0E20C0B6}.Debug|Any CPU.ActiveCfg = Debug|Any CPU
		{B824FFB2-D057-490A-8967-892C0E20C0B6}.Debug|Any CPU.Build.0 = Debug|Any CPU
		{B824FFB2-D057-490A-8967-892C0E20C0B6}.Debug|Any CPU.Deploy.0 = Debug|Any CPU
		{B824FFB2-D057-490A-8967-892C0E20C0B6}.Debug|iPhone.ActiveCfg = Debug|Any CPU
		{B824FFB2-D057-490A-8967-892C0E20C0B6}.Debug|iPhone.Build.0 = Debug|Any CPU
		{B824FFB2-D057-490A-8967-892C0E20C0B6}.Debug|iPhone.Deploy.0 = Debug|Any CPU
		{B824FFB2-D057-490A-8967-892C0E20C0B6}.Debug|iPhoneSimulator.ActiveCfg = Debug|Any CPU
		{B824FFB2-D057-490A-8967-892C0E20C0B6}.Debug|iPhoneSimulator.Build.0 = Debug|Any CPU
		{B824FFB2-D057-490A-8967-892C0E20C0B6}.Debug|iPhoneSimulator.Deploy.0 = Debug|Any CPU
		{B824FFB2-D057-490A-8967-892C0E20C0B6}.Release|Any CPU.ActiveCfg = Release|Any CPU
		{B824FFB2-D057-490A-8967-892C0E20C0B6}.Release|Any CPU.Build.0 = Release|Any CPU
		{B824FFB2-D057-490A-8967-892C0E20C0B6}.Release|Any CPU.Deploy.0 = Release|Any CPU
		{B824FFB2-D057-490A-8967-892C0E20C0B6}.Release|iPhone.ActiveCfg = Release|Any CPU
		{B824FFB2-D057-490A-8967-892C0E20C0B6}.Release|iPhone.Build.0 = Release|Any CPU
		{B824FFB2-D057-490A-8967-892C0E20C0B6}.Release|iPhone.Deploy.0 = Release|Any CPU
		{B824FFB2-D057-490A-8967-892C0E20C0B6}.Release|iPhoneSimulator.ActiveCfg = Release|Any CPU
		{B824FFB2-D057-490A-8967-892C0E20C0B6}.Release|iPhoneSimulator.Build.0 = Release|Any CPU
		{B824FFB2-D057-490A-8967-892C0E20C0B6}.Release|iPhoneSimulator.Deploy.0 = Release|Any CPU
		{B824FFB2-D057-490A-8967-892C0E20C0B6}.Release64|Any CPU.ActiveCfg = Release|Any CPU
		{B824FFB2-D057-490A-8967-892C0E20C0B6}.Release64|Any CPU.Build.0 = Release|Any CPU
		{B824FFB2-D057-490A-8967-892C0E20C0B6}.Release64|Any CPU.Deploy.0 = Release|Any CPU
		{B824FFB2-D057-490A-8967-892C0E20C0B6}.Release64|iPhone.ActiveCfg = Release|Any CPU
		{B824FFB2-D057-490A-8967-892C0E20C0B6}.Release64|iPhone.Build.0 = Release|Any CPU
		{B824FFB2-D057-490A-8967-892C0E20C0B6}.Release64|iPhone.Deploy.0 = Release|Any CPU
		{B824FFB2-D057-490A-8967-892C0E20C0B6}.Release64|iPhoneSimulator.ActiveCfg = Release|Any CPU
		{B824FFB2-D057-490A-8967-892C0E20C0B6}.Release64|iPhoneSimulator.Build.0 = Release|Any CPU
		{B824FFB2-D057-490A-8967-892C0E20C0B6}.Release64|iPhoneSimulator.Deploy.0 = Release|Any CPU
		{A09B4BF0-2C5E-42E9-B23C-AFD0B5A8697D}.Ad-Hoc|Any CPU.ActiveCfg = Ad-Hoc|iPhone
		{A09B4BF0-2C5E-42E9-B23C-AFD0B5A8697D}.Ad-Hoc|iPhone.ActiveCfg = Ad-Hoc|iPhone
		{A09B4BF0-2C5E-42E9-B23C-AFD0B5A8697D}.Ad-Hoc|iPhone.Build.0 = Ad-Hoc|iPhone
		{A09B4BF0-2C5E-42E9-B23C-AFD0B5A8697D}.Ad-Hoc|iPhoneSimulator.ActiveCfg = Ad-Hoc|iPhoneSimulator
		{A09B4BF0-2C5E-42E9-B23C-AFD0B5A8697D}.Ad-Hoc|iPhoneSimulator.Build.0 = Ad-Hoc|iPhoneSimulator
		{A09B4BF0-2C5E-42E9-B23C-AFD0B5A8697D}.AppStore|Any CPU.ActiveCfg = AppStore|iPhone
		{A09B4BF0-2C5E-42E9-B23C-AFD0B5A8697D}.AppStore|iPhone.ActiveCfg = AppStore|iPhone
		{A09B4BF0-2C5E-42E9-B23C-AFD0B5A8697D}.AppStore|iPhone.Build.0 = AppStore|iPhone
		{A09B4BF0-2C5E-42E9-B23C-AFD0B5A8697D}.AppStore|iPhoneSimulator.ActiveCfg = AppStore|iPhoneSimulator
		{A09B4BF0-2C5E-42E9-B23C-AFD0B5A8697D}.AppStore|iPhoneSimulator.Build.0 = AppStore|iPhoneSimulator
		{A09B4BF0-2C5E-42E9-B23C-AFD0B5A8697D}.Debug|Any CPU.ActiveCfg = Debug|iPhone
		{A09B4BF0-2C5E-42E9-B23C-AFD0B5A8697D}.Debug|iPhone.ActiveCfg = Debug|iPhone
		{A09B4BF0-2C5E-42E9-B23C-AFD0B5A8697D}.Debug|iPhone.Build.0 = Debug|iPhone
		{A09B4BF0-2C5E-42E9-B23C-AFD0B5A8697D}.Debug|iPhoneSimulator.ActiveCfg = Debug|iPhoneSimulator
		{A09B4BF0-2C5E-42E9-B23C-AFD0B5A8697D}.Debug|iPhoneSimulator.Build.0 = Debug|iPhoneSimulator
		{A09B4BF0-2C5E-42E9-B23C-AFD0B5A8697D}.Release|Any CPU.ActiveCfg = Release|iPhone
		{A09B4BF0-2C5E-42E9-B23C-AFD0B5A8697D}.Release|iPhone.ActiveCfg = Release|iPhone
		{A09B4BF0-2C5E-42E9-B23C-AFD0B5A8697D}.Release|iPhone.Build.0 = Release|iPhone
		{A09B4BF0-2C5E-42E9-B23C-AFD0B5A8697D}.Release|iPhoneSimulator.ActiveCfg = Release|iPhoneSimulator
		{A09B4BF0-2C5E-42E9-B23C-AFD0B5A8697D}.Release|iPhoneSimulator.Build.0 = Release|iPhoneSimulator
		{A09B4BF0-2C5E-42E9-B23C-AFD0B5A8697D}.Release64|Any CPU.ActiveCfg = AppStore|iPhone
		{A09B4BF0-2C5E-42E9-B23C-AFD0B5A8697D}.Release64|Any CPU.Build.0 = AppStore|iPhone
		{A09B4BF0-2C5E-42E9-B23C-AFD0B5A8697D}.Release64|iPhone.ActiveCfg = Release|iPhone
		{A09B4BF0-2C5E-42E9-B23C-AFD0B5A8697D}.Release64|iPhone.Build.0 = Release|iPhone
		{A09B4BF0-2C5E-42E9-B23C-AFD0B5A8697D}.Release64|iPhoneSimulator.ActiveCfg = Release|iPhoneSimulator
		{A09B4BF0-2C5E-42E9-B23C-AFD0B5A8697D}.Release64|iPhoneSimulator.Build.0 = Release|iPhoneSimulator
		{F7D71E61-9342-4DD7-9AFD-69045F2EC98B}.Ad-Hoc|Any CPU.ActiveCfg = Release|Any CPU
		{F7D71E61-9342-4DD7-9AFD-69045F2EC98B}.Ad-Hoc|Any CPU.Build.0 = Release|Any CPU
		{F7D71E61-9342-4DD7-9AFD-69045F2EC98B}.Ad-Hoc|iPhone.ActiveCfg = Release|Any CPU
		{F7D71E61-9342-4DD7-9AFD-69045F2EC98B}.Ad-Hoc|iPhone.Build.0 = Release|Any CPU
		{F7D71E61-9342-4DD7-9AFD-69045F2EC98B}.Ad-Hoc|iPhoneSimulator.ActiveCfg = Release|Any CPU
		{F7D71E61-9342-4DD7-9AFD-69045F2EC98B}.Ad-Hoc|iPhoneSimulator.Build.0 = Release|Any CPU
		{F7D71E61-9342-4DD7-9AFD-69045F2EC98B}.AppStore|Any CPU.ActiveCfg = Release|Any CPU
		{F7D71E61-9342-4DD7-9AFD-69045F2EC98B}.AppStore|Any CPU.Build.0 = Release|Any CPU
		{F7D71E61-9342-4DD7-9AFD-69045F2EC98B}.AppStore|iPhone.ActiveCfg = Release|Any CPU
		{F7D71E61-9342-4DD7-9AFD-69045F2EC98B}.AppStore|iPhone.Build.0 = Release|Any CPU
		{F7D71E61-9342-4DD7-9AFD-69045F2EC98B}.AppStore|iPhoneSimulator.ActiveCfg = Release|Any CPU
		{F7D71E61-9342-4DD7-9AFD-69045F2EC98B}.AppStore|iPhoneSimulator.Build.0 = Release|Any CPU
		{F7D71E61-9342-4DD7-9AFD-69045F2EC98B}.Debug|Any CPU.ActiveCfg = Debug|Any CPU
		{F7D71E61-9342-4DD7-9AFD-69045F2EC98B}.Debug|Any CPU.Build.0 = Debug|Any CPU
		{F7D71E61-9342-4DD7-9AFD-69045F2EC98B}.Debug|iPhone.ActiveCfg = Debug|Any CPU
		{F7D71E61-9342-4DD7-9AFD-69045F2EC98B}.Debug|iPhone.Build.0 = Debug|Any CPU
		{F7D71E61-9342-4DD7-9AFD-69045F2EC98B}.Debug|iPhoneSimulator.ActiveCfg = Debug|Any CPU
		{F7D71E61-9342-4DD7-9AFD-69045F2EC98B}.Debug|iPhoneSimulator.Build.0 = Debug|Any CPU
		{F7D71E61-9342-4DD7-9AFD-69045F2EC98B}.Release|Any CPU.ActiveCfg = Release|Any CPU
		{F7D71E61-9342-4DD7-9AFD-69045F2EC98B}.Release|Any CPU.Build.0 = Release|Any CPU
		{F7D71E61-9342-4DD7-9AFD-69045F2EC98B}.Release|iPhone.ActiveCfg = Release|Any CPU
		{F7D71E61-9342-4DD7-9AFD-69045F2EC98B}.Release|iPhone.Build.0 = Release|Any CPU
		{F7D71E61-9342-4DD7-9AFD-69045F2EC98B}.Release|iPhoneSimulator.ActiveCfg = Release|Any CPU
		{F7D71E61-9342-4DD7-9AFD-69045F2EC98B}.Release|iPhoneSimulator.Build.0 = Release|Any CPU
		{F7D71E61-9342-4DD7-9AFD-69045F2EC98B}.Release64|Any CPU.ActiveCfg = Release|Any CPU
		{F7D71E61-9342-4DD7-9AFD-69045F2EC98B}.Release64|Any CPU.Build.0 = Release|Any CPU
		{F7D71E61-9342-4DD7-9AFD-69045F2EC98B}.Release64|iPhone.ActiveCfg = Release|Any CPU
		{F7D71E61-9342-4DD7-9AFD-69045F2EC98B}.Release64|iPhone.Build.0 = Release|Any CPU
		{F7D71E61-9342-4DD7-9AFD-69045F2EC98B}.Release64|iPhoneSimulator.ActiveCfg = Release|Any CPU
		{F7D71E61-9342-4DD7-9AFD-69045F2EC98B}.Release64|iPhoneSimulator.Build.0 = Release|Any CPU
		{CD693FED-A21F-4752-9786-49E3C6C57A3C}.Ad-Hoc|Any CPU.ActiveCfg = Debug|Any CPU
		{CD693FED-A21F-4752-9786-49E3C6C57A3C}.Ad-Hoc|Any CPU.Build.0 = Debug|Any CPU
		{CD693FED-A21F-4752-9786-49E3C6C57A3C}.Ad-Hoc|iPhone.ActiveCfg = Debug|Any CPU
		{CD693FED-A21F-4752-9786-49E3C6C57A3C}.Ad-Hoc|iPhone.Build.0 = Debug|Any CPU
		{CD693FED-A21F-4752-9786-49E3C6C57A3C}.Ad-Hoc|iPhoneSimulator.ActiveCfg = Debug|Any CPU
		{CD693FED-A21F-4752-9786-49E3C6C57A3C}.Ad-Hoc|iPhoneSimulator.Build.0 = Debug|Any CPU
		{CD693FED-A21F-4752-9786-49E3C6C57A3C}.AppStore|Any CPU.ActiveCfg = Debug|Any CPU
		{CD693FED-A21F-4752-9786-49E3C6C57A3C}.AppStore|Any CPU.Build.0 = Debug|Any CPU
		{CD693FED-A21F-4752-9786-49E3C6C57A3C}.AppStore|iPhone.ActiveCfg = Debug|Any CPU
		{CD693FED-A21F-4752-9786-49E3C6C57A3C}.AppStore|iPhone.Build.0 = Debug|Any CPU
		{CD693FED-A21F-4752-9786-49E3C6C57A3C}.AppStore|iPhoneSimulator.ActiveCfg = Debug|Any CPU
		{CD693FED-A21F-4752-9786-49E3C6C57A3C}.AppStore|iPhoneSimulator.Build.0 = Debug|Any CPU
		{CD693FED-A21F-4752-9786-49E3C6C57A3C}.Debug|Any CPU.ActiveCfg = Debug|Any CPU
		{CD693FED-A21F-4752-9786-49E3C6C57A3C}.Debug|Any CPU.Build.0 = Debug|Any CPU
		{CD693FED-A21F-4752-9786-49E3C6C57A3C}.Debug|iPhone.ActiveCfg = Debug|Any CPU
		{CD693FED-A21F-4752-9786-49E3C6C57A3C}.Debug|iPhone.Build.0 = Debug|Any CPU
		{CD693FED-A21F-4752-9786-49E3C6C57A3C}.Debug|iPhoneSimulator.ActiveCfg = Debug|Any CPU
		{CD693FED-A21F-4752-9786-49E3C6C57A3C}.Debug|iPhoneSimulator.Build.0 = Debug|Any CPU
		{CD693FED-A21F-4752-9786-49E3C6C57A3C}.Release|Any CPU.ActiveCfg = Release|Any CPU
		{CD693FED-A21F-4752-9786-49E3C6C57A3C}.Release|Any CPU.Build.0 = Release|Any CPU
		{CD693FED-A21F-4752-9786-49E3C6C57A3C}.Release|iPhone.ActiveCfg = Release|Any CPU
		{CD693FED-A21F-4752-9786-49E3C6C57A3C}.Release|iPhone.Build.0 = Release|Any CPU
		{CD693FED-A21F-4752-9786-49E3C6C57A3C}.Release|iPhoneSimulator.ActiveCfg = Release|Any CPU
		{CD693FED-A21F-4752-9786-49E3C6C57A3C}.Release|iPhoneSimulator.Build.0 = Release|Any CPU
		{CD693FED-A21F-4752-9786-49E3C6C57A3C}.Release64|Any CPU.ActiveCfg = Release|Any CPU
		{CD693FED-A21F-4752-9786-49E3C6C57A3C}.Release64|Any CPU.Build.0 = Release|Any CPU
		{CD693FED-A21F-4752-9786-49E3C6C57A3C}.Release64|iPhone.ActiveCfg = Release|Any CPU
		{CD693FED-A21F-4752-9786-49E3C6C57A3C}.Release64|iPhone.Build.0 = Release|Any CPU
		{CD693FED-A21F-4752-9786-49E3C6C57A3C}.Release64|iPhoneSimulator.ActiveCfg = Release|Any CPU
		{CD693FED-A21F-4752-9786-49E3C6C57A3C}.Release64|iPhoneSimulator.Build.0 = Release|Any CPU
		{9E204A4B-F9B8-4F7F-A792-184260B3494D}.Ad-Hoc|Any CPU.ActiveCfg = Release|Any CPU
		{9E204A4B-F9B8-4F7F-A792-184260B3494D}.Ad-Hoc|Any CPU.Build.0 = Release|Any CPU
		{9E204A4B-F9B8-4F7F-A792-184260B3494D}.Ad-Hoc|iPhone.ActiveCfg = Release|Any CPU
		{9E204A4B-F9B8-4F7F-A792-184260B3494D}.Ad-Hoc|iPhone.Build.0 = Release|Any CPU
		{9E204A4B-F9B8-4F7F-A792-184260B3494D}.Ad-Hoc|iPhoneSimulator.ActiveCfg = Release|Any CPU
		{9E204A4B-F9B8-4F7F-A792-184260B3494D}.Ad-Hoc|iPhoneSimulator.Build.0 = Release|Any CPU
		{9E204A4B-F9B8-4F7F-A792-184260B3494D}.AppStore|Any CPU.ActiveCfg = Release|Any CPU
		{9E204A4B-F9B8-4F7F-A792-184260B3494D}.AppStore|Any CPU.Build.0 = Release|Any CPU
		{9E204A4B-F9B8-4F7F-A792-184260B3494D}.AppStore|iPhone.ActiveCfg = Release|Any CPU
		{9E204A4B-F9B8-4F7F-A792-184260B3494D}.AppStore|iPhone.Build.0 = Release|Any CPU
		{9E204A4B-F9B8-4F7F-A792-184260B3494D}.AppStore|iPhoneSimulator.ActiveCfg = Release|Any CPU
		{9E204A4B-F9B8-4F7F-A792-184260B3494D}.AppStore|iPhoneSimulator.Build.0 = Release|Any CPU
		{9E204A4B-F9B8-4F7F-A792-184260B3494D}.Debug|Any CPU.ActiveCfg = Debug|Any CPU
		{9E204A4B-F9B8-4F7F-A792-184260B3494D}.Debug|Any CPU.Build.0 = Debug|Any CPU
		{9E204A4B-F9B8-4F7F-A792-184260B3494D}.Debug|iPhone.ActiveCfg = Debug|Any CPU
		{9E204A4B-F9B8-4F7F-A792-184260B3494D}.Debug|iPhone.Build.0 = Debug|Any CPU
		{9E204A4B-F9B8-4F7F-A792-184260B3494D}.Debug|iPhoneSimulator.ActiveCfg = Debug|Any CPU
		{9E204A4B-F9B8-4F7F-A792-184260B3494D}.Debug|iPhoneSimulator.Build.0 = Debug|Any CPU
		{9E204A4B-F9B8-4F7F-A792-184260B3494D}.Release|Any CPU.ActiveCfg = Release|Any CPU
		{9E204A4B-F9B8-4F7F-A792-184260B3494D}.Release|Any CPU.Build.0 = Release|Any CPU
		{9E204A4B-F9B8-4F7F-A792-184260B3494D}.Release|iPhone.ActiveCfg = Release|Any CPU
		{9E204A4B-F9B8-4F7F-A792-184260B3494D}.Release|iPhone.Build.0 = Release|Any CPU
		{9E204A4B-F9B8-4F7F-A792-184260B3494D}.Release|iPhoneSimulator.ActiveCfg = Release|Any CPU
		{9E204A4B-F9B8-4F7F-A792-184260B3494D}.Release|iPhoneSimulator.Build.0 = Release|Any CPU
		{9E204A4B-F9B8-4F7F-A792-184260B3494D}.Release64|Any CPU.ActiveCfg = Release|Any CPU
		{9E204A4B-F9B8-4F7F-A792-184260B3494D}.Release64|Any CPU.Build.0 = Release|Any CPU
		{9E204A4B-F9B8-4F7F-A792-184260B3494D}.Release64|iPhone.ActiveCfg = Release|Any CPU
		{9E204A4B-F9B8-4F7F-A792-184260B3494D}.Release64|iPhone.Build.0 = Release|Any CPU
		{9E204A4B-F9B8-4F7F-A792-184260B3494D}.Release64|iPhoneSimulator.ActiveCfg = Release|Any CPU
		{9E204A4B-F9B8-4F7F-A792-184260B3494D}.Release64|iPhoneSimulator.Build.0 = Release|Any CPU
		{C6807D05-09BE-4313-9F8B-BD2D51C55819}.Ad-Hoc|Any CPU.ActiveCfg = Release|Any CPU
		{C6807D05-09BE-4313-9F8B-BD2D51C55819}.Ad-Hoc|Any CPU.Build.0 = Release|Any CPU
		{C6807D05-09BE-4313-9F8B-BD2D51C55819}.Ad-Hoc|iPhone.ActiveCfg = Release|Any CPU
		{C6807D05-09BE-4313-9F8B-BD2D51C55819}.Ad-Hoc|iPhone.Build.0 = Release|Any CPU
		{C6807D05-09BE-4313-9F8B-BD2D51C55819}.Ad-Hoc|iPhoneSimulator.ActiveCfg = Release|Any CPU
		{C6807D05-09BE-4313-9F8B-BD2D51C55819}.Ad-Hoc|iPhoneSimulator.Build.0 = Release|Any CPU
		{C6807D05-09BE-4313-9F8B-BD2D51C55819}.AppStore|Any CPU.ActiveCfg = Release|Any CPU
		{C6807D05-09BE-4313-9F8B-BD2D51C55819}.AppStore|Any CPU.Build.0 = Release|Any CPU
		{C6807D05-09BE-4313-9F8B-BD2D51C55819}.AppStore|iPhone.ActiveCfg = Release|Any CPU
		{C6807D05-09BE-4313-9F8B-BD2D51C55819}.AppStore|iPhone.Build.0 = Release|Any CPU
		{C6807D05-09BE-4313-9F8B-BD2D51C55819}.AppStore|iPhoneSimulator.ActiveCfg = Release|Any CPU
		{C6807D05-09BE-4313-9F8B-BD2D51C55819}.AppStore|iPhoneSimulator.Build.0 = Release|Any CPU
		{C6807D05-09BE-4313-9F8B-BD2D51C55819}.Debug|Any CPU.ActiveCfg = Debug|Any CPU
		{C6807D05-09BE-4313-9F8B-BD2D51C55819}.Debug|Any CPU.Build.0 = Debug|Any CPU
		{C6807D05-09BE-4313-9F8B-BD2D51C55819}.Debug|iPhone.ActiveCfg = Debug|Any CPU
		{C6807D05-09BE-4313-9F8B-BD2D51C55819}.Debug|iPhone.Build.0 = Debug|Any CPU
		{C6807D05-09BE-4313-9F8B-BD2D51C55819}.Debug|iPhoneSimulator.ActiveCfg = Debug|Any CPU
		{C6807D05-09BE-4313-9F8B-BD2D51C55819}.Debug|iPhoneSimulator.Build.0 = Debug|Any CPU
		{C6807D05-09BE-4313-9F8B-BD2D51C55819}.Release|Any CPU.ActiveCfg = Release|Any CPU
		{C6807D05-09BE-4313-9F8B-BD2D51C55819}.Release|Any CPU.Build.0 = Release|Any CPU
		{C6807D05-09BE-4313-9F8B-BD2D51C55819}.Release|iPhone.ActiveCfg = Release|Any CPU
		{C6807D05-09BE-4313-9F8B-BD2D51C55819}.Release|iPhone.Build.0 = Release|Any CPU
		{C6807D05-09BE-4313-9F8B-BD2D51C55819}.Release|iPhoneSimulator.ActiveCfg = Release|Any CPU
		{C6807D05-09BE-4313-9F8B-BD2D51C55819}.Release|iPhoneSimulator.Build.0 = Release|Any CPU
		{C6807D05-09BE-4313-9F8B-BD2D51C55819}.Release64|Any CPU.ActiveCfg = Release|Any CPU
		{C6807D05-09BE-4313-9F8B-BD2D51C55819}.Release64|Any CPU.Build.0 = Release|Any CPU
		{C6807D05-09BE-4313-9F8B-BD2D51C55819}.Release64|iPhone.ActiveCfg = Release|Any CPU
		{C6807D05-09BE-4313-9F8B-BD2D51C55819}.Release64|iPhone.Build.0 = Release|Any CPU
		{C6807D05-09BE-4313-9F8B-BD2D51C55819}.Release64|iPhoneSimulator.ActiveCfg = Release|Any CPU
		{C6807D05-09BE-4313-9F8B-BD2D51C55819}.Release64|iPhoneSimulator.Build.0 = Release|Any CPU
		{9064CA47-B06D-4BDB-BC4F-1F2B0B8589DA}.Ad-Hoc|Any CPU.ActiveCfg = Debug|Any CPU
		{9064CA47-B06D-4BDB-BC4F-1F2B0B8589DA}.Ad-Hoc|Any CPU.Build.0 = Debug|Any CPU
		{9064CA47-B06D-4BDB-BC4F-1F2B0B8589DA}.Ad-Hoc|iPhone.ActiveCfg = Debug|Any CPU
		{9064CA47-B06D-4BDB-BC4F-1F2B0B8589DA}.Ad-Hoc|iPhone.Build.0 = Debug|Any CPU
		{9064CA47-B06D-4BDB-BC4F-1F2B0B8589DA}.Ad-Hoc|iPhoneSimulator.ActiveCfg = Debug|Any CPU
		{9064CA47-B06D-4BDB-BC4F-1F2B0B8589DA}.Ad-Hoc|iPhoneSimulator.Build.0 = Debug|Any CPU
		{9064CA47-B06D-4BDB-BC4F-1F2B0B8589DA}.AppStore|Any CPU.ActiveCfg = Debug|Any CPU
		{9064CA47-B06D-4BDB-BC4F-1F2B0B8589DA}.AppStore|Any CPU.Build.0 = Debug|Any CPU
		{9064CA47-B06D-4BDB-BC4F-1F2B0B8589DA}.AppStore|iPhone.ActiveCfg = Debug|Any CPU
		{9064CA47-B06D-4BDB-BC4F-1F2B0B8589DA}.AppStore|iPhone.Build.0 = Debug|Any CPU
		{9064CA47-B06D-4BDB-BC4F-1F2B0B8589DA}.AppStore|iPhoneSimulator.ActiveCfg = Debug|Any CPU
		{9064CA47-B06D-4BDB-BC4F-1F2B0B8589DA}.AppStore|iPhoneSimulator.Build.0 = Debug|Any CPU
		{9064CA47-B06D-4BDB-BC4F-1F2B0B8589DA}.Debug|Any CPU.ActiveCfg = Debug|Any CPU
		{9064CA47-B06D-4BDB-BC4F-1F2B0B8589DA}.Debug|Any CPU.Build.0 = Debug|Any CPU
		{9064CA47-B06D-4BDB-BC4F-1F2B0B8589DA}.Debug|iPhone.ActiveCfg = Debug|Any CPU
		{9064CA47-B06D-4BDB-BC4F-1F2B0B8589DA}.Debug|iPhone.Build.0 = Debug|Any CPU
		{9064CA47-B06D-4BDB-BC4F-1F2B0B8589DA}.Debug|iPhoneSimulator.ActiveCfg = Debug|Any CPU
		{9064CA47-B06D-4BDB-BC4F-1F2B0B8589DA}.Debug|iPhoneSimulator.Build.0 = Debug|Any CPU
		{9064CA47-B06D-4BDB-BC4F-1F2B0B8589DA}.Release|Any CPU.ActiveCfg = Release|Any CPU
		{9064CA47-B06D-4BDB-BC4F-1F2B0B8589DA}.Release|Any CPU.Build.0 = Release|Any CPU
		{9064CA47-B06D-4BDB-BC4F-1F2B0B8589DA}.Release|iPhone.ActiveCfg = Release|Any CPU
		{9064CA47-B06D-4BDB-BC4F-1F2B0B8589DA}.Release|iPhone.Build.0 = Release|Any CPU
		{9064CA47-B06D-4BDB-BC4F-1F2B0B8589DA}.Release|iPhoneSimulator.ActiveCfg = Release|Any CPU
		{9064CA47-B06D-4BDB-BC4F-1F2B0B8589DA}.Release|iPhoneSimulator.Build.0 = Release|Any CPU
		{9064CA47-B06D-4BDB-BC4F-1F2B0B8589DA}.Release64|Any CPU.ActiveCfg = Release|Any CPU
		{9064CA47-B06D-4BDB-BC4F-1F2B0B8589DA}.Release64|Any CPU.Build.0 = Release|Any CPU
		{9064CA47-B06D-4BDB-BC4F-1F2B0B8589DA}.Release64|iPhone.ActiveCfg = Release|Any CPU
		{9064CA47-B06D-4BDB-BC4F-1F2B0B8589DA}.Release64|iPhone.Build.0 = Release|Any CPU
		{9064CA47-B06D-4BDB-BC4F-1F2B0B8589DA}.Release64|iPhoneSimulator.ActiveCfg = Release|Any CPU
		{9064CA47-B06D-4BDB-BC4F-1F2B0B8589DA}.Release64|iPhoneSimulator.Build.0 = Release|Any CPU
		{6ABD1C6E-866D-42A8-99D0-7780B4AD08D3}.Ad-Hoc|Any CPU.ActiveCfg = Release|Any CPU
		{6ABD1C6E-866D-42A8-99D0-7780B4AD08D3}.Ad-Hoc|Any CPU.Build.0 = Release|Any CPU
		{6ABD1C6E-866D-42A8-99D0-7780B4AD08D3}.Ad-Hoc|iPhone.ActiveCfg = Release|Any CPU
		{6ABD1C6E-866D-42A8-99D0-7780B4AD08D3}.Ad-Hoc|iPhone.Build.0 = Release|Any CPU
		{6ABD1C6E-866D-42A8-99D0-7780B4AD08D3}.Ad-Hoc|iPhoneSimulator.ActiveCfg = Release|Any CPU
		{6ABD1C6E-866D-42A8-99D0-7780B4AD08D3}.Ad-Hoc|iPhoneSimulator.Build.0 = Release|Any CPU
		{6ABD1C6E-866D-42A8-99D0-7780B4AD08D3}.AppStore|Any CPU.ActiveCfg = Release|Any CPU
		{6ABD1C6E-866D-42A8-99D0-7780B4AD08D3}.AppStore|Any CPU.Build.0 = Release|Any CPU
		{6ABD1C6E-866D-42A8-99D0-7780B4AD08D3}.AppStore|iPhone.ActiveCfg = Release|Any CPU
		{6ABD1C6E-866D-42A8-99D0-7780B4AD08D3}.AppStore|iPhone.Build.0 = Release|Any CPU
		{6ABD1C6E-866D-42A8-99D0-7780B4AD08D3}.AppStore|iPhoneSimulator.ActiveCfg = Release|Any CPU
		{6ABD1C6E-866D-42A8-99D0-7780B4AD08D3}.AppStore|iPhoneSimulator.Build.0 = Release|Any CPU
		{6ABD1C6E-866D-42A8-99D0-7780B4AD08D3}.Debug|Any CPU.ActiveCfg = Debug|Any CPU
		{6ABD1C6E-866D-42A8-99D0-7780B4AD08D3}.Debug|Any CPU.Build.0 = Debug|Any CPU
		{6ABD1C6E-866D-42A8-99D0-7780B4AD08D3}.Debug|iPhone.ActiveCfg = Debug|Any CPU
		{6ABD1C6E-866D-42A8-99D0-7780B4AD08D3}.Debug|iPhone.Build.0 = Debug|Any CPU
		{6ABD1C6E-866D-42A8-99D0-7780B4AD08D3}.Debug|iPhoneSimulator.ActiveCfg = Debug|Any CPU
		{6ABD1C6E-866D-42A8-99D0-7780B4AD08D3}.Debug|iPhoneSimulator.Build.0 = Debug|Any CPU
		{6ABD1C6E-866D-42A8-99D0-7780B4AD08D3}.Release|Any CPU.ActiveCfg = Release|Any CPU
		{6ABD1C6E-866D-42A8-99D0-7780B4AD08D3}.Release|Any CPU.Build.0 = Release|Any CPU
		{6ABD1C6E-866D-42A8-99D0-7780B4AD08D3}.Release|iPhone.ActiveCfg = Release|Any CPU
		{6ABD1C6E-866D-42A8-99D0-7780B4AD08D3}.Release|iPhone.Build.0 = Release|Any CPU
		{6ABD1C6E-866D-42A8-99D0-7780B4AD08D3}.Release|iPhoneSimulator.ActiveCfg = Release|Any CPU
		{6ABD1C6E-866D-42A8-99D0-7780B4AD08D3}.Release|iPhoneSimulator.Build.0 = Release|Any CPU
		{6ABD1C6E-866D-42A8-99D0-7780B4AD08D3}.Release64|Any CPU.ActiveCfg = Release|Any CPU
		{6ABD1C6E-866D-42A8-99D0-7780B4AD08D3}.Release64|Any CPU.Build.0 = Release|Any CPU
		{6ABD1C6E-866D-42A8-99D0-7780B4AD08D3}.Release64|iPhone.ActiveCfg = Release|Any CPU
		{6ABD1C6E-866D-42A8-99D0-7780B4AD08D3}.Release64|iPhone.Build.0 = Release|Any CPU
		{6ABD1C6E-866D-42A8-99D0-7780B4AD08D3}.Release64|iPhoneSimulator.ActiveCfg = Release|Any CPU
		{6ABD1C6E-866D-42A8-99D0-7780B4AD08D3}.Release64|iPhoneSimulator.Build.0 = Release|Any CPU
		{A96ADB72-B7FD-4F8F-ACF0-DF1274DDDA6B}.Ad-Hoc|Any CPU.ActiveCfg = Release|Any CPU
		{A96ADB72-B7FD-4F8F-ACF0-DF1274DDDA6B}.Ad-Hoc|Any CPU.Build.0 = Release|Any CPU
		{A96ADB72-B7FD-4F8F-ACF0-DF1274DDDA6B}.Ad-Hoc|iPhone.ActiveCfg = Release|Any CPU
		{A96ADB72-B7FD-4F8F-ACF0-DF1274DDDA6B}.Ad-Hoc|iPhone.Build.0 = Release|Any CPU
		{A96ADB72-B7FD-4F8F-ACF0-DF1274DDDA6B}.Ad-Hoc|iPhoneSimulator.ActiveCfg = Release|Any CPU
		{A96ADB72-B7FD-4F8F-ACF0-DF1274DDDA6B}.Ad-Hoc|iPhoneSimulator.Build.0 = Release|Any CPU
		{A96ADB72-B7FD-4F8F-ACF0-DF1274DDDA6B}.AppStore|Any CPU.ActiveCfg = Release|Any CPU
		{A96ADB72-B7FD-4F8F-ACF0-DF1274DDDA6B}.AppStore|Any CPU.Build.0 = Release|Any CPU
		{A96ADB72-B7FD-4F8F-ACF0-DF1274DDDA6B}.AppStore|iPhone.ActiveCfg = Release|Any CPU
		{A96ADB72-B7FD-4F8F-ACF0-DF1274DDDA6B}.AppStore|iPhone.Build.0 = Release|Any CPU
		{A96ADB72-B7FD-4F8F-ACF0-DF1274DDDA6B}.AppStore|iPhoneSimulator.ActiveCfg = Release|Any CPU
		{A96ADB72-B7FD-4F8F-ACF0-DF1274DDDA6B}.AppStore|iPhoneSimulator.Build.0 = Release|Any CPU
		{A96ADB72-B7FD-4F8F-ACF0-DF1274DDDA6B}.Debug|Any CPU.ActiveCfg = Debug|Any CPU
		{A96ADB72-B7FD-4F8F-ACF0-DF1274DDDA6B}.Debug|Any CPU.Build.0 = Debug|Any CPU
		{A96ADB72-B7FD-4F8F-ACF0-DF1274DDDA6B}.Debug|iPhone.ActiveCfg = Debug|Any CPU
		{A96ADB72-B7FD-4F8F-ACF0-DF1274DDDA6B}.Debug|iPhone.Build.0 = Debug|Any CPU
		{A96ADB72-B7FD-4F8F-ACF0-DF1274DDDA6B}.Debug|iPhoneSimulator.ActiveCfg = Debug|Any CPU
		{A96ADB72-B7FD-4F8F-ACF0-DF1274DDDA6B}.Debug|iPhoneSimulator.Build.0 = Debug|Any CPU
		{A96ADB72-B7FD-4F8F-ACF0-DF1274DDDA6B}.Release|Any CPU.ActiveCfg = Release|Any CPU
		{A96ADB72-B7FD-4F8F-ACF0-DF1274DDDA6B}.Release|Any CPU.Build.0 = Release|Any CPU
		{A96ADB72-B7FD-4F8F-ACF0-DF1274DDDA6B}.Release|iPhone.ActiveCfg = Release|Any CPU
		{A96ADB72-B7FD-4F8F-ACF0-DF1274DDDA6B}.Release|iPhone.Build.0 = Release|Any CPU
		{A96ADB72-B7FD-4F8F-ACF0-DF1274DDDA6B}.Release|iPhoneSimulator.ActiveCfg = Release|Any CPU
		{A96ADB72-B7FD-4F8F-ACF0-DF1274DDDA6B}.Release|iPhoneSimulator.Build.0 = Release|Any CPU
		{A96ADB72-B7FD-4F8F-ACF0-DF1274DDDA6B}.Release64|Any CPU.ActiveCfg = Release|Any CPU
		{A96ADB72-B7FD-4F8F-ACF0-DF1274DDDA6B}.Release64|Any CPU.Build.0 = Release|Any CPU
		{A96ADB72-B7FD-4F8F-ACF0-DF1274DDDA6B}.Release64|iPhone.ActiveCfg = Release|Any CPU
		{A96ADB72-B7FD-4F8F-ACF0-DF1274DDDA6B}.Release64|iPhone.Build.0 = Release|Any CPU
		{A96ADB72-B7FD-4F8F-ACF0-DF1274DDDA6B}.Release64|iPhoneSimulator.ActiveCfg = Release|Any CPU
		{A96ADB72-B7FD-4F8F-ACF0-DF1274DDDA6B}.Release64|iPhoneSimulator.Build.0 = Release|Any CPU
		{7B742F80-62CE-401B-96C6-CFCC30002F19}.Ad-Hoc|Any CPU.ActiveCfg = Release|Any CPU
		{7B742F80-62CE-401B-96C6-CFCC30002F19}.Ad-Hoc|Any CPU.Build.0 = Release|Any CPU
		{7B742F80-62CE-401B-96C6-CFCC30002F19}.Ad-Hoc|iPhone.ActiveCfg = Release|Any CPU
		{7B742F80-62CE-401B-96C6-CFCC30002F19}.Ad-Hoc|iPhone.Build.0 = Release|Any CPU
		{7B742F80-62CE-401B-96C6-CFCC30002F19}.Ad-Hoc|iPhoneSimulator.ActiveCfg = Release|Any CPU
		{7B742F80-62CE-401B-96C6-CFCC30002F19}.Ad-Hoc|iPhoneSimulator.Build.0 = Release|Any CPU
		{7B742F80-62CE-401B-96C6-CFCC30002F19}.AppStore|Any CPU.ActiveCfg = Release|Any CPU
		{7B742F80-62CE-401B-96C6-CFCC30002F19}.AppStore|Any CPU.Build.0 = Release|Any CPU
		{7B742F80-62CE-401B-96C6-CFCC30002F19}.AppStore|iPhone.ActiveCfg = Release|Any CPU
		{7B742F80-62CE-401B-96C6-CFCC30002F19}.AppStore|iPhone.Build.0 = Release|Any CPU
		{7B742F80-62CE-401B-96C6-CFCC30002F19}.AppStore|iPhoneSimulator.ActiveCfg = Release|Any CPU
		{7B742F80-62CE-401B-96C6-CFCC30002F19}.AppStore|iPhoneSimulator.Build.0 = Release|Any CPU
		{7B742F80-62CE-401B-96C6-CFCC30002F19}.Debug|Any CPU.ActiveCfg = Debug|Any CPU
		{7B742F80-62CE-401B-96C6-CFCC30002F19}.Debug|Any CPU.Build.0 = Debug|Any CPU
		{7B742F80-62CE-401B-96C6-CFCC30002F19}.Debug|iPhone.ActiveCfg = Debug|Any CPU
		{7B742F80-62CE-401B-96C6-CFCC30002F19}.Debug|iPhone.Build.0 = Debug|Any CPU
		{7B742F80-62CE-401B-96C6-CFCC30002F19}.Debug|iPhoneSimulator.ActiveCfg = Debug|Any CPU
		{7B742F80-62CE-401B-96C6-CFCC30002F19}.Debug|iPhoneSimulator.Build.0 = Debug|Any CPU
		{7B742F80-62CE-401B-96C6-CFCC30002F19}.Release|Any CPU.ActiveCfg = Release|Any CPU
		{7B742F80-62CE-401B-96C6-CFCC30002F19}.Release|Any CPU.Build.0 = Release|Any CPU
		{7B742F80-62CE-401B-96C6-CFCC30002F19}.Release|iPhone.ActiveCfg = Release|Any CPU
		{7B742F80-62CE-401B-96C6-CFCC30002F19}.Release|iPhone.Build.0 = Release|Any CPU
		{7B742F80-62CE-401B-96C6-CFCC30002F19}.Release|iPhoneSimulator.ActiveCfg = Release|Any CPU
		{7B742F80-62CE-401B-96C6-CFCC30002F19}.Release|iPhoneSimulator.Build.0 = Release|Any CPU
		{7B742F80-62CE-401B-96C6-CFCC30002F19}.Release64|Any CPU.ActiveCfg = Release|Any CPU
		{7B742F80-62CE-401B-96C6-CFCC30002F19}.Release64|Any CPU.Build.0 = Release|Any CPU
		{7B742F80-62CE-401B-96C6-CFCC30002F19}.Release64|iPhone.ActiveCfg = Release|Any CPU
		{7B742F80-62CE-401B-96C6-CFCC30002F19}.Release64|iPhone.Build.0 = Release|Any CPU
		{7B742F80-62CE-401B-96C6-CFCC30002F19}.Release64|iPhoneSimulator.ActiveCfg = Release|Any CPU
		{7B742F80-62CE-401B-96C6-CFCC30002F19}.Release64|iPhoneSimulator.Build.0 = Release|Any CPU
	EndGlobalSection
	GlobalSection(SolutionProperties) = preSolution
		HideSolutionNode = FALSE
	EndGlobalSection
	GlobalSection(NestedProjects) = preSolution
		{20471A76-56D4-43E6-8D56-7011EBADD238} = {60A4A16C-95DE-4145-80BD-639726009A5E}
		{5D404942-0730-4D7E-8DCB-97951E7174A3} = {60A4A16C-95DE-4145-80BD-639726009A5E}
		{25E0C57A-157E-47E9-B143-46BCB60ED69A} = {F186A1AB-01A5-436D-AB67-0B1E5058277E}
		{E4DD4215-1E53-420E-89CB-9FCA7B3882FF} = {F186A1AB-01A5-436D-AB67-0B1E5058277E}
		{BCA724D5-764C-44B8-B29F-EC8882F4837C} = {49FFF777-4F85-4DE4-851B-0FAAEF9F83F0}
		{C01825A3-F31A-414E-A71F-2560F40D301E} = {49FFF777-4F85-4DE4-851B-0FAAEF9F83F0}
		{0DABB64B-3D8C-4447-A129-619390ED0E87} = {4FA63D60-1A53-4847-8D44-6E39802F8038}
		{56DCAE82-671D-409E-A3B3-BF4834756D3F} = {4FA63D60-1A53-4847-8D44-6E39802F8038}
		{7E00196D-3E47-412A-8F1D-41DF082502F0} = {4FA63D60-1A53-4847-8D44-6E39802F8038}
		{2E1E828F-6D2C-4B0E-A2E2-DDF24798CACF} = {4FA63D60-1A53-4847-8D44-6E39802F8038}
		{B824FFB2-D057-490A-8967-892C0E20C0B6} = {4FA63D60-1A53-4847-8D44-6E39802F8038}
		{A09B4BF0-2C5E-42E9-B23C-AFD0B5A8697D} = {4FA63D60-1A53-4847-8D44-6E39802F8038}
		{27B09935-2E97-404F-B54D-F37F3B483798} = {4FA63D60-1A53-4847-8D44-6E39802F8038}
		{E6EE0D6B-EA6D-4708-A77A-73B566E7E42D} = {27B09935-2E97-404F-B54D-F37F3B483798}
		{237EBC39-FFD0-4BDE-8BAA-0F3C5AD982DB} = {27B09935-2E97-404F-B54D-F37F3B483798}
		{9595576E-8D8C-4164-82C9-3A64D7E2F1FA} = {27B09935-2E97-404F-B54D-F37F3B483798}
		{9C511A81-C099-4F98-BA8E-EB8957CE5F60} = {27B09935-2E97-404F-B54D-F37F3B483798}
		{235A071B-8D06-40AE-A5C5-B1CE59715EE9} = {27B09935-2E97-404F-B54D-F37F3B483798}
		{F7D71E61-9342-4DD7-9AFD-69045F2EC98B} = {E6EE0D6B-EA6D-4708-A77A-73B566E7E42D}
		{CD693FED-A21F-4752-9786-49E3C6C57A3C} = {9C511A81-C099-4F98-BA8E-EB8957CE5F60}
		{9E204A4B-F9B8-4F7F-A792-184260B3494D} = {9595576E-8D8C-4164-82C9-3A64D7E2F1FA}
		{D8861CF8-C506-472B-8A57-632BD6CA6496} = {27B09935-2E97-404F-B54D-F37F3B483798}
		{C6807D05-09BE-4313-9F8B-BD2D51C55819} = {E6EE0D6B-EA6D-4708-A77A-73B566E7E42D}
		{9064CA47-B06D-4BDB-BC4F-1F2B0B8589DA} = {9C511A81-C099-4F98-BA8E-EB8957CE5F60}
		{6ABD1C6E-866D-42A8-99D0-7780B4AD08D3} = {9595576E-8D8C-4164-82C9-3A64D7E2F1FA}
		{A96ADB72-B7FD-4F8F-ACF0-DF1274DDDA6B} = {237EBC39-FFD0-4BDE-8BAA-0F3C5AD982DB}
		{7B742F80-62CE-401B-96C6-CFCC30002F19} = {237EBC39-FFD0-4BDE-8BAA-0F3C5AD982DB}
	EndGlobalSection
EndGlobal
