
Microsoft Visual Studio Solution File, Format Version 12.00
# Visual Studio 15
VisualStudioVersion = 15.0.26228.9
MinimumVisualStudioVersion = 10.0.40219.1
Project("{FAE04EC0-301F-11D3-BF4B-00C04F79EFBC}") = "PixelFarm.iOS.One", "..\PixelFarm.iOS.One\PixelFarm.iOS.One.csproj", "{20471A76-56D4-43E6-8D56-7011EBADD238}"
EndProject
Project("{FAE04EC0-301F-11D3-BF4B-00C04F79EFBC}") = "PixelFarm.Android.One", "..\PixelFarm.Android.One\PixelFarm.Android.One.csproj", "{5D404942-0730-4D7E-8DCB-97951E7174A3}"
EndProject
Project("{FAE04EC0-301F-11D3-BF4B-00C04F79EFBC}") = "Test_iOSApp1", "..\..\Tests\Test_iOSApp1\Test_iOSApp1.csproj", "{25E0C57A-157E-47E9-B143-46BCB60ED69A}"
EndProject
Project("{FAE04EC0-301F-11D3-BF4B-00C04F79EFBC}") = "Test_AndroidApp1", "..\..\Tests\Test_AndroidApp1\Test_AndroidApp1.csproj", "{E4DD4215-1E53-420E-89CB-9FCA7B3882FF}"
EndProject
Project("{2150E333-8FDC-42A3-9474-1A3956D46DE8}") = "0_PixelFarm.One", "0_PixelFarm.One", "{60A4A16C-95DE-4145-80BD-639726009A5E}"
EndProject
Project("{2150E333-8FDC-42A3-9474-1A3956D46DE8}") = "1_VeryBasicTest", "1_VeryBasicTest", "{F186A1AB-01A5-436D-AB67-0B1E5058277E}"
EndProject
Global
	GlobalSection(SolutionConfigurationPlatforms) = preSolution
		Ad-Hoc|Any CPU = Ad-Hoc|Any CPU
		Ad-Hoc|iPhone = Ad-Hoc|iPhone
		Ad-Hoc|iPhoneSimulator = Ad-Hoc|iPhoneSimulator
		AppStore|Any CPU = AppStore|Any CPU
		AppStore|iPhone = AppStore|iPhone
		AppStore|iPhoneSimulator = AppStore|iPhoneSimulator
		Debug|Any CPU = Debug|Any CPU
		Debug|iPhone = Debug|iPhone
		Debug|iPhoneSimulator = Debug|iPhoneSimulator
		Release|Any CPU = Release|Any CPU
		Release|iPhone = Release|iPhone
		Release|iPhoneSimulator = Release|iPhoneSimulator
	EndGlobalSection
	GlobalSection(ProjectConfigurationPlatforms) = postSolution
		{20471A76-56D4-43E6-8D56-7011EBADD238}.Ad-Hoc|Any CPU.ActiveCfg = Release|Any CPU
		{20471A76-56D4-43E6-8D56-7011EBADD238}.Ad-Hoc|Any CPU.Build.0 = Release|Any CPU
		{20471A76-56D4-43E6-8D56-7011EBADD238}.Ad-Hoc|iPhone.ActiveCfg = Release|Any CPU
		{20471A76-56D4-43E6-8D56-7011EBADD238}.Ad-Hoc|iPhone.Build.0 = Release|Any CPU
		{20471A76-56D4-43E6-8D56-7011EBADD238}.Ad-Hoc|iPhoneSimulator.ActiveCfg = Release|Any CPU
		{20471A76-56D4-43E6-8D56-7011EBADD238}.Ad-Hoc|iPhoneSimulator.Build.0 = Release|Any CPU
		{20471A76-56D4-43E6-8D56-7011EBADD238}.AppStore|Any CPU.ActiveCfg = Release|Any CPU
		{20471A76-56D4-43E6-8D56-7011EBADD238}.AppStore|Any CPU.Build.0 = Release|Any CPU
		{20471A76-56D4-43E6-8D56-7011EBADD238}.AppStore|iPhone.ActiveCfg = Release|Any CPU
		{20471A76-56D4-43E6-8D56-7011EBADD238}.AppStore|iPhone.Build.0 = Release|Any CPU
		{20471A76-56D4-43E6-8D56-7011EBADD238}.AppStore|iPhoneSimulator.ActiveCfg = Release|Any CPU
		{20471A76-56D4-43E6-8D56-7011EBADD238}.AppStore|iPhoneSimulator.Build.0 = Release|Any CPU
		{20471A76-56D4-43E6-8D56-7011EBADD238}.Debug|Any CPU.ActiveCfg = Debug|Any CPU
		{20471A76-56D4-43E6-8D56-7011EBADD238}.Debug|Any CPU.Build.0 = Debug|Any CPU
		{20471A76-56D4-43E6-8D56-7011EBADD238}.Debug|iPhone.ActiveCfg = Debug|Any CPU
		{20471A76-56D4-43E6-8D56-7011EBADD238}.Debug|iPhone.Build.0 = Debug|Any CPU
		{20471A76-56D4-43E6-8D56-7011EBADD238}.Debug|iPhoneSimulator.ActiveCfg = Debug|Any CPU
		{20471A76-56D4-43E6-8D56-7011EBADD238}.Debug|iPhoneSimulator.Build.0 = Debug|Any CPU
		{20471A76-56D4-43E6-8D56-7011EBADD238}.Release|Any CPU.ActiveCfg = Release|Any CPU
		{20471A76-56D4-43E6-8D56-7011EBADD238}.Release|Any CPU.Build.0 = Release|Any CPU
		{20471A76-56D4-43E6-8D56-7011EBADD238}.Release|iPhone.ActiveCfg = Release|Any CPU
		{20471A76-56D4-43E6-8D56-7011EBADD238}.Release|iPhone.Build.0 = Release|Any CPU
		{20471A76-56D4-43E6-8D56-7011EBADD238}.Release|iPhoneSimulator.ActiveCfg = Release|Any CPU
		{20471A76-56D4-43E6-8D56-7011EBADD238}.Release|iPhoneSimulator.Build.0 = Release|Any CPU
		{5D404942-0730-4D7E-8DCB-97951E7174A3}.Ad-Hoc|Any CPU.ActiveCfg = Release|Any CPU
		{5D404942-0730-4D7E-8DCB-97951E7174A3}.Ad-Hoc|Any CPU.Build.0 = Release|Any CPU
		{5D404942-0730-4D7E-8DCB-97951E7174A3}.Ad-Hoc|iPhone.ActiveCfg = Release|Any CPU
		{5D404942-0730-4D7E-8DCB-97951E7174A3}.Ad-Hoc|iPhone.Build.0 = Release|Any CPU
		{5D404942-0730-4D7E-8DCB-97951E7174A3}.Ad-Hoc|iPhoneSimulator.ActiveCfg = Release|Any CPU
		{5D404942-0730-4D7E-8DCB-97951E7174A3}.Ad-Hoc|iPhoneSimulator.Build.0 = Release|Any CPU
		{5D404942-0730-4D7E-8DCB-97951E7174A3}.AppStore|Any CPU.ActiveCfg = Release|Any CPU
		{5D404942-0730-4D7E-8DCB-97951E7174A3}.AppStore|Any CPU.Build.0 = Release|Any CPU
		{5D404942-0730-4D7E-8DCB-97951E7174A3}.AppStore|iPhone.ActiveCfg = Release|Any CPU
		{5D404942-0730-4D7E-8DCB-97951E7174A3}.AppStore|iPhone.Build.0 = Release|Any CPU
		{5D404942-0730-4D7E-8DCB-97951E7174A3}.AppStore|iPhoneSimulator.ActiveCfg = Release|Any CPU
		{5D404942-0730-4D7E-8DCB-97951E7174A3}.AppStore|iPhoneSimulator.Build.0 = Release|Any CPU
		{5D404942-0730-4D7E-8DCB-97951E7174A3}.Debug|Any CPU.ActiveCfg = Debug|Any CPU
		{5D404942-0730-4D7E-8DCB-97951E7174A3}.Debug|Any CPU.Build.0 = Debug|Any CPU
		{5D404942-0730-4D7E-8DCB-97951E7174A3}.Debug|iPhone.ActiveCfg = Debug|Any CPU
		{5D404942-0730-4D7E-8DCB-97951E7174A3}.Debug|iPhone.Build.0 = Debug|Any CPU
		{5D404942-0730-4D7E-8DCB-97951E7174A3}.Debug|iPhoneSimulator.ActiveCfg = Debug|Any CPU
		{5D404942-0730-4D7E-8DCB-97951E7174A3}.Debug|iPhoneSimulator.Build.0 = Debug|Any CPU
		{5D404942-0730-4D7E-8DCB-97951E7174A3}.Release|Any CPU.ActiveCfg = Release|Any CPU
		{5D404942-0730-4D7E-8DCB-97951E7174A3}.Release|Any CPU.Build.0 = Release|Any CPU
		{5D404942-0730-4D7E-8DCB-97951E7174A3}.Release|iPhone.ActiveCfg = Release|Any CPU
		{5D404942-0730-4D7E-8DCB-97951E7174A3}.Release|iPhone.Build.0 = Release|Any CPU
		{5D404942-0730-4D7E-8DCB-97951E7174A3}.Release|iPhoneSimulator.ActiveCfg = Release|Any CPU
		{5D404942-0730-4D7E-8DCB-97951E7174A3}.Release|iPhoneSimulator.Build.0 = Release|Any CPU
		{25E0C57A-157E-47E9-B143-46BCB60ED69A}.Ad-Hoc|Any CPU.ActiveCfg = Ad-Hoc|iPhone
		{25E0C57A-157E-47E9-B143-46BCB60ED69A}.Ad-Hoc|iPhone.ActiveCfg = Ad-Hoc|iPhone
		{25E0C57A-157E-47E9-B143-46BCB60ED69A}.Ad-Hoc|iPhone.Build.0 = Ad-Hoc|iPhone
		{25E0C57A-157E-47E9-B143-46BCB60ED69A}.Ad-Hoc|iPhoneSimulator.ActiveCfg = Ad-Hoc|iPhoneSimulator
		{25E0C57A-157E-47E9-B143-46BCB60ED69A}.Ad-Hoc|iPhoneSimulator.Build.0 = Ad-Hoc|iPhoneSimulator
		{25E0C57A-157E-47E9-B143-46BCB60ED69A}.AppStore|Any CPU.ActiveCfg = AppStore|iPhone
		{25E0C57A-157E-47E9-B143-46BCB60ED69A}.AppStore|iPhone.ActiveCfg = AppStore|iPhone
		{25E0C57A-157E-47E9-B143-46BCB60ED69A}.AppStore|iPhone.Build.0 = AppStore|iPhone
		{25E0C57A-157E-47E9-B143-46BCB60ED69A}.AppStore|iPhoneSimulator.ActiveCfg = AppStore|iPhoneSimulator
		{25E0C57A-157E-47E9-B143-46BCB60ED69A}.AppStore|iPhoneSimulator.Build.0 = AppStore|iPhoneSimulator
		{25E0C57A-157E-47E9-B143-46BCB60ED69A}.Debug|Any CPU.ActiveCfg = Debug|iPhone
		{25E0C57A-157E-47E9-B143-46BCB60ED69A}.Debug|iPhone.ActiveCfg = Debug|iPhone
		{25E0C57A-157E-47E9-B143-46BCB60ED69A}.Debug|iPhone.Build.0 = Debug|iPhone
		{25E0C57A-157E-47E9-B143-46BCB60ED69A}.Debug|iPhoneSimulator.ActiveCfg = Debug|iPhoneSimulator
		{25E0C57A-157E-47E9-B143-46BCB60ED69A}.Debug|iPhoneSimulator.Build.0 = Debug|iPhoneSimulator
		{25E0C57A-157E-47E9-B143-46BCB60ED69A}.Release|Any CPU.ActiveCfg = Release|iPhone
		{25E0C57A-157E-47E9-B143-46BCB60ED69A}.Release|iPhone.ActiveCfg = Release|iPhone
		{25E0C57A-157E-47E9-B143-46BCB60ED69A}.Release|iPhone.Build.0 = Release|iPhone
		{25E0C57A-157E-47E9-B143-46BCB60ED69A}.Release|iPhoneSimulator.ActiveCfg = Release|iPhoneSimulator
		{25E0C57A-157E-47E9-B143-46BCB60ED69A}.Release|iPhoneSimulator.Build.0 = Release|iPhoneSimulator
		{E4DD4215-1E53-420E-89CB-9FCA7B3882FF}.Ad-Hoc|Any CPU.ActiveCfg = Release|Any CPU
		{E4DD4215-1E53-420E-89CB-9FCA7B3882FF}.Ad-Hoc|Any CPU.Build.0 = Release|Any CPU
		{E4DD4215-1E53-420E-89CB-9FCA7B3882FF}.Ad-Hoc|Any CPU.Deploy.0 = Release|Any CPU
		{E4DD4215-1E53-420E-89CB-9FCA7B3882FF}.Ad-Hoc|iPhone.ActiveCfg = Release|Any CPU
		{E4DD4215-1E53-420E-89CB-9FCA7B3882FF}.Ad-Hoc|iPhone.Build.0 = Release|Any CPU
		{E4DD4215-1E53-420E-89CB-9FCA7B3882FF}.Ad-Hoc|iPhone.Deploy.0 = Release|Any CPU
		{E4DD4215-1E53-420E-89CB-9FCA7B3882FF}.Ad-Hoc|iPhoneSimulator.ActiveCfg = Release|Any CPU
		{E4DD4215-1E53-420E-89CB-9FCA7B3882FF}.Ad-Hoc|iPhoneSimulator.Build.0 = Release|Any CPU
		{E4DD4215-1E53-420E-89CB-9FCA7B3882FF}.Ad-Hoc|iPhoneSimulator.Deploy.0 = Release|Any CPU
		{E4DD4215-1E53-420E-89CB-9FCA7B3882FF}.AppStore|Any CPU.ActiveCfg = Release|Any CPU
		{E4DD4215-1E53-420E-89CB-9FCA7B3882FF}.AppStore|Any CPU.Build.0 = Release|Any CPU
		{E4DD4215-1E53-420E-89CB-9FCA7B3882FF}.AppStore|Any CPU.Deploy.0 = Release|Any CPU
		{E4DD4215-1E53-420E-89CB-9FCA7B3882FF}.AppStore|iPhone.ActiveCfg = Release|Any CPU
		{E4DD4215-1E53-420E-89CB-9FCA7B3882FF}.AppStore|iPhone.Build.0 = Release|Any CPU
		{E4DD4215-1E53-420E-89CB-9FCA7B3882FF}.AppStore|iPhone.Deploy.0 = Release|Any CPU
		{E4DD4215-1E53-420E-89CB-9FCA7B3882FF}.AppStore|iPhoneSimulator.ActiveCfg = Release|Any CPU
		{E4DD4215-1E53-420E-89CB-9FCA7B3882FF}.AppStore|iPhoneSimulator.Build.0 = Release|Any CPU
		{E4DD4215-1E53-420E-89CB-9FCA7B3882FF}.AppStore|iPhoneSimulator.Deploy.0 = Release|Any CPU
		{E4DD4215-1E53-420E-89CB-9FCA7B3882FF}.Debug|Any CPU.ActiveCfg = Debug|Any CPU
		{E4DD4215-1E53-420E-89CB-9FCA7B3882FF}.Debug|Any CPU.Build.0 = Debug|Any CPU
		{E4DD4215-1E53-420E-89CB-9FCA7B3882FF}.Debug|Any CPU.Deploy.0 = Debug|Any CPU
		{E4DD4215-1E53-420E-89CB-9FCA7B3882FF}.Debug|iPhone.ActiveCfg = Debug|Any CPU
		{E4DD4215-1E53-420E-89CB-9FCA7B3882FF}.Debug|iPhone.Build.0 = Debug|Any CPU
		{E4DD4215-1E53-420E-89CB-9FCA7B3882FF}.Debug|iPhone.Deploy.0 = Debug|Any CPU
		{E4DD4215-1E53-420E-89CB-9FCA7B3882FF}.Debug|iPhoneSimulator.ActiveCfg = Debug|Any CPU
		{E4DD4215-1E53-420E-89CB-9FCA7B3882FF}.Debug|iPhoneSimulator.Build.0 = Debug|Any CPU
		{E4DD4215-1E53-420E-89CB-9FCA7B3882FF}.Debug|iPhoneSimulator.Deploy.0 = Debug|Any CPU
		{E4DD4215-1E53-420E-89CB-9FCA7B3882FF}.Release|Any CPU.ActiveCfg = Release|Any CPU
		{E4DD4215-1E53-420E-89CB-9FCA7B3882FF}.Release|Any CPU.Build.0 = Release|Any CPU
		{E4DD4215-1E53-420E-89CB-9FCA7B3882FF}.Release|Any CPU.Deploy.0 = Release|Any CPU
		{E4DD4215-1E53-420E-89CB-9FCA7B3882FF}.Release|iPhone.ActiveCfg = Release|Any CPU
		{E4DD4215-1E53-420E-89CB-9FCA7B3882FF}.Release|iPhone.Build.0 = Release|Any CPU
		{E4DD4215-1E53-420E-89CB-9FCA7B3882FF}.Release|iPhone.Deploy.0 = Release|Any CPU
		{E4DD4215-1E53-420E-89CB-9FCA7B3882FF}.Release|iPhoneSimulator.ActiveCfg = Release|Any CPU
		{E4DD4215-1E53-420E-89CB-9FCA7B3882FF}.Release|iPhoneSimulator.Build.0 = Release|Any CPU
		{E4DD4215-1E53-420E-89CB-9FCA7B3882FF}.Release|iPhoneSimulator.Deploy.0 = Release|Any CPU
	EndGlobalSection
	GlobalSection(SolutionProperties) = preSolution
		HideSolutionNode = FALSE
	EndGlobalSection
	GlobalSection(NestedProjects) = preSolution
		{20471A76-56D4-43E6-8D56-7011EBADD238} = {60A4A16C-95DE-4145-80BD-639726009A5E}
		{5D404942-0730-4D7E-8DCB-97951E7174A3} = {60A4A16C-95DE-4145-80BD-639726009A5E}
		{25E0C57A-157E-47E9-B143-46BCB60ED69A} = {F186A1AB-01A5-436D-AB67-0B1E5058277E}
		{E4DD4215-1E53-420E-89CB-9FCA7B3882FF} = {F186A1AB-01A5-436D-AB67-0B1E5058277E}
	EndGlobalSection
EndGlobal
