
Microsoft Visual Studio Solution File, Format Version 12.00
# Visual Studio 14
VisualStudioVersion = 14.0.25123.0
MinimumVisualStudioVersion = 10.0.40219.1
Project("{FAE04EC0-301F-11D3-BF4B-00C04F79EFBC}") = "MiniAgg", "PixelFarm\MiniAgg\MiniAgg.csproj", "{4D5CE655-58FA-4523-8E46-738B941E9E47}"
EndProject
Project("{FAE04EC0-301F-11D3-BF4B-00C04F79EFBC}") = "MiniAgg.Complements", "PixelFarm\MiniAgg.Complements\MiniAgg.Complements.csproj", "{AE0DF71E-9B14-4197-B55A-E1E0CE0683C7}"
EndProject
Project("{FAE04EC0-301F-11D3-BF4B-00C04F79EFBC}") = "Tesselate", "PixelFarm\MiniTesselate\Tesselate.csproj", "{AE37DE1F-22F7-49EE-8732-FC6BC8DC58D9}"
EndProject
Project("{2150E333-8FDC-42A3-9474-1A3956D46DE8}") = "3_HardwareBased_Gfx", "3_HardwareBased_Gfx", "{578B46E7-824A-460F-8E70-7B168EA399F2}"
EndProject
Project("{2150E333-8FDC-42A3-9474-1A3956D46DE8}") = "2_SoftwareBased_Gfx", "2_SoftwareBased_Gfx", "{4E282417-77BB-480C-84A1-72A44F229AC1}"
EndProject
Project("{2150E333-8FDC-42A3-9474-1A3956D46DE8}") = "0_Demo", "0_Demo", "{13F19F93-8CDB-4AC4-BF06-51C144FA54C1}"
EndProject
Project("{2150E333-8FDC-42A3-9474-1A3956D46DE8}") = "1_PixelFarm", "1_PixelFarm", "{2EF747E4-862C-4B3E-B865-765B5385D7AC}"
EndProject
Project("{FAE04EC0-301F-11D3-BF4B-00C04F79EFBC}") = "OpenTK.ES", "PixelFarm\MiniAgg.HardwareGraphics\OpenTK.ES\OpenTK.ES.csproj", "{D8FAE26D-C772-4E86-B9F3-439F0A1718B5}"
EndProject
Project("{FAE04EC0-301F-11D3-BF4B-00C04F79EFBC}") = "OpenTK.PlatformMini", "PixelFarm\MiniAgg.HardwareGraphics\OpenTK.PlatformMini\OpenTK.PlatformMini.csproj", "{77870ADC-CE4A-423C-B736-A1FA4AA2D697}"
EndProject
Project("{FAE04EC0-301F-11D3-BF4B-00C04F79EFBC}") = "Mini", "Mini\Mini.csproj", "{A634550F-EDAD-4A1D-872C-730C2FD8C1C9}"
EndProject
Project("{FAE04EC0-301F-11D3-BF4B-00C04F79EFBC}") = "PixelFarm.Drawing", "PixelFarm\PixelFarm.Drawing\PixelFarm.Drawing.csproj", "{51D63482-5697-4B16-8401-506965624657}"
EndProject
Project("{FAE04EC0-301F-11D3-BF4B-00C04F79EFBC}") = "PixelFarm.Drawing.Platforms", "PixelFarm\PixelFarm.Drawing.Platforms\PixelFarm.Drawing.Platforms.csproj", "{1AA171E3-523C-4DD5-A169-DE6322991FF5}"
EndProject
Project("{FAE04EC0-301F-11D3-BF4B-00C04F79EFBC}") = "Pencil.Gaming", "Pencil\Pencil.Gaming\Pencil.Gaming.csproj", "{DDB6DB6D-E5DE-4BDB-8AC8-26DF800E9FF0}"
EndProject
Project("{FAE04EC0-301F-11D3-BF4B-00C04F79EFBC}") = "TestPencil", "Pencil\TestPencil\TestPencil.csproj", "{CE3E9F28-2EC1-4E00-ACAA-574788F1F0F2}"
EndProject
Project("{2150E333-8FDC-42A3-9474-1A3956D46DE8}") = "4_Pencil.Gaming", "4_Pencil.Gaming", "{DE1D5991-F322-453E-BDED-D2A443FBE1BF}"
EndProject
Project("{2150E333-8FDC-42A3-9474-1A3956D46DE8}") = "5_Tools", "5_Tools", "{A0563F0C-443D-4C97-9878-77496145DD55}"
EndProject
Project("{FAE04EC0-301F-11D3-BF4B-00C04F79EFBC}") = "BuildMergeProject", "BuildMergeProject\BuildMergeProject.csproj", "{FA071D34-6C87-425D-8110-9C3595A01106}"
EndProject
Project("{FAE04EC0-301F-11D3-BF4B-00C04F79EFBC}") = "MiniAgg.Hw3", "PixelFarm\MiniAgg.HardwareGraphics\MiniAgg.Hw3\MiniAgg.Hw3.csproj", "{E0BC92C3-6936-4D8F-AE7F-54DDE27DE370}"
EndProject
Project("{FAE04EC0-301F-11D3-BF4B-00C04F79EFBC}") = "TestMiniAggHw3", "PixelFarm\MiniAgg.HardwareGraphics\TestMiniAggHw3\TestMiniAggHw3.csproj", "{FD1C32F3-24ED-467D-9535-1737A0DFA02A}"
EndProject
Global
	GlobalSection(SolutionConfigurationPlatforms) = preSolution
		Compatibility-GLFW2|Any CPU = Compatibility-GLFW2|Any CPU
		Compatibility-GLFW2|Mixed Platforms = Compatibility-GLFW2|Mixed Platforms
		Compatibility-GLFW2|Win32 = Compatibility-GLFW2|Win32
		Compatibility-GLFW2|x86 = Compatibility-GLFW2|x86
		Compatibility-GLFW3|Any CPU = Compatibility-GLFW3|Any CPU
		Compatibility-GLFW3|Mixed Platforms = Compatibility-GLFW3|Mixed Platforms
		Compatibility-GLFW3|Win32 = Compatibility-GLFW3|Win32
		Compatibility-GLFW3|x86 = Compatibility-GLFW3|x86
		Core-GLFW2|Any CPU = Core-GLFW2|Any CPU
		Core-GLFW2|Mixed Platforms = Core-GLFW2|Mixed Platforms
		Core-GLFW2|Win32 = Core-GLFW2|Win32
		Core-GLFW2|x86 = Core-GLFW2|x86
		Core-GLFW3|Any CPU = Core-GLFW3|Any CPU
		Core-GLFW3|Mixed Platforms = Core-GLFW3|Mixed Platforms
		Core-GLFW3|Win32 = Core-GLFW3|Win32
		Core-GLFW3|x86 = Core-GLFW3|x86
		Debug|Any CPU = Debug|Any CPU
		Debug|Mixed Platforms = Debug|Mixed Platforms
		Debug|Win32 = Debug|Win32
		Debug|x86 = Debug|x86
		Release|Any CPU = Release|Any CPU
		Release|Mixed Platforms = Release|Mixed Platforms
		Release|Win32 = Release|Win32
		Release|x86 = Release|x86
		Release64|Any CPU = Release64|Any CPU
		Release64|Mixed Platforms = Release64|Mixed Platforms
		Release64|Win32 = Release64|Win32
		Release64|x86 = Release64|x86
	EndGlobalSection
	GlobalSection(ProjectConfigurationPlatforms) = postSolution
		{4D5CE655-58FA-4523-8E46-738B941E9E47}.Compatibility-GLFW2|Any CPU.ActiveCfg = Release|Any CPU
		{4D5CE655-58FA-4523-8E46-738B941E9E47}.Compatibility-GLFW2|Any CPU.Build.0 = Release|Any CPU
		{4D5CE655-58FA-4523-8E46-738B941E9E47}.Compatibility-GLFW2|Mixed Platforms.ActiveCfg = Release|Any CPU
		{4D5CE655-58FA-4523-8E46-738B941E9E47}.Compatibility-GLFW2|Mixed Platforms.Build.0 = Release|Any CPU
		{4D5CE655-58FA-4523-8E46-738B941E9E47}.Compatibility-GLFW2|Win32.ActiveCfg = Release|Any CPU
		{4D5CE655-58FA-4523-8E46-738B941E9E47}.Compatibility-GLFW2|x86.ActiveCfg = Release|Any CPU
		{4D5CE655-58FA-4523-8E46-738B941E9E47}.Compatibility-GLFW3|Any CPU.ActiveCfg = Release|Any CPU
		{4D5CE655-58FA-4523-8E46-738B941E9E47}.Compatibility-GLFW3|Any CPU.Build.0 = Release|Any CPU
		{4D5CE655-58FA-4523-8E46-738B941E9E47}.Compatibility-GLFW3|Mixed Platforms.ActiveCfg = Release|Any CPU
		{4D5CE655-58FA-4523-8E46-738B941E9E47}.Compatibility-GLFW3|Mixed Platforms.Build.0 = Release|Any CPU
		{4D5CE655-58FA-4523-8E46-738B941E9E47}.Compatibility-GLFW3|Win32.ActiveCfg = Release|Any CPU
		{4D5CE655-58FA-4523-8E46-738B941E9E47}.Compatibility-GLFW3|x86.ActiveCfg = Release|Any CPU
		{4D5CE655-58FA-4523-8E46-738B941E9E47}.Core-GLFW2|Any CPU.ActiveCfg = Release|Any CPU
		{4D5CE655-58FA-4523-8E46-738B941E9E47}.Core-GLFW2|Any CPU.Build.0 = Release|Any CPU
		{4D5CE655-58FA-4523-8E46-738B941E9E47}.Core-GLFW2|Mixed Platforms.ActiveCfg = Release|Any CPU
		{4D5CE655-58FA-4523-8E46-738B941E9E47}.Core-GLFW2|Mixed Platforms.Build.0 = Release|Any CPU
		{4D5CE655-58FA-4523-8E46-738B941E9E47}.Core-GLFW2|Win32.ActiveCfg = Release|Any CPU
		{4D5CE655-58FA-4523-8E46-738B941E9E47}.Core-GLFW2|x86.ActiveCfg = Release|Any CPU
		{4D5CE655-58FA-4523-8E46-738B941E9E47}.Core-GLFW3|Any CPU.ActiveCfg = Release|Any CPU
		{4D5CE655-58FA-4523-8E46-738B941E9E47}.Core-GLFW3|Any CPU.Build.0 = Release|Any CPU
		{4D5CE655-58FA-4523-8E46-738B941E9E47}.Core-GLFW3|Mixed Platforms.ActiveCfg = Release|Any CPU
		{4D5CE655-58FA-4523-8E46-738B941E9E47}.Core-GLFW3|Mixed Platforms.Build.0 = Release|Any CPU
		{4D5CE655-58FA-4523-8E46-738B941E9E47}.Core-GLFW3|Win32.ActiveCfg = Release|Any CPU
		{4D5CE655-58FA-4523-8E46-738B941E9E47}.Core-GLFW3|x86.ActiveCfg = Release|Any CPU
		{4D5CE655-58FA-4523-8E46-738B941E9E47}.Debug|Any CPU.ActiveCfg = Debug|Any CPU
		{4D5CE655-58FA-4523-8E46-738B941E9E47}.Debug|Any CPU.Build.0 = Debug|Any CPU
		{4D5CE655-58FA-4523-8E46-738B941E9E47}.Debug|Mixed Platforms.ActiveCfg = Debug|Any CPU
		{4D5CE655-58FA-4523-8E46-738B941E9E47}.Debug|Mixed Platforms.Build.0 = Debug|Any CPU
		{4D5CE655-58FA-4523-8E46-738B941E9E47}.Debug|Win32.ActiveCfg = Debug|Any CPU
		{4D5CE655-58FA-4523-8E46-738B941E9E47}.Debug|x86.ActiveCfg = Debug|Any CPU
		{4D5CE655-58FA-4523-8E46-738B941E9E47}.Release|Any CPU.ActiveCfg = Release|Any CPU
		{4D5CE655-58FA-4523-8E46-738B941E9E47}.Release|Any CPU.Build.0 = Release|Any CPU
		{4D5CE655-58FA-4523-8E46-738B941E9E47}.Release|Mixed Platforms.ActiveCfg = Release|Any CPU
		{4D5CE655-58FA-4523-8E46-738B941E9E47}.Release|Mixed Platforms.Build.0 = Release|Any CPU
		{4D5CE655-58FA-4523-8E46-738B941E9E47}.Release|Win32.ActiveCfg = Release|Any CPU
		{4D5CE655-58FA-4523-8E46-738B941E9E47}.Release|x86.ActiveCfg = Release|Any CPU
		{4D5CE655-58FA-4523-8E46-738B941E9E47}.Release64|Any CPU.ActiveCfg = Release|Any CPU
		{4D5CE655-58FA-4523-8E46-738B941E9E47}.Release64|Any CPU.Build.0 = Release|Any CPU
		{4D5CE655-58FA-4523-8E46-738B941E9E47}.Release64|Mixed Platforms.ActiveCfg = Release|Any CPU
		{4D5CE655-58FA-4523-8E46-738B941E9E47}.Release64|Mixed Platforms.Build.0 = Release|Any CPU
		{4D5CE655-58FA-4523-8E46-738B941E9E47}.Release64|Win32.ActiveCfg = Release|Any CPU
		{4D5CE655-58FA-4523-8E46-738B941E9E47}.Release64|x86.ActiveCfg = Release|Any CPU
		{AE0DF71E-9B14-4197-B55A-E1E0CE0683C7}.Compatibility-GLFW2|Any CPU.ActiveCfg = Release|Any CPU
		{AE0DF71E-9B14-4197-B55A-E1E0CE0683C7}.Compatibility-GLFW2|Any CPU.Build.0 = Release|Any CPU
		{AE0DF71E-9B14-4197-B55A-E1E0CE0683C7}.Compatibility-GLFW2|Mixed Platforms.ActiveCfg = Release|Any CPU
		{AE0DF71E-9B14-4197-B55A-E1E0CE0683C7}.Compatibility-GLFW2|Mixed Platforms.Build.0 = Release|Any CPU
		{AE0DF71E-9B14-4197-B55A-E1E0CE0683C7}.Compatibility-GLFW2|Win32.ActiveCfg = Release|Any CPU
		{AE0DF71E-9B14-4197-B55A-E1E0CE0683C7}.Compatibility-GLFW2|x86.ActiveCfg = Release|Any CPU
		{AE0DF71E-9B14-4197-B55A-E1E0CE0683C7}.Compatibility-GLFW3|Any CPU.ActiveCfg = Release|Any CPU
		{AE0DF71E-9B14-4197-B55A-E1E0CE0683C7}.Compatibility-GLFW3|Any CPU.Build.0 = Release|Any CPU
		{AE0DF71E-9B14-4197-B55A-E1E0CE0683C7}.Compatibility-GLFW3|Mixed Platforms.ActiveCfg = Release|Any CPU
		{AE0DF71E-9B14-4197-B55A-E1E0CE0683C7}.Compatibility-GLFW3|Mixed Platforms.Build.0 = Release|Any CPU
		{AE0DF71E-9B14-4197-B55A-E1E0CE0683C7}.Compatibility-GLFW3|Win32.ActiveCfg = Release|Any CPU
		{AE0DF71E-9B14-4197-B55A-E1E0CE0683C7}.Compatibility-GLFW3|x86.ActiveCfg = Release|Any CPU
		{AE0DF71E-9B14-4197-B55A-E1E0CE0683C7}.Core-GLFW2|Any CPU.ActiveCfg = Release|Any CPU
		{AE0DF71E-9B14-4197-B55A-E1E0CE0683C7}.Core-GLFW2|Any CPU.Build.0 = Release|Any CPU
		{AE0DF71E-9B14-4197-B55A-E1E0CE0683C7}.Core-GLFW2|Mixed Platforms.ActiveCfg = Release|Any CPU
		{AE0DF71E-9B14-4197-B55A-E1E0CE0683C7}.Core-GLFW2|Mixed Platforms.Build.0 = Release|Any CPU
		{AE0DF71E-9B14-4197-B55A-E1E0CE0683C7}.Core-GLFW2|Win32.ActiveCfg = Release|Any CPU
		{AE0DF71E-9B14-4197-B55A-E1E0CE0683C7}.Core-GLFW2|x86.ActiveCfg = Release|Any CPU
		{AE0DF71E-9B14-4197-B55A-E1E0CE0683C7}.Core-GLFW3|Any CPU.ActiveCfg = Release|Any CPU
		{AE0DF71E-9B14-4197-B55A-E1E0CE0683C7}.Core-GLFW3|Any CPU.Build.0 = Release|Any CPU
		{AE0DF71E-9B14-4197-B55A-E1E0CE0683C7}.Core-GLFW3|Mixed Platforms.ActiveCfg = Release|Any CPU
		{AE0DF71E-9B14-4197-B55A-E1E0CE0683C7}.Core-GLFW3|Mixed Platforms.Build.0 = Release|Any CPU
		{AE0DF71E-9B14-4197-B55A-E1E0CE0683C7}.Core-GLFW3|Win32.ActiveCfg = Release|Any CPU
		{AE0DF71E-9B14-4197-B55A-E1E0CE0683C7}.Core-GLFW3|x86.ActiveCfg = Release|Any CPU
		{AE0DF71E-9B14-4197-B55A-E1E0CE0683C7}.Debug|Any CPU.ActiveCfg = Debug|Any CPU
		{AE0DF71E-9B14-4197-B55A-E1E0CE0683C7}.Debug|Any CPU.Build.0 = Debug|Any CPU
		{AE0DF71E-9B14-4197-B55A-E1E0CE0683C7}.Debug|Mixed Platforms.ActiveCfg = Debug|Any CPU
		{AE0DF71E-9B14-4197-B55A-E1E0CE0683C7}.Debug|Mixed Platforms.Build.0 = Debug|Any CPU
		{AE0DF71E-9B14-4197-B55A-E1E0CE0683C7}.Debug|Win32.ActiveCfg = Debug|Any CPU
		{AE0DF71E-9B14-4197-B55A-E1E0CE0683C7}.Debug|x86.ActiveCfg = Debug|Any CPU
		{AE0DF71E-9B14-4197-B55A-E1E0CE0683C7}.Release|Any CPU.ActiveCfg = Release|Any CPU
		{AE0DF71E-9B14-4197-B55A-E1E0CE0683C7}.Release|Any CPU.Build.0 = Release|Any CPU
		{AE0DF71E-9B14-4197-B55A-E1E0CE0683C7}.Release|Mixed Platforms.ActiveCfg = Release|Any CPU
		{AE0DF71E-9B14-4197-B55A-E1E0CE0683C7}.Release|Mixed Platforms.Build.0 = Release|Any CPU
		{AE0DF71E-9B14-4197-B55A-E1E0CE0683C7}.Release|Win32.ActiveCfg = Release|Any CPU
		{AE0DF71E-9B14-4197-B55A-E1E0CE0683C7}.Release|x86.ActiveCfg = Release|Any CPU
		{AE0DF71E-9B14-4197-B55A-E1E0CE0683C7}.Release64|Any CPU.ActiveCfg = Release|Any CPU
		{AE0DF71E-9B14-4197-B55A-E1E0CE0683C7}.Release64|Any CPU.Build.0 = Release|Any CPU
		{AE0DF71E-9B14-4197-B55A-E1E0CE0683C7}.Release64|Mixed Platforms.ActiveCfg = Release|Any CPU
		{AE0DF71E-9B14-4197-B55A-E1E0CE0683C7}.Release64|Mixed Platforms.Build.0 = Release|Any CPU
		{AE0DF71E-9B14-4197-B55A-E1E0CE0683C7}.Release64|Win32.ActiveCfg = Release|Any CPU
		{AE0DF71E-9B14-4197-B55A-E1E0CE0683C7}.Release64|x86.ActiveCfg = Release|Any CPU
		{AE37DE1F-22F7-49EE-8732-FC6BC8DC58D9}.Compatibility-GLFW2|Any CPU.ActiveCfg = Release64|Any CPU
		{AE37DE1F-22F7-49EE-8732-FC6BC8DC58D9}.Compatibility-GLFW2|Any CPU.Build.0 = Release64|Any CPU
		{AE37DE1F-22F7-49EE-8732-FC6BC8DC58D9}.Compatibility-GLFW2|Mixed Platforms.ActiveCfg = Release64|Any CPU
		{AE37DE1F-22F7-49EE-8732-FC6BC8DC58D9}.Compatibility-GLFW2|Mixed Platforms.Build.0 = Release64|Any CPU
		{AE37DE1F-22F7-49EE-8732-FC6BC8DC58D9}.Compatibility-GLFW2|Win32.ActiveCfg = Release64|Any CPU
		{AE37DE1F-22F7-49EE-8732-FC6BC8DC58D9}.Compatibility-GLFW2|x86.ActiveCfg = Release64|Any CPU
		{AE37DE1F-22F7-49EE-8732-FC6BC8DC58D9}.Compatibility-GLFW3|Any CPU.ActiveCfg = Release64|Any CPU
		{AE37DE1F-22F7-49EE-8732-FC6BC8DC58D9}.Compatibility-GLFW3|Any CPU.Build.0 = Release64|Any CPU
		{AE37DE1F-22F7-49EE-8732-FC6BC8DC58D9}.Compatibility-GLFW3|Mixed Platforms.ActiveCfg = Release64|Any CPU
		{AE37DE1F-22F7-49EE-8732-FC6BC8DC58D9}.Compatibility-GLFW3|Mixed Platforms.Build.0 = Release64|Any CPU
		{AE37DE1F-22F7-49EE-8732-FC6BC8DC58D9}.Compatibility-GLFW3|Win32.ActiveCfg = Release64|Any CPU
		{AE37DE1F-22F7-49EE-8732-FC6BC8DC58D9}.Compatibility-GLFW3|x86.ActiveCfg = Release64|Any CPU
		{AE37DE1F-22F7-49EE-8732-FC6BC8DC58D9}.Core-GLFW2|Any CPU.ActiveCfg = Release64|Any CPU
		{AE37DE1F-22F7-49EE-8732-FC6BC8DC58D9}.Core-GLFW2|Any CPU.Build.0 = Release64|Any CPU
		{AE37DE1F-22F7-49EE-8732-FC6BC8DC58D9}.Core-GLFW2|Mixed Platforms.ActiveCfg = Release64|Any CPU
		{AE37DE1F-22F7-49EE-8732-FC6BC8DC58D9}.Core-GLFW2|Mixed Platforms.Build.0 = Release64|Any CPU
		{AE37DE1F-22F7-49EE-8732-FC6BC8DC58D9}.Core-GLFW2|Win32.ActiveCfg = Release64|Any CPU
		{AE37DE1F-22F7-49EE-8732-FC6BC8DC58D9}.Core-GLFW2|x86.ActiveCfg = Release64|Any CPU
		{AE37DE1F-22F7-49EE-8732-FC6BC8DC58D9}.Core-GLFW3|Any CPU.ActiveCfg = Release64|Any CPU
		{AE37DE1F-22F7-49EE-8732-FC6BC8DC58D9}.Core-GLFW3|Any CPU.Build.0 = Release64|Any CPU
		{AE37DE1F-22F7-49EE-8732-FC6BC8DC58D9}.Core-GLFW3|Mixed Platforms.ActiveCfg = Release64|Any CPU
		{AE37DE1F-22F7-49EE-8732-FC6BC8DC58D9}.Core-GLFW3|Mixed Platforms.Build.0 = Release64|Any CPU
		{AE37DE1F-22F7-49EE-8732-FC6BC8DC58D9}.Core-GLFW3|Win32.ActiveCfg = Release64|Any CPU
		{AE37DE1F-22F7-49EE-8732-FC6BC8DC58D9}.Core-GLFW3|x86.ActiveCfg = Release64|Any CPU
		{AE37DE1F-22F7-49EE-8732-FC6BC8DC58D9}.Debug|Any CPU.ActiveCfg = Debug|Any CPU
		{AE37DE1F-22F7-49EE-8732-FC6BC8DC58D9}.Debug|Any CPU.Build.0 = Debug|Any CPU
		{AE37DE1F-22F7-49EE-8732-FC6BC8DC58D9}.Debug|Mixed Platforms.ActiveCfg = Debug|Any CPU
		{AE37DE1F-22F7-49EE-8732-FC6BC8DC58D9}.Debug|Mixed Platforms.Build.0 = Debug|Any CPU
		{AE37DE1F-22F7-49EE-8732-FC6BC8DC58D9}.Debug|Win32.ActiveCfg = Debug|Any CPU
		{AE37DE1F-22F7-49EE-8732-FC6BC8DC58D9}.Debug|x86.ActiveCfg = Debug|Any CPU
		{AE37DE1F-22F7-49EE-8732-FC6BC8DC58D9}.Release|Any CPU.ActiveCfg = Release|Any CPU
		{AE37DE1F-22F7-49EE-8732-FC6BC8DC58D9}.Release|Any CPU.Build.0 = Release|Any CPU
		{AE37DE1F-22F7-49EE-8732-FC6BC8DC58D9}.Release|Mixed Platforms.ActiveCfg = Release|Any CPU
		{AE37DE1F-22F7-49EE-8732-FC6BC8DC58D9}.Release|Mixed Platforms.Build.0 = Release|Any CPU
		{AE37DE1F-22F7-49EE-8732-FC6BC8DC58D9}.Release|Win32.ActiveCfg = Release|Any CPU
		{AE37DE1F-22F7-49EE-8732-FC6BC8DC58D9}.Release|x86.ActiveCfg = Release|Any CPU
		{AE37DE1F-22F7-49EE-8732-FC6BC8DC58D9}.Release64|Any CPU.ActiveCfg = Release64|Any CPU
		{AE37DE1F-22F7-49EE-8732-FC6BC8DC58D9}.Release64|Any CPU.Build.0 = Release64|Any CPU
		{AE37DE1F-22F7-49EE-8732-FC6BC8DC58D9}.Release64|Mixed Platforms.ActiveCfg = Release64|Any CPU
		{AE37DE1F-22F7-49EE-8732-FC6BC8DC58D9}.Release64|Mixed Platforms.Build.0 = Release64|Any CPU
		{AE37DE1F-22F7-49EE-8732-FC6BC8DC58D9}.Release64|Win32.ActiveCfg = Release64|Any CPU
		{AE37DE1F-22F7-49EE-8732-FC6BC8DC58D9}.Release64|x86.ActiveCfg = Release64|Any CPU
		{D8FAE26D-C772-4E86-B9F3-439F0A1718B5}.Compatibility-GLFW2|Any CPU.ActiveCfg = Release|Any CPU
		{D8FAE26D-C772-4E86-B9F3-439F0A1718B5}.Compatibility-GLFW2|Any CPU.Build.0 = Release|Any CPU
		{D8FAE26D-C772-4E86-B9F3-439F0A1718B5}.Compatibility-GLFW2|Mixed Platforms.ActiveCfg = Release|Any CPU
		{D8FAE26D-C772-4E86-B9F3-439F0A1718B5}.Compatibility-GLFW2|Mixed Platforms.Build.0 = Release|Any CPU
		{D8FAE26D-C772-4E86-B9F3-439F0A1718B5}.Compatibility-GLFW2|Win32.ActiveCfg = Release|Any CPU
		{D8FAE26D-C772-4E86-B9F3-439F0A1718B5}.Compatibility-GLFW2|x86.ActiveCfg = Release|Any CPU
		{D8FAE26D-C772-4E86-B9F3-439F0A1718B5}.Compatibility-GLFW3|Any CPU.ActiveCfg = Release|Any CPU
		{D8FAE26D-C772-4E86-B9F3-439F0A1718B5}.Compatibility-GLFW3|Any CPU.Build.0 = Release|Any CPU
		{D8FAE26D-C772-4E86-B9F3-439F0A1718B5}.Compatibility-GLFW3|Mixed Platforms.ActiveCfg = Release|Any CPU
		{D8FAE26D-C772-4E86-B9F3-439F0A1718B5}.Compatibility-GLFW3|Mixed Platforms.Build.0 = Release|Any CPU
		{D8FAE26D-C772-4E86-B9F3-439F0A1718B5}.Compatibility-GLFW3|Win32.ActiveCfg = Release|Any CPU
		{D8FAE26D-C772-4E86-B9F3-439F0A1718B5}.Compatibility-GLFW3|x86.ActiveCfg = Release|Any CPU
		{D8FAE26D-C772-4E86-B9F3-439F0A1718B5}.Core-GLFW2|Any CPU.ActiveCfg = Release|Any CPU
		{D8FAE26D-C772-4E86-B9F3-439F0A1718B5}.Core-GLFW2|Any CPU.Build.0 = Release|Any CPU
		{D8FAE26D-C772-4E86-B9F3-439F0A1718B5}.Core-GLFW2|Mixed Platforms.ActiveCfg = Release|Any CPU
		{D8FAE26D-C772-4E86-B9F3-439F0A1718B5}.Core-GLFW2|Mixed Platforms.Build.0 = Release|Any CPU
		{D8FAE26D-C772-4E86-B9F3-439F0A1718B5}.Core-GLFW2|Win32.ActiveCfg = Release|Any CPU
		{D8FAE26D-C772-4E86-B9F3-439F0A1718B5}.Core-GLFW2|x86.ActiveCfg = Release|Any CPU
		{D8FAE26D-C772-4E86-B9F3-439F0A1718B5}.Core-GLFW3|Any CPU.ActiveCfg = Release|Any CPU
		{D8FAE26D-C772-4E86-B9F3-439F0A1718B5}.Core-GLFW3|Any CPU.Build.0 = Release|Any CPU
		{D8FAE26D-C772-4E86-B9F3-439F0A1718B5}.Core-GLFW3|Mixed Platforms.ActiveCfg = Release|Any CPU
		{D8FAE26D-C772-4E86-B9F3-439F0A1718B5}.Core-GLFW3|Mixed Platforms.Build.0 = Release|Any CPU
		{D8FAE26D-C772-4E86-B9F3-439F0A1718B5}.Core-GLFW3|Win32.ActiveCfg = Release|Any CPU
		{D8FAE26D-C772-4E86-B9F3-439F0A1718B5}.Core-GLFW3|x86.ActiveCfg = Release|Any CPU
		{D8FAE26D-C772-4E86-B9F3-439F0A1718B5}.Debug|Any CPU.ActiveCfg = Debug|Any CPU
		{D8FAE26D-C772-4E86-B9F3-439F0A1718B5}.Debug|Any CPU.Build.0 = Debug|Any CPU
		{D8FAE26D-C772-4E86-B9F3-439F0A1718B5}.Debug|Mixed Platforms.ActiveCfg = Debug|Any CPU
		{D8FAE26D-C772-4E86-B9F3-439F0A1718B5}.Debug|Mixed Platforms.Build.0 = Debug|Any CPU
		{D8FAE26D-C772-4E86-B9F3-439F0A1718B5}.Debug|Win32.ActiveCfg = Debug|Any CPU
		{D8FAE26D-C772-4E86-B9F3-439F0A1718B5}.Debug|x86.ActiveCfg = Debug|Any CPU
		{D8FAE26D-C772-4E86-B9F3-439F0A1718B5}.Release|Any CPU.ActiveCfg = Release|Any CPU
		{D8FAE26D-C772-4E86-B9F3-439F0A1718B5}.Release|Any CPU.Build.0 = Release|Any CPU
		{D8FAE26D-C772-4E86-B9F3-439F0A1718B5}.Release|Mixed Platforms.ActiveCfg = Release|Any CPU
		{D8FAE26D-C772-4E86-B9F3-439F0A1718B5}.Release|Mixed Platforms.Build.0 = Release|Any CPU
		{D8FAE26D-C772-4E86-B9F3-439F0A1718B5}.Release|Win32.ActiveCfg = Release|Any CPU
		{D8FAE26D-C772-4E86-B9F3-439F0A1718B5}.Release|x86.ActiveCfg = Release|Any CPU
		{D8FAE26D-C772-4E86-B9F3-439F0A1718B5}.Release64|Any CPU.ActiveCfg = Release|Any CPU
		{D8FAE26D-C772-4E86-B9F3-439F0A1718B5}.Release64|Any CPU.Build.0 = Release|Any CPU
		{D8FAE26D-C772-4E86-B9F3-439F0A1718B5}.Release64|Mixed Platforms.ActiveCfg = Release|Any CPU
		{D8FAE26D-C772-4E86-B9F3-439F0A1718B5}.Release64|Mixed Platforms.Build.0 = Release|Any CPU
		{D8FAE26D-C772-4E86-B9F3-439F0A1718B5}.Release64|Win32.ActiveCfg = Release|Any CPU
		{D8FAE26D-C772-4E86-B9F3-439F0A1718B5}.Release64|x86.ActiveCfg = Release|Any CPU
		{77870ADC-CE4A-423C-B736-A1FA4AA2D697}.Compatibility-GLFW2|Any CPU.ActiveCfg = Release|Any CPU
		{77870ADC-CE4A-423C-B736-A1FA4AA2D697}.Compatibility-GLFW2|Any CPU.Build.0 = Release|Any CPU
		{77870ADC-CE4A-423C-B736-A1FA4AA2D697}.Compatibility-GLFW2|Mixed Platforms.ActiveCfg = Release|Any CPU
		{77870ADC-CE4A-423C-B736-A1FA4AA2D697}.Compatibility-GLFW2|Mixed Platforms.Build.0 = Release|Any CPU
		{77870ADC-CE4A-423C-B736-A1FA4AA2D697}.Compatibility-GLFW2|Win32.ActiveCfg = Release|Any CPU
		{77870ADC-CE4A-423C-B736-A1FA4AA2D697}.Compatibility-GLFW2|x86.ActiveCfg = Release|Any CPU
		{77870ADC-CE4A-423C-B736-A1FA4AA2D697}.Compatibility-GLFW3|Any CPU.ActiveCfg = Release|Any CPU
		{77870ADC-CE4A-423C-B736-A1FA4AA2D697}.Compatibility-GLFW3|Any CPU.Build.0 = Release|Any CPU
		{77870ADC-CE4A-423C-B736-A1FA4AA2D697}.Compatibility-GLFW3|Mixed Platforms.ActiveCfg = Release|Any CPU
		{77870ADC-CE4A-423C-B736-A1FA4AA2D697}.Compatibility-GLFW3|Mixed Platforms.Build.0 = Release|Any CPU
		{77870ADC-CE4A-423C-B736-A1FA4AA2D697}.Compatibility-GLFW3|Win32.ActiveCfg = Release|Any CPU
		{77870ADC-CE4A-423C-B736-A1FA4AA2D697}.Compatibility-GLFW3|x86.ActiveCfg = Release|Any CPU
		{77870ADC-CE4A-423C-B736-A1FA4AA2D697}.Core-GLFW2|Any CPU.ActiveCfg = Release|Any CPU
		{77870ADC-CE4A-423C-B736-A1FA4AA2D697}.Core-GLFW2|Any CPU.Build.0 = Release|Any CPU
		{77870ADC-CE4A-423C-B736-A1FA4AA2D697}.Core-GLFW2|Mixed Platforms.ActiveCfg = Release|Any CPU
		{77870ADC-CE4A-423C-B736-A1FA4AA2D697}.Core-GLFW2|Mixed Platforms.Build.0 = Release|Any CPU
		{77870ADC-CE4A-423C-B736-A1FA4AA2D697}.Core-GLFW2|Win32.ActiveCfg = Release|Any CPU
		{77870ADC-CE4A-423C-B736-A1FA4AA2D697}.Core-GLFW2|x86.ActiveCfg = Release|Any CPU
		{77870ADC-CE4A-423C-B736-A1FA4AA2D697}.Core-GLFW3|Any CPU.ActiveCfg = Release|Any CPU
		{77870ADC-CE4A-423C-B736-A1FA4AA2D697}.Core-GLFW3|Any CPU.Build.0 = Release|Any CPU
		{77870ADC-CE4A-423C-B736-A1FA4AA2D697}.Core-GLFW3|Mixed Platforms.ActiveCfg = Release|Any CPU
		{77870ADC-CE4A-423C-B736-A1FA4AA2D697}.Core-GLFW3|Mixed Platforms.Build.0 = Release|Any CPU
		{77870ADC-CE4A-423C-B736-A1FA4AA2D697}.Core-GLFW3|Win32.ActiveCfg = Release|Any CPU
		{77870ADC-CE4A-423C-B736-A1FA4AA2D697}.Core-GLFW3|x86.ActiveCfg = Release|Any CPU
		{77870ADC-CE4A-423C-B736-A1FA4AA2D697}.Debug|Any CPU.ActiveCfg = Debug|Any CPU
		{77870ADC-CE4A-423C-B736-A1FA4AA2D697}.Debug|Any CPU.Build.0 = Debug|Any CPU
		{77870ADC-CE4A-423C-B736-A1FA4AA2D697}.Debug|Mixed Platforms.ActiveCfg = Debug|Any CPU
		{77870ADC-CE4A-423C-B736-A1FA4AA2D697}.Debug|Mixed Platforms.Build.0 = Debug|Any CPU
		{77870ADC-CE4A-423C-B736-A1FA4AA2D697}.Debug|Win32.ActiveCfg = Debug|Any CPU
		{77870ADC-CE4A-423C-B736-A1FA4AA2D697}.Debug|x86.ActiveCfg = Debug|Any CPU
		{77870ADC-CE4A-423C-B736-A1FA4AA2D697}.Release|Any CPU.ActiveCfg = Release|Any CPU
		{77870ADC-CE4A-423C-B736-A1FA4AA2D697}.Release|Any CPU.Build.0 = Release|Any CPU
		{77870ADC-CE4A-423C-B736-A1FA4AA2D697}.Release|Mixed Platforms.ActiveCfg = Release|Any CPU
		{77870ADC-CE4A-423C-B736-A1FA4AA2D697}.Release|Mixed Platforms.Build.0 = Release|Any CPU
		{77870ADC-CE4A-423C-B736-A1FA4AA2D697}.Release|Win32.ActiveCfg = Release|Any CPU
		{77870ADC-CE4A-423C-B736-A1FA4AA2D697}.Release|x86.ActiveCfg = Release|Any CPU
		{77870ADC-CE4A-423C-B736-A1FA4AA2D697}.Release64|Any CPU.ActiveCfg = Release|Any CPU
		{77870ADC-CE4A-423C-B736-A1FA4AA2D697}.Release64|Any CPU.Build.0 = Release|Any CPU
		{77870ADC-CE4A-423C-B736-A1FA4AA2D697}.Release64|Mixed Platforms.ActiveCfg = Release|Any CPU
		{77870ADC-CE4A-423C-B736-A1FA4AA2D697}.Release64|Mixed Platforms.Build.0 = Release|Any CPU
		{77870ADC-CE4A-423C-B736-A1FA4AA2D697}.Release64|Win32.ActiveCfg = Release|Any CPU
		{77870ADC-CE4A-423C-B736-A1FA4AA2D697}.Release64|x86.ActiveCfg = Release|Any CPU
		{A634550F-EDAD-4A1D-872C-730C2FD8C1C9}.Compatibility-GLFW2|Any CPU.ActiveCfg = Release|x86
		{A634550F-EDAD-4A1D-872C-730C2FD8C1C9}.Compatibility-GLFW2|Mixed Platforms.ActiveCfg = Release|x86
		{A634550F-EDAD-4A1D-872C-730C2FD8C1C9}.Compatibility-GLFW2|Mixed Platforms.Build.0 = Release|x86
		{A634550F-EDAD-4A1D-872C-730C2FD8C1C9}.Compatibility-GLFW2|Win32.ActiveCfg = Release|x86
		{A634550F-EDAD-4A1D-872C-730C2FD8C1C9}.Compatibility-GLFW2|x86.ActiveCfg = Release|x86
		{A634550F-EDAD-4A1D-872C-730C2FD8C1C9}.Compatibility-GLFW2|x86.Build.0 = Release|x86
		{A634550F-EDAD-4A1D-872C-730C2FD8C1C9}.Compatibility-GLFW3|Any CPU.ActiveCfg = Release|x86
		{A634550F-EDAD-4A1D-872C-730C2FD8C1C9}.Compatibility-GLFW3|Mixed Platforms.ActiveCfg = Release|x86
		{A634550F-EDAD-4A1D-872C-730C2FD8C1C9}.Compatibility-GLFW3|Mixed Platforms.Build.0 = Release|x86
		{A634550F-EDAD-4A1D-872C-730C2FD8C1C9}.Compatibility-GLFW3|Win32.ActiveCfg = Release|x86
		{A634550F-EDAD-4A1D-872C-730C2FD8C1C9}.Compatibility-GLFW3|x86.ActiveCfg = Release|x86
		{A634550F-EDAD-4A1D-872C-730C2FD8C1C9}.Compatibility-GLFW3|x86.Build.0 = Release|x86
		{A634550F-EDAD-4A1D-872C-730C2FD8C1C9}.Core-GLFW2|Any CPU.ActiveCfg = Release|x86
		{A634550F-EDAD-4A1D-872C-730C2FD8C1C9}.Core-GLFW2|Mixed Platforms.ActiveCfg = Release|x86
		{A634550F-EDAD-4A1D-872C-730C2FD8C1C9}.Core-GLFW2|Mixed Platforms.Build.0 = Release|x86
		{A634550F-EDAD-4A1D-872C-730C2FD8C1C9}.Core-GLFW2|Win32.ActiveCfg = Release|x86
		{A634550F-EDAD-4A1D-872C-730C2FD8C1C9}.Core-GLFW2|x86.ActiveCfg = Release|x86
		{A634550F-EDAD-4A1D-872C-730C2FD8C1C9}.Core-GLFW2|x86.Build.0 = Release|x86
		{A634550F-EDAD-4A1D-872C-730C2FD8C1C9}.Core-GLFW3|Any CPU.ActiveCfg = Release|x86
		{A634550F-EDAD-4A1D-872C-730C2FD8C1C9}.Core-GLFW3|Mixed Platforms.ActiveCfg = Release|x86
		{A634550F-EDAD-4A1D-872C-730C2FD8C1C9}.Core-GLFW3|Mixed Platforms.Build.0 = Release|x86
		{A634550F-EDAD-4A1D-872C-730C2FD8C1C9}.Core-GLFW3|Win32.ActiveCfg = Release|x86
		{A634550F-EDAD-4A1D-872C-730C2FD8C1C9}.Core-GLFW3|x86.ActiveCfg = Release|x86
		{A634550F-EDAD-4A1D-872C-730C2FD8C1C9}.Core-GLFW3|x86.Build.0 = Release|x86
		{A634550F-EDAD-4A1D-872C-730C2FD8C1C9}.Debug|Any CPU.ActiveCfg = Debug|x86
		{A634550F-EDAD-4A1D-872C-730C2FD8C1C9}.Debug|Any CPU.Build.0 = Debug|x86
		{A634550F-EDAD-4A1D-872C-730C2FD8C1C9}.Debug|Mixed Platforms.ActiveCfg = Debug|x86
		{A634550F-EDAD-4A1D-872C-730C2FD8C1C9}.Debug|Mixed Platforms.Build.0 = Debug|x86
		{A634550F-EDAD-4A1D-872C-730C2FD8C1C9}.Debug|Win32.ActiveCfg = Debug|x86
		{A634550F-EDAD-4A1D-872C-730C2FD8C1C9}.Debug|x86.ActiveCfg = Debug|x86
		{A634550F-EDAD-4A1D-872C-730C2FD8C1C9}.Debug|x86.Build.0 = Debug|x86
		{A634550F-EDAD-4A1D-872C-730C2FD8C1C9}.Release|Any CPU.ActiveCfg = Release|x86
		{A634550F-EDAD-4A1D-872C-730C2FD8C1C9}.Release|Mixed Platforms.ActiveCfg = Release|x86
		{A634550F-EDAD-4A1D-872C-730C2FD8C1C9}.Release|Mixed Platforms.Build.0 = Release|x86
		{A634550F-EDAD-4A1D-872C-730C2FD8C1C9}.Release|Win32.ActiveCfg = Release|x86
		{A634550F-EDAD-4A1D-872C-730C2FD8C1C9}.Release|x86.ActiveCfg = Release|x86
		{A634550F-EDAD-4A1D-872C-730C2FD8C1C9}.Release|x86.Build.0 = Release|x86
		{A634550F-EDAD-4A1D-872C-730C2FD8C1C9}.Release64|Any CPU.ActiveCfg = Release|x86
		{A634550F-EDAD-4A1D-872C-730C2FD8C1C9}.Release64|Mixed Platforms.ActiveCfg = Release|x86
		{A634550F-EDAD-4A1D-872C-730C2FD8C1C9}.Release64|Mixed Platforms.Build.0 = Release|x86
		{A634550F-EDAD-4A1D-872C-730C2FD8C1C9}.Release64|Win32.ActiveCfg = Release|x86
		{A634550F-EDAD-4A1D-872C-730C2FD8C1C9}.Release64|x86.ActiveCfg = Release|x86
		{A634550F-EDAD-4A1D-872C-730C2FD8C1C9}.Release64|x86.Build.0 = Release|x86
		{51D63482-5697-4B16-8401-506965624657}.Compatibility-GLFW2|Any CPU.ActiveCfg = Release|Any CPU
		{51D63482-5697-4B16-8401-506965624657}.Compatibility-GLFW2|Any CPU.Build.0 = Release|Any CPU
		{51D63482-5697-4B16-8401-506965624657}.Compatibility-GLFW2|Mixed Platforms.ActiveCfg = Release|Any CPU
		{51D63482-5697-4B16-8401-506965624657}.Compatibility-GLFW2|Mixed Platforms.Build.0 = Release|Any CPU
		{51D63482-5697-4B16-8401-506965624657}.Compatibility-GLFW2|Win32.ActiveCfg = Release|Any CPU
		{51D63482-5697-4B16-8401-506965624657}.Compatibility-GLFW2|x86.ActiveCfg = Release|Any CPU
		{51D63482-5697-4B16-8401-506965624657}.Compatibility-GLFW3|Any CPU.ActiveCfg = Release|Any CPU
		{51D63482-5697-4B16-8401-506965624657}.Compatibility-GLFW3|Any CPU.Build.0 = Release|Any CPU
		{51D63482-5697-4B16-8401-506965624657}.Compatibility-GLFW3|Mixed Platforms.ActiveCfg = Release|Any CPU
		{51D63482-5697-4B16-8401-506965624657}.Compatibility-GLFW3|Mixed Platforms.Build.0 = Release|Any CPU
		{51D63482-5697-4B16-8401-506965624657}.Compatibility-GLFW3|Win32.ActiveCfg = Release|Any CPU
		{51D63482-5697-4B16-8401-506965624657}.Compatibility-GLFW3|x86.ActiveCfg = Release|Any CPU
		{51D63482-5697-4B16-8401-506965624657}.Core-GLFW2|Any CPU.ActiveCfg = Release|Any CPU
		{51D63482-5697-4B16-8401-506965624657}.Core-GLFW2|Any CPU.Build.0 = Release|Any CPU
		{51D63482-5697-4B16-8401-506965624657}.Core-GLFW2|Mixed Platforms.ActiveCfg = Release|Any CPU
		{51D63482-5697-4B16-8401-506965624657}.Core-GLFW2|Mixed Platforms.Build.0 = Release|Any CPU
		{51D63482-5697-4B16-8401-506965624657}.Core-GLFW2|Win32.ActiveCfg = Release|Any CPU
		{51D63482-5697-4B16-8401-506965624657}.Core-GLFW2|x86.ActiveCfg = Release|Any CPU
		{51D63482-5697-4B16-8401-506965624657}.Core-GLFW3|Any CPU.ActiveCfg = Release|Any CPU
		{51D63482-5697-4B16-8401-506965624657}.Core-GLFW3|Any CPU.Build.0 = Release|Any CPU
		{51D63482-5697-4B16-8401-506965624657}.Core-GLFW3|Mixed Platforms.ActiveCfg = Release|Any CPU
		{51D63482-5697-4B16-8401-506965624657}.Core-GLFW3|Mixed Platforms.Build.0 = Release|Any CPU
		{51D63482-5697-4B16-8401-506965624657}.Core-GLFW3|Win32.ActiveCfg = Release|Any CPU
		{51D63482-5697-4B16-8401-506965624657}.Core-GLFW3|x86.ActiveCfg = Release|Any CPU
		{51D63482-5697-4B16-8401-506965624657}.Debug|Any CPU.ActiveCfg = Debug|Any CPU
		{51D63482-5697-4B16-8401-506965624657}.Debug|Any CPU.Build.0 = Debug|Any CPU
		{51D63482-5697-4B16-8401-506965624657}.Debug|Mixed Platforms.ActiveCfg = Debug|Any CPU
		{51D63482-5697-4B16-8401-506965624657}.Debug|Mixed Platforms.Build.0 = Debug|Any CPU
		{51D63482-5697-4B16-8401-506965624657}.Debug|Win32.ActiveCfg = Debug|Any CPU
		{51D63482-5697-4B16-8401-506965624657}.Debug|x86.ActiveCfg = Debug|Any CPU
		{51D63482-5697-4B16-8401-506965624657}.Release|Any CPU.ActiveCfg = Release|Any CPU
		{51D63482-5697-4B16-8401-506965624657}.Release|Any CPU.Build.0 = Release|Any CPU
		{51D63482-5697-4B16-8401-506965624657}.Release|Mixed Platforms.ActiveCfg = Release|Any CPU
		{51D63482-5697-4B16-8401-506965624657}.Release|Mixed Platforms.Build.0 = Release|Any CPU
		{51D63482-5697-4B16-8401-506965624657}.Release|Win32.ActiveCfg = Release|Any CPU
		{51D63482-5697-4B16-8401-506965624657}.Release|x86.ActiveCfg = Release|Any CPU
		{51D63482-5697-4B16-8401-506965624657}.Release64|Any CPU.ActiveCfg = Release|Any CPU
		{51D63482-5697-4B16-8401-506965624657}.Release64|Any CPU.Build.0 = Release|Any CPU
		{51D63482-5697-4B16-8401-506965624657}.Release64|Mixed Platforms.ActiveCfg = Release|Any CPU
		{51D63482-5697-4B16-8401-506965624657}.Release64|Mixed Platforms.Build.0 = Release|Any CPU
		{51D63482-5697-4B16-8401-506965624657}.Release64|Win32.ActiveCfg = Release|Any CPU
		{51D63482-5697-4B16-8401-506965624657}.Release64|x86.ActiveCfg = Release|Any CPU
		{1AA171E3-523C-4DD5-A169-DE6322991FF5}.Compatibility-GLFW2|Any CPU.ActiveCfg = Release|Any CPU
		{1AA171E3-523C-4DD5-A169-DE6322991FF5}.Compatibility-GLFW2|Any CPU.Build.0 = Release|Any CPU
		{1AA171E3-523C-4DD5-A169-DE6322991FF5}.Compatibility-GLFW2|Mixed Platforms.ActiveCfg = Release|Any CPU
		{1AA171E3-523C-4DD5-A169-DE6322991FF5}.Compatibility-GLFW2|Mixed Platforms.Build.0 = Release|Any CPU
		{1AA171E3-523C-4DD5-A169-DE6322991FF5}.Compatibility-GLFW2|Win32.ActiveCfg = Release|Any CPU
		{1AA171E3-523C-4DD5-A169-DE6322991FF5}.Compatibility-GLFW2|x86.ActiveCfg = Release|Any CPU
		{1AA171E3-523C-4DD5-A169-DE6322991FF5}.Compatibility-GLFW3|Any CPU.ActiveCfg = Release|Any CPU
		{1AA171E3-523C-4DD5-A169-DE6322991FF5}.Compatibility-GLFW3|Any CPU.Build.0 = Release|Any CPU
		{1AA171E3-523C-4DD5-A169-DE6322991FF5}.Compatibility-GLFW3|Mixed Platforms.ActiveCfg = Release|Any CPU
		{1AA171E3-523C-4DD5-A169-DE6322991FF5}.Compatibility-GLFW3|Mixed Platforms.Build.0 = Release|Any CPU
		{1AA171E3-523C-4DD5-A169-DE6322991FF5}.Compatibility-GLFW3|Win32.ActiveCfg = Release|Any CPU
		{1AA171E3-523C-4DD5-A169-DE6322991FF5}.Compatibility-GLFW3|x86.ActiveCfg = Release|Any CPU
		{1AA171E3-523C-4DD5-A169-DE6322991FF5}.Core-GLFW2|Any CPU.ActiveCfg = Release|Any CPU
		{1AA171E3-523C-4DD5-A169-DE6322991FF5}.Core-GLFW2|Any CPU.Build.0 = Release|Any CPU
		{1AA171E3-523C-4DD5-A169-DE6322991FF5}.Core-GLFW2|Mixed Platforms.ActiveCfg = Release|Any CPU
		{1AA171E3-523C-4DD5-A169-DE6322991FF5}.Core-GLFW2|Mixed Platforms.Build.0 = Release|Any CPU
		{1AA171E3-523C-4DD5-A169-DE6322991FF5}.Core-GLFW2|Win32.ActiveCfg = Release|Any CPU
		{1AA171E3-523C-4DD5-A169-DE6322991FF5}.Core-GLFW2|x86.ActiveCfg = Release|Any CPU
		{1AA171E3-523C-4DD5-A169-DE6322991FF5}.Core-GLFW3|Any CPU.ActiveCfg = Release|Any CPU
		{1AA171E3-523C-4DD5-A169-DE6322991FF5}.Core-GLFW3|Any CPU.Build.0 = Release|Any CPU
		{1AA171E3-523C-4DD5-A169-DE6322991FF5}.Core-GLFW3|Mixed Platforms.ActiveCfg = Release|Any CPU
		{1AA171E3-523C-4DD5-A169-DE6322991FF5}.Core-GLFW3|Mixed Platforms.Build.0 = Release|Any CPU
		{1AA171E3-523C-4DD5-A169-DE6322991FF5}.Core-GLFW3|Win32.ActiveCfg = Release|Any CPU
		{1AA171E3-523C-4DD5-A169-DE6322991FF5}.Core-GLFW3|x86.ActiveCfg = Release|Any CPU
		{1AA171E3-523C-4DD5-A169-DE6322991FF5}.Debug|Any CPU.ActiveCfg = Debug|Any CPU
		{1AA171E3-523C-4DD5-A169-DE6322991FF5}.Debug|Any CPU.Build.0 = Debug|Any CPU
		{1AA171E3-523C-4DD5-A169-DE6322991FF5}.Debug|Mixed Platforms.ActiveCfg = Debug|Any CPU
		{1AA171E3-523C-4DD5-A169-DE6322991FF5}.Debug|Mixed Platforms.Build.0 = Debug|Any CPU
		{1AA171E3-523C-4DD5-A169-DE6322991FF5}.Debug|Win32.ActiveCfg = Debug|Any CPU
		{1AA171E3-523C-4DD5-A169-DE6322991FF5}.Debug|x86.ActiveCfg = Debug|Any CPU
		{1AA171E3-523C-4DD5-A169-DE6322991FF5}.Release|Any CPU.ActiveCfg = Release|Any CPU
		{1AA171E3-523C-4DD5-A169-DE6322991FF5}.Release|Any CPU.Build.0 = Release|Any CPU
		{1AA171E3-523C-4DD5-A169-DE6322991FF5}.Release|Mixed Platforms.ActiveCfg = Release|Any CPU
		{1AA171E3-523C-4DD5-A169-DE6322991FF5}.Release|Mixed Platforms.Build.0 = Release|Any CPU
		{1AA171E3-523C-4DD5-A169-DE6322991FF5}.Release|Win32.ActiveCfg = Release|Any CPU
		{1AA171E3-523C-4DD5-A169-DE6322991FF5}.Release|x86.ActiveCfg = Release|Any CPU
		{1AA171E3-523C-4DD5-A169-DE6322991FF5}.Release64|Any CPU.ActiveCfg = Release|Any CPU
		{1AA171E3-523C-4DD5-A169-DE6322991FF5}.Release64|Any CPU.Build.0 = Release|Any CPU
		{1AA171E3-523C-4DD5-A169-DE6322991FF5}.Release64|Mixed Platforms.ActiveCfg = Release|Any CPU
		{1AA171E3-523C-4DD5-A169-DE6322991FF5}.Release64|Mixed Platforms.Build.0 = Release|Any CPU
		{1AA171E3-523C-4DD5-A169-DE6322991FF5}.Release64|Win32.ActiveCfg = Release|Any CPU
		{1AA171E3-523C-4DD5-A169-DE6322991FF5}.Release64|x86.ActiveCfg = Release|Any CPU
		{DDB6DB6D-E5DE-4BDB-8AC8-26DF800E9FF0}.Compatibility-GLFW2|Any CPU.ActiveCfg = Compatibility-GLFW2|Any CPU
		{DDB6DB6D-E5DE-4BDB-8AC8-26DF800E9FF0}.Compatibility-GLFW2|Any CPU.Build.0 = Compatibility-GLFW2|Any CPU
		{DDB6DB6D-E5DE-4BDB-8AC8-26DF800E9FF0}.Compatibility-GLFW2|Mixed Platforms.ActiveCfg = Compatibility-GLFW2|Any CPU
		{DDB6DB6D-E5DE-4BDB-8AC8-26DF800E9FF0}.Compatibility-GLFW2|Mixed Platforms.Build.0 = Compatibility-GLFW2|Any CPU
		{DDB6DB6D-E5DE-4BDB-8AC8-26DF800E9FF0}.Compatibility-GLFW2|Win32.ActiveCfg = Compatibility-GLFW2|Any CPU
		{DDB6DB6D-E5DE-4BDB-8AC8-26DF800E9FF0}.Compatibility-GLFW2|Win32.Build.0 = Compatibility-GLFW2|Any CPU
		{DDB6DB6D-E5DE-4BDB-8AC8-26DF800E9FF0}.Compatibility-GLFW2|x86.ActiveCfg = Compatibility-GLFW2|Any CPU
		{DDB6DB6D-E5DE-4BDB-8AC8-26DF800E9FF0}.Compatibility-GLFW2|x86.Build.0 = Compatibility-GLFW2|Any CPU
		{DDB6DB6D-E5DE-4BDB-8AC8-26DF800E9FF0}.Compatibility-GLFW3|Any CPU.ActiveCfg = Compatibility-GLFW3|Any CPU
		{DDB6DB6D-E5DE-4BDB-8AC8-26DF800E9FF0}.Compatibility-GLFW3|Any CPU.Build.0 = Compatibility-GLFW3|Any CPU
		{DDB6DB6D-E5DE-4BDB-8AC8-26DF800E9FF0}.Compatibility-GLFW3|Mixed Platforms.ActiveCfg = Compatibility-GLFW3|Any CPU
		{DDB6DB6D-E5DE-4BDB-8AC8-26DF800E9FF0}.Compatibility-GLFW3|Mixed Platforms.Build.0 = Compatibility-GLFW3|Any CPU
		{DDB6DB6D-E5DE-4BDB-8AC8-26DF800E9FF0}.Compatibility-GLFW3|Win32.ActiveCfg = Compatibility-GLFW3|Any CPU
		{DDB6DB6D-E5DE-4BDB-8AC8-26DF800E9FF0}.Compatibility-GLFW3|Win32.Build.0 = Compatibility-GLFW3|Any CPU
		{DDB6DB6D-E5DE-4BDB-8AC8-26DF800E9FF0}.Compatibility-GLFW3|x86.ActiveCfg = Compatibility-GLFW3|Any CPU
		{DDB6DB6D-E5DE-4BDB-8AC8-26DF800E9FF0}.Compatibility-GLFW3|x86.Build.0 = Compatibility-GLFW3|Any CPU
		{DDB6DB6D-E5DE-4BDB-8AC8-26DF800E9FF0}.Core-GLFW2|Any CPU.ActiveCfg = Core-GLFW2|Any CPU
		{DDB6DB6D-E5DE-4BDB-8AC8-26DF800E9FF0}.Core-GLFW2|Any CPU.Build.0 = Core-GLFW2|Any CPU
		{DDB6DB6D-E5DE-4BDB-8AC8-26DF800E9FF0}.Core-GLFW2|Mixed Platforms.ActiveCfg = Core-GLFW2|Any CPU
		{DDB6DB6D-E5DE-4BDB-8AC8-26DF800E9FF0}.Core-GLFW2|Mixed Platforms.Build.0 = Core-GLFW2|Any CPU
		{DDB6DB6D-E5DE-4BDB-8AC8-26DF800E9FF0}.Core-GLFW2|Win32.ActiveCfg = Core-GLFW2|Any CPU
		{DDB6DB6D-E5DE-4BDB-8AC8-26DF800E9FF0}.Core-GLFW2|Win32.Build.0 = Core-GLFW2|Any CPU
		{DDB6DB6D-E5DE-4BDB-8AC8-26DF800E9FF0}.Core-GLFW2|x86.ActiveCfg = Core-GLFW2|Any CPU
		{DDB6DB6D-E5DE-4BDB-8AC8-26DF800E9FF0}.Core-GLFW2|x86.Build.0 = Core-GLFW2|Any CPU
		{DDB6DB6D-E5DE-4BDB-8AC8-26DF800E9FF0}.Core-GLFW3|Any CPU.ActiveCfg = Core-GLFW3|Any CPU
		{DDB6DB6D-E5DE-4BDB-8AC8-26DF800E9FF0}.Core-GLFW3|Any CPU.Build.0 = Core-GLFW3|Any CPU
		{DDB6DB6D-E5DE-4BDB-8AC8-26DF800E9FF0}.Core-GLFW3|Mixed Platforms.ActiveCfg = Core-GLFW3|Any CPU
		{DDB6DB6D-E5DE-4BDB-8AC8-26DF800E9FF0}.Core-GLFW3|Mixed Platforms.Build.0 = Core-GLFW3|Any CPU
		{DDB6DB6D-E5DE-4BDB-8AC8-26DF800E9FF0}.Core-GLFW3|Win32.ActiveCfg = Core-GLFW3|Any CPU
		{DDB6DB6D-E5DE-4BDB-8AC8-26DF800E9FF0}.Core-GLFW3|Win32.Build.0 = Core-GLFW3|Any CPU
		{DDB6DB6D-E5DE-4BDB-8AC8-26DF800E9FF0}.Core-GLFW3|x86.ActiveCfg = Core-GLFW3|Any CPU
		{DDB6DB6D-E5DE-4BDB-8AC8-26DF800E9FF0}.Core-GLFW3|x86.Build.0 = Core-GLFW3|Any CPU
		{DDB6DB6D-E5DE-4BDB-8AC8-26DF800E9FF0}.Debug|Any CPU.ActiveCfg = Core-GLFW3|Any CPU
		{DDB6DB6D-E5DE-4BDB-8AC8-26DF800E9FF0}.Debug|Any CPU.Build.0 = Core-GLFW3|Any CPU
		{DDB6DB6D-E5DE-4BDB-8AC8-26DF800E9FF0}.Debug|Mixed Platforms.ActiveCfg = Core-GLFW3|Any CPU
		{DDB6DB6D-E5DE-4BDB-8AC8-26DF800E9FF0}.Debug|Mixed Platforms.Build.0 = Core-GLFW3|Any CPU
		{DDB6DB6D-E5DE-4BDB-8AC8-26DF800E9FF0}.Debug|Win32.ActiveCfg = Core-GLFW3|Any CPU
		{DDB6DB6D-E5DE-4BDB-8AC8-26DF800E9FF0}.Debug|Win32.Build.0 = Core-GLFW3|Any CPU
		{DDB6DB6D-E5DE-4BDB-8AC8-26DF800E9FF0}.Debug|x86.ActiveCfg = Core-GLFW3|Any CPU
		{DDB6DB6D-E5DE-4BDB-8AC8-26DF800E9FF0}.Debug|x86.Build.0 = Core-GLFW3|Any CPU
		{DDB6DB6D-E5DE-4BDB-8AC8-26DF800E9FF0}.Release|Any CPU.ActiveCfg = Core-GLFW3|Any CPU
		{DDB6DB6D-E5DE-4BDB-8AC8-26DF800E9FF0}.Release|Any CPU.Build.0 = Core-GLFW3|Any CPU
		{DDB6DB6D-E5DE-4BDB-8AC8-26DF800E9FF0}.Release|Mixed Platforms.ActiveCfg = Core-GLFW3|Any CPU
		{DDB6DB6D-E5DE-4BDB-8AC8-26DF800E9FF0}.Release|Mixed Platforms.Build.0 = Core-GLFW3|Any CPU
		{DDB6DB6D-E5DE-4BDB-8AC8-26DF800E9FF0}.Release|Win32.ActiveCfg = Core-GLFW3|Any CPU
		{DDB6DB6D-E5DE-4BDB-8AC8-26DF800E9FF0}.Release|Win32.Build.0 = Core-GLFW3|Any CPU
		{DDB6DB6D-E5DE-4BDB-8AC8-26DF800E9FF0}.Release|x86.ActiveCfg = Core-GLFW3|Any CPU
		{DDB6DB6D-E5DE-4BDB-8AC8-26DF800E9FF0}.Release|x86.Build.0 = Core-GLFW3|Any CPU
		{DDB6DB6D-E5DE-4BDB-8AC8-26DF800E9FF0}.Release64|Any CPU.ActiveCfg = Core-GLFW3|Any CPU
		{DDB6DB6D-E5DE-4BDB-8AC8-26DF800E9FF0}.Release64|Any CPU.Build.0 = Core-GLFW3|Any CPU
		{DDB6DB6D-E5DE-4BDB-8AC8-26DF800E9FF0}.Release64|Mixed Platforms.ActiveCfg = Core-GLFW3|Any CPU
		{DDB6DB6D-E5DE-4BDB-8AC8-26DF800E9FF0}.Release64|Mixed Platforms.Build.0 = Core-GLFW3|Any CPU
		{DDB6DB6D-E5DE-4BDB-8AC8-26DF800E9FF0}.Release64|Win32.ActiveCfg = Core-GLFW3|Any CPU
		{DDB6DB6D-E5DE-4BDB-8AC8-26DF800E9FF0}.Release64|Win32.Build.0 = Core-GLFW3|Any CPU
		{DDB6DB6D-E5DE-4BDB-8AC8-26DF800E9FF0}.Release64|x86.ActiveCfg = Core-GLFW3|Any CPU
		{DDB6DB6D-E5DE-4BDB-8AC8-26DF800E9FF0}.Release64|x86.Build.0 = Core-GLFW3|Any CPU
		{CE3E9F28-2EC1-4E00-ACAA-574788F1F0F2}.Compatibility-GLFW2|Any CPU.ActiveCfg = Release|x86
		{CE3E9F28-2EC1-4E00-ACAA-574788F1F0F2}.Compatibility-GLFW2|Any CPU.Build.0 = Release|x86
		{CE3E9F28-2EC1-4E00-ACAA-574788F1F0F2}.Compatibility-GLFW2|Mixed Platforms.ActiveCfg = Release|x86
		{CE3E9F28-2EC1-4E00-ACAA-574788F1F0F2}.Compatibility-GLFW2|Mixed Platforms.Build.0 = Release|x86
		{CE3E9F28-2EC1-4E00-ACAA-574788F1F0F2}.Compatibility-GLFW2|Win32.ActiveCfg = Release|x86
		{CE3E9F28-2EC1-4E00-ACAA-574788F1F0F2}.Compatibility-GLFW2|Win32.Build.0 = Release|x86
		{CE3E9F28-2EC1-4E00-ACAA-574788F1F0F2}.Compatibility-GLFW2|x86.ActiveCfg = Release|x86
		{CE3E9F28-2EC1-4E00-ACAA-574788F1F0F2}.Compatibility-GLFW2|x86.Build.0 = Release|x86
		{CE3E9F28-2EC1-4E00-ACAA-574788F1F0F2}.Compatibility-GLFW3|Any CPU.ActiveCfg = Release|x86
		{CE3E9F28-2EC1-4E00-ACAA-574788F1F0F2}.Compatibility-GLFW3|Any CPU.Build.0 = Release|x86
		{CE3E9F28-2EC1-4E00-ACAA-574788F1F0F2}.Compatibility-GLFW3|Mixed Platforms.ActiveCfg = Release|x86
		{CE3E9F28-2EC1-4E00-ACAA-574788F1F0F2}.Compatibility-GLFW3|Mixed Platforms.Build.0 = Release|x86
		{CE3E9F28-2EC1-4E00-ACAA-574788F1F0F2}.Compatibility-GLFW3|Win32.ActiveCfg = Release|x86
		{CE3E9F28-2EC1-4E00-ACAA-574788F1F0F2}.Compatibility-GLFW3|Win32.Build.0 = Release|x86
		{CE3E9F28-2EC1-4E00-ACAA-574788F1F0F2}.Compatibility-GLFW3|x86.ActiveCfg = Release|x86
		{CE3E9F28-2EC1-4E00-ACAA-574788F1F0F2}.Compatibility-GLFW3|x86.Build.0 = Release|x86
		{CE3E9F28-2EC1-4E00-ACAA-574788F1F0F2}.Core-GLFW2|Any CPU.ActiveCfg = Release|x86
		{CE3E9F28-2EC1-4E00-ACAA-574788F1F0F2}.Core-GLFW2|Any CPU.Build.0 = Release|x86
		{CE3E9F28-2EC1-4E00-ACAA-574788F1F0F2}.Core-GLFW2|Mixed Platforms.ActiveCfg = Release|x86
		{CE3E9F28-2EC1-4E00-ACAA-574788F1F0F2}.Core-GLFW2|Mixed Platforms.Build.0 = Release|x86
		{CE3E9F28-2EC1-4E00-ACAA-574788F1F0F2}.Core-GLFW2|Win32.ActiveCfg = Release|x86
		{CE3E9F28-2EC1-4E00-ACAA-574788F1F0F2}.Core-GLFW2|Win32.Build.0 = Release|x86
		{CE3E9F28-2EC1-4E00-ACAA-574788F1F0F2}.Core-GLFW2|x86.ActiveCfg = Release|x86
		{CE3E9F28-2EC1-4E00-ACAA-574788F1F0F2}.Core-GLFW2|x86.Build.0 = Release|x86
		{CE3E9F28-2EC1-4E00-ACAA-574788F1F0F2}.Core-GLFW3|Any CPU.ActiveCfg = Release|x86
		{CE3E9F28-2EC1-4E00-ACAA-574788F1F0F2}.Core-GLFW3|Any CPU.Build.0 = Release|x86
		{CE3E9F28-2EC1-4E00-ACAA-574788F1F0F2}.Core-GLFW3|Mixed Platforms.ActiveCfg = Release|x86
		{CE3E9F28-2EC1-4E00-ACAA-574788F1F0F2}.Core-GLFW3|Mixed Platforms.Build.0 = Release|x86
		{CE3E9F28-2EC1-4E00-ACAA-574788F1F0F2}.Core-GLFW3|Win32.ActiveCfg = Release|x86
		{CE3E9F28-2EC1-4E00-ACAA-574788F1F0F2}.Core-GLFW3|Win32.Build.0 = Release|x86
		{CE3E9F28-2EC1-4E00-ACAA-574788F1F0F2}.Core-GLFW3|x86.ActiveCfg = Release|x86
		{CE3E9F28-2EC1-4E00-ACAA-574788F1F0F2}.Core-GLFW3|x86.Build.0 = Release|x86
		{CE3E9F28-2EC1-4E00-ACAA-574788F1F0F2}.Debug|Any CPU.ActiveCfg = Debug|x86
		{CE3E9F28-2EC1-4E00-ACAA-574788F1F0F2}.Debug|Mixed Platforms.ActiveCfg = Debug|x86
		{CE3E9F28-2EC1-4E00-ACAA-574788F1F0F2}.Debug|Mixed Platforms.Build.0 = Debug|x86
		{CE3E9F28-2EC1-4E00-ACAA-574788F1F0F2}.Debug|Win32.ActiveCfg = Debug|x86
		{CE3E9F28-2EC1-4E00-ACAA-574788F1F0F2}.Debug|Win32.Build.0 = Debug|x86
		{CE3E9F28-2EC1-4E00-ACAA-574788F1F0F2}.Debug|x86.ActiveCfg = Debug|x86
		{CE3E9F28-2EC1-4E00-ACAA-574788F1F0F2}.Debug|x86.Build.0 = Debug|x86
		{CE3E9F28-2EC1-4E00-ACAA-574788F1F0F2}.Release|Any CPU.ActiveCfg = Release|x86
		{CE3E9F28-2EC1-4E00-ACAA-574788F1F0F2}.Release|Mixed Platforms.ActiveCfg = Release|x86
		{CE3E9F28-2EC1-4E00-ACAA-574788F1F0F2}.Release|Mixed Platforms.Build.0 = Release|x86
		{CE3E9F28-2EC1-4E00-ACAA-574788F1F0F2}.Release|Win32.ActiveCfg = Release|x86
		{CE3E9F28-2EC1-4E00-ACAA-574788F1F0F2}.Release|Win32.Build.0 = Release|x86
		{CE3E9F28-2EC1-4E00-ACAA-574788F1F0F2}.Release|x86.ActiveCfg = Release|x86
		{CE3E9F28-2EC1-4E00-ACAA-574788F1F0F2}.Release|x86.Build.0 = Release|x86
		{CE3E9F28-2EC1-4E00-ACAA-574788F1F0F2}.Release64|Any CPU.ActiveCfg = Release|x86
		{CE3E9F28-2EC1-4E00-ACAA-574788F1F0F2}.Release64|Any CPU.Build.0 = Release|x86
		{CE3E9F28-2EC1-4E00-ACAA-574788F1F0F2}.Release64|Mixed Platforms.ActiveCfg = Release|x86
		{CE3E9F28-2EC1-4E00-ACAA-574788F1F0F2}.Release64|Mixed Platforms.Build.0 = Release|x86
		{CE3E9F28-2EC1-4E00-ACAA-574788F1F0F2}.Release64|Win32.ActiveCfg = Release|x86
		{CE3E9F28-2EC1-4E00-ACAA-574788F1F0F2}.Release64|Win32.Build.0 = Release|x86
		{CE3E9F28-2EC1-4E00-ACAA-574788F1F0F2}.Release64|x86.ActiveCfg = Release|x86
		{CE3E9F28-2EC1-4E00-ACAA-574788F1F0F2}.Release64|x86.Build.0 = Release|x86
		{FA071D34-6C87-425D-8110-9C3595A01106}.Compatibility-GLFW2|Any CPU.ActiveCfg = Release|Any CPU
		{FA071D34-6C87-425D-8110-9C3595A01106}.Compatibility-GLFW2|Any CPU.Build.0 = Release|Any CPU
		{FA071D34-6C87-425D-8110-9C3595A01106}.Compatibility-GLFW2|Mixed Platforms.ActiveCfg = Release|Any CPU
		{FA071D34-6C87-425D-8110-9C3595A01106}.Compatibility-GLFW2|Mixed Platforms.Build.0 = Release|Any CPU
		{FA071D34-6C87-425D-8110-9C3595A01106}.Compatibility-GLFW2|Win32.ActiveCfg = Release|Any CPU
		{FA071D34-6C87-425D-8110-9C3595A01106}.Compatibility-GLFW2|Win32.Build.0 = Release|Any CPU
		{FA071D34-6C87-425D-8110-9C3595A01106}.Compatibility-GLFW2|x86.ActiveCfg = Release|Any CPU
		{FA071D34-6C87-425D-8110-9C3595A01106}.Compatibility-GLFW2|x86.Build.0 = Release|Any CPU
		{FA071D34-6C87-425D-8110-9C3595A01106}.Compatibility-GLFW3|Any CPU.ActiveCfg = Release|Any CPU
		{FA071D34-6C87-425D-8110-9C3595A01106}.Compatibility-GLFW3|Any CPU.Build.0 = Release|Any CPU
		{FA071D34-6C87-425D-8110-9C3595A01106}.Compatibility-GLFW3|Mixed Platforms.ActiveCfg = Release|Any CPU
		{FA071D34-6C87-425D-8110-9C3595A01106}.Compatibility-GLFW3|Mixed Platforms.Build.0 = Release|Any CPU
		{FA071D34-6C87-425D-8110-9C3595A01106}.Compatibility-GLFW3|Win32.ActiveCfg = Release|Any CPU
		{FA071D34-6C87-425D-8110-9C3595A01106}.Compatibility-GLFW3|Win32.Build.0 = Release|Any CPU
		{FA071D34-6C87-425D-8110-9C3595A01106}.Compatibility-GLFW3|x86.ActiveCfg = Release|Any CPU
		{FA071D34-6C87-425D-8110-9C3595A01106}.Compatibility-GLFW3|x86.Build.0 = Release|Any CPU
		{FA071D34-6C87-425D-8110-9C3595A01106}.Core-GLFW2|Any CPU.ActiveCfg = Release|Any CPU
		{FA071D34-6C87-425D-8110-9C3595A01106}.Core-GLFW2|Any CPU.Build.0 = Release|Any CPU
		{FA071D34-6C87-425D-8110-9C3595A01106}.Core-GLFW2|Mixed Platforms.ActiveCfg = Release|Any CPU
		{FA071D34-6C87-425D-8110-9C3595A01106}.Core-GLFW2|Mixed Platforms.Build.0 = Release|Any CPU
		{FA071D34-6C87-425D-8110-9C3595A01106}.Core-GLFW2|Win32.ActiveCfg = Release|Any CPU
		{FA071D34-6C87-425D-8110-9C3595A01106}.Core-GLFW2|Win32.Build.0 = Release|Any CPU
		{FA071D34-6C87-425D-8110-9C3595A01106}.Core-GLFW2|x86.ActiveCfg = Release|Any CPU
		{FA071D34-6C87-425D-8110-9C3595A01106}.Core-GLFW2|x86.Build.0 = Release|Any CPU
		{FA071D34-6C87-425D-8110-9C3595A01106}.Core-GLFW3|Any CPU.ActiveCfg = Release|Any CPU
		{FA071D34-6C87-425D-8110-9C3595A01106}.Core-GLFW3|Any CPU.Build.0 = Release|Any CPU
		{FA071D34-6C87-425D-8110-9C3595A01106}.Core-GLFW3|Mixed Platforms.ActiveCfg = Release|Any CPU
		{FA071D34-6C87-425D-8110-9C3595A01106}.Core-GLFW3|Mixed Platforms.Build.0 = Release|Any CPU
		{FA071D34-6C87-425D-8110-9C3595A01106}.Core-GLFW3|Win32.ActiveCfg = Release|Any CPU
		{FA071D34-6C87-425D-8110-9C3595A01106}.Core-GLFW3|Win32.Build.0 = Release|Any CPU
		{FA071D34-6C87-425D-8110-9C3595A01106}.Core-GLFW3|x86.ActiveCfg = Release|Any CPU
		{FA071D34-6C87-425D-8110-9C3595A01106}.Core-GLFW3|x86.Build.0 = Release|Any CPU
		{FA071D34-6C87-425D-8110-9C3595A01106}.Debug|Any CPU.ActiveCfg = Debug|Any CPU
		{FA071D34-6C87-425D-8110-9C3595A01106}.Debug|Any CPU.Build.0 = Debug|Any CPU
		{FA071D34-6C87-425D-8110-9C3595A01106}.Debug|Mixed Platforms.ActiveCfg = Debug|Any CPU
		{FA071D34-6C87-425D-8110-9C3595A01106}.Debug|Mixed Platforms.Build.0 = Debug|Any CPU
		{FA071D34-6C87-425D-8110-9C3595A01106}.Debug|Win32.ActiveCfg = Debug|Any CPU
		{FA071D34-6C87-425D-8110-9C3595A01106}.Debug|Win32.Build.0 = Debug|Any CPU
		{FA071D34-6C87-425D-8110-9C3595A01106}.Debug|x86.ActiveCfg = Debug|Any CPU
		{FA071D34-6C87-425D-8110-9C3595A01106}.Debug|x86.Build.0 = Debug|Any CPU
		{FA071D34-6C87-425D-8110-9C3595A01106}.Release|Any CPU.ActiveCfg = Release|Any CPU
		{FA071D34-6C87-425D-8110-9C3595A01106}.Release|Any CPU.Build.0 = Release|Any CPU
		{FA071D34-6C87-425D-8110-9C3595A01106}.Release|Mixed Platforms.ActiveCfg = Release|Any CPU
		{FA071D34-6C87-425D-8110-9C3595A01106}.Release|Mixed Platforms.Build.0 = Release|Any CPU
		{FA071D34-6C87-425D-8110-9C3595A01106}.Release|Win32.ActiveCfg = Release|Any CPU
		{FA071D34-6C87-425D-8110-9C3595A01106}.Release|Win32.Build.0 = Release|Any CPU
		{FA071D34-6C87-425D-8110-9C3595A01106}.Release|x86.ActiveCfg = Release|Any CPU
		{FA071D34-6C87-425D-8110-9C3595A01106}.Release|x86.Build.0 = Release|Any CPU
		{FA071D34-6C87-425D-8110-9C3595A01106}.Release64|Any CPU.ActiveCfg = Release|Any CPU
		{FA071D34-6C87-425D-8110-9C3595A01106}.Release64|Any CPU.Build.0 = Release|Any CPU
		{FA071D34-6C87-425D-8110-9C3595A01106}.Release64|Mixed Platforms.ActiveCfg = Release|Any CPU
		{FA071D34-6C87-425D-8110-9C3595A01106}.Release64|Mixed Platforms.Build.0 = Release|Any CPU
		{FA071D34-6C87-425D-8110-9C3595A01106}.Release64|Win32.ActiveCfg = Release|Any CPU
		{FA071D34-6C87-425D-8110-9C3595A01106}.Release64|Win32.Build.0 = Release|Any CPU
		{FA071D34-6C87-425D-8110-9C3595A01106}.Release64|x86.ActiveCfg = Release|Any CPU
		{FA071D34-6C87-425D-8110-9C3595A01106}.Release64|x86.Build.0 = Release|Any CPU
		{E0BC92C3-6936-4D8F-AE7F-54DDE27DE370}.Compatibility-GLFW2|Any CPU.ActiveCfg = Release|Any CPU
		{E0BC92C3-6936-4D8F-AE7F-54DDE27DE370}.Compatibility-GLFW2|Any CPU.Build.0 = Release|Any CPU
		{E0BC92C3-6936-4D8F-AE7F-54DDE27DE370}.Compatibility-GLFW2|Mixed Platforms.ActiveCfg = Release|Any CPU
		{E0BC92C3-6936-4D8F-AE7F-54DDE27DE370}.Compatibility-GLFW2|Mixed Platforms.Build.0 = Release|Any CPU
		{E0BC92C3-6936-4D8F-AE7F-54DDE27DE370}.Compatibility-GLFW2|Win32.ActiveCfg = Release|Any CPU
		{E0BC92C3-6936-4D8F-AE7F-54DDE27DE370}.Compatibility-GLFW2|Win32.Build.0 = Release|Any CPU
		{E0BC92C3-6936-4D8F-AE7F-54DDE27DE370}.Compatibility-GLFW2|x86.ActiveCfg = Release|Any CPU
		{E0BC92C3-6936-4D8F-AE7F-54DDE27DE370}.Compatibility-GLFW2|x86.Build.0 = Release|Any CPU
		{E0BC92C3-6936-4D8F-AE7F-54DDE27DE370}.Compatibility-GLFW3|Any CPU.ActiveCfg = Release|Any CPU
		{E0BC92C3-6936-4D8F-AE7F-54DDE27DE370}.Compatibility-GLFW3|Any CPU.Build.0 = Release|Any CPU
		{E0BC92C3-6936-4D8F-AE7F-54DDE27DE370}.Compatibility-GLFW3|Mixed Platforms.ActiveCfg = Release|Any CPU
		{E0BC92C3-6936-4D8F-AE7F-54DDE27DE370}.Compatibility-GLFW3|Mixed Platforms.Build.0 = Release|Any CPU
		{E0BC92C3-6936-4D8F-AE7F-54DDE27DE370}.Compatibility-GLFW3|Win32.ActiveCfg = Release|Any CPU
		{E0BC92C3-6936-4D8F-AE7F-54DDE27DE370}.Compatibility-GLFW3|Win32.Build.0 = Release|Any CPU
		{E0BC92C3-6936-4D8F-AE7F-54DDE27DE370}.Compatibility-GLFW3|x86.ActiveCfg = Release|Any CPU
		{E0BC92C3-6936-4D8F-AE7F-54DDE27DE370}.Compatibility-GLFW3|x86.Build.0 = Release|Any CPU
		{E0BC92C3-6936-4D8F-AE7F-54DDE27DE370}.Core-GLFW2|Any CPU.ActiveCfg = Release|Any CPU
		{E0BC92C3-6936-4D8F-AE7F-54DDE27DE370}.Core-GLFW2|Any CPU.Build.0 = Release|Any CPU
		{E0BC92C3-6936-4D8F-AE7F-54DDE27DE370}.Core-GLFW2|Mixed Platforms.ActiveCfg = Release|Any CPU
		{E0BC92C3-6936-4D8F-AE7F-54DDE27DE370}.Core-GLFW2|Mixed Platforms.Build.0 = Release|Any CPU
		{E0BC92C3-6936-4D8F-AE7F-54DDE27DE370}.Core-GLFW2|Win32.ActiveCfg = Release|Any CPU
		{E0BC92C3-6936-4D8F-AE7F-54DDE27DE370}.Core-GLFW2|Win32.Build.0 = Release|Any CPU
		{E0BC92C3-6936-4D8F-AE7F-54DDE27DE370}.Core-GLFW2|x86.ActiveCfg = Release|Any CPU
		{E0BC92C3-6936-4D8F-AE7F-54DDE27DE370}.Core-GLFW2|x86.Build.0 = Release|Any CPU
		{E0BC92C3-6936-4D8F-AE7F-54DDE27DE370}.Core-GLFW3|Any CPU.ActiveCfg = Release|Any CPU
		{E0BC92C3-6936-4D8F-AE7F-54DDE27DE370}.Core-GLFW3|Any CPU.Build.0 = Release|Any CPU
		{E0BC92C3-6936-4D8F-AE7F-54DDE27DE370}.Core-GLFW3|Mixed Platforms.ActiveCfg = Release|Any CPU
		{E0BC92C3-6936-4D8F-AE7F-54DDE27DE370}.Core-GLFW3|Mixed Platforms.Build.0 = Release|Any CPU
		{E0BC92C3-6936-4D8F-AE7F-54DDE27DE370}.Core-GLFW3|Win32.ActiveCfg = Release|Any CPU
		{E0BC92C3-6936-4D8F-AE7F-54DDE27DE370}.Core-GLFW3|Win32.Build.0 = Release|Any CPU
		{E0BC92C3-6936-4D8F-AE7F-54DDE27DE370}.Core-GLFW3|x86.ActiveCfg = Release|Any CPU
		{E0BC92C3-6936-4D8F-AE7F-54DDE27DE370}.Core-GLFW3|x86.Build.0 = Release|Any CPU
		{E0BC92C3-6936-4D8F-AE7F-54DDE27DE370}.Debug|Any CPU.ActiveCfg = Debug|Any CPU
		{E0BC92C3-6936-4D8F-AE7F-54DDE27DE370}.Debug|Any CPU.Build.0 = Debug|Any CPU
		{E0BC92C3-6936-4D8F-AE7F-54DDE27DE370}.Debug|Mixed Platforms.ActiveCfg = Debug|Any CPU
		{E0BC92C3-6936-4D8F-AE7F-54DDE27DE370}.Debug|Mixed Platforms.Build.0 = Debug|Any CPU
		{E0BC92C3-6936-4D8F-AE7F-54DDE27DE370}.Debug|Win32.ActiveCfg = Debug|Any CPU
		{E0BC92C3-6936-4D8F-AE7F-54DDE27DE370}.Debug|Win32.Build.0 = Debug|Any CPU
		{E0BC92C3-6936-4D8F-AE7F-54DDE27DE370}.Debug|x86.ActiveCfg = Debug|Any CPU
		{E0BC92C3-6936-4D8F-AE7F-54DDE27DE370}.Debug|x86.Build.0 = Debug|Any CPU
		{E0BC92C3-6936-4D8F-AE7F-54DDE27DE370}.Release|Any CPU.ActiveCfg = Release|Any CPU
		{E0BC92C3-6936-4D8F-AE7F-54DDE27DE370}.Release|Any CPU.Build.0 = Release|Any CPU
		{E0BC92C3-6936-4D8F-AE7F-54DDE27DE370}.Release|Mixed Platforms.ActiveCfg = Release|Any CPU
		{E0BC92C3-6936-4D8F-AE7F-54DDE27DE370}.Release|Mixed Platforms.Build.0 = Release|Any CPU
		{E0BC92C3-6936-4D8F-AE7F-54DDE27DE370}.Release|Win32.ActiveCfg = Release|Any CPU
		{E0BC92C3-6936-4D8F-AE7F-54DDE27DE370}.Release|Win32.Build.0 = Release|Any CPU
		{E0BC92C3-6936-4D8F-AE7F-54DDE27DE370}.Release|x86.ActiveCfg = Release|Any CPU
		{E0BC92C3-6936-4D8F-AE7F-54DDE27DE370}.Release|x86.Build.0 = Release|Any CPU
		{E0BC92C3-6936-4D8F-AE7F-54DDE27DE370}.Release64|Any CPU.ActiveCfg = Release|Any CPU
		{E0BC92C3-6936-4D8F-AE7F-54DDE27DE370}.Release64|Any CPU.Build.0 = Release|Any CPU
		{E0BC92C3-6936-4D8F-AE7F-54DDE27DE370}.Release64|Mixed Platforms.ActiveCfg = Release|Any CPU
		{E0BC92C3-6936-4D8F-AE7F-54DDE27DE370}.Release64|Mixed Platforms.Build.0 = Release|Any CPU
		{E0BC92C3-6936-4D8F-AE7F-54DDE27DE370}.Release64|Win32.ActiveCfg = Release|Any CPU
		{E0BC92C3-6936-4D8F-AE7F-54DDE27DE370}.Release64|Win32.Build.0 = Release|Any CPU
		{E0BC92C3-6936-4D8F-AE7F-54DDE27DE370}.Release64|x86.ActiveCfg = Release|Any CPU
		{E0BC92C3-6936-4D8F-AE7F-54DDE27DE370}.Release64|x86.Build.0 = Release|Any CPU
		{FD1C32F3-24ED-467D-9535-1737A0DFA02A}.Compatibility-GLFW2|Any CPU.ActiveCfg = Release|Any CPU
		{FD1C32F3-24ED-467D-9535-1737A0DFA02A}.Compatibility-GLFW2|Any CPU.Build.0 = Release|Any CPU
		{FD1C32F3-24ED-467D-9535-1737A0DFA02A}.Compatibility-GLFW2|Mixed Platforms.ActiveCfg = Release|Any CPU
		{FD1C32F3-24ED-467D-9535-1737A0DFA02A}.Compatibility-GLFW2|Mixed Platforms.Build.0 = Release|Any CPU
		{FD1C32F3-24ED-467D-9535-1737A0DFA02A}.Compatibility-GLFW2|Win32.ActiveCfg = Release|Any CPU
		{FD1C32F3-24ED-467D-9535-1737A0DFA02A}.Compatibility-GLFW2|Win32.Build.0 = Release|Any CPU
		{FD1C32F3-24ED-467D-9535-1737A0DFA02A}.Compatibility-GLFW2|x86.ActiveCfg = Release|Any CPU
		{FD1C32F3-24ED-467D-9535-1737A0DFA02A}.Compatibility-GLFW2|x86.Build.0 = Release|Any CPU
		{FD1C32F3-24ED-467D-9535-1737A0DFA02A}.Compatibility-GLFW3|Any CPU.ActiveCfg = Release|Any CPU
		{FD1C32F3-24ED-467D-9535-1737A0DFA02A}.Compatibility-GLFW3|Any CPU.Build.0 = Release|Any CPU
		{FD1C32F3-24ED-467D-9535-1737A0DFA02A}.Compatibility-GLFW3|Mixed Platforms.ActiveCfg = Release|Any CPU
		{FD1C32F3-24ED-467D-9535-1737A0DFA02A}.Compatibility-GLFW3|Mixed Platforms.Build.0 = Release|Any CPU
		{FD1C32F3-24ED-467D-9535-1737A0DFA02A}.Compatibility-GLFW3|Win32.ActiveCfg = Release|Any CPU
		{FD1C32F3-24ED-467D-9535-1737A0DFA02A}.Compatibility-GLFW3|Win32.Build.0 = Release|Any CPU
		{FD1C32F3-24ED-467D-9535-1737A0DFA02A}.Compatibility-GLFW3|x86.ActiveCfg = Release|Any CPU
		{FD1C32F3-24ED-467D-9535-1737A0DFA02A}.Compatibility-GLFW3|x86.Build.0 = Release|Any CPU
		{FD1C32F3-24ED-467D-9535-1737A0DFA02A}.Core-GLFW2|Any CPU.ActiveCfg = Release|Any CPU
		{FD1C32F3-24ED-467D-9535-1737A0DFA02A}.Core-GLFW2|Any CPU.Build.0 = Release|Any CPU
		{FD1C32F3-24ED-467D-9535-1737A0DFA02A}.Core-GLFW2|Mixed Platforms.ActiveCfg = Release|Any CPU
		{FD1C32F3-24ED-467D-9535-1737A0DFA02A}.Core-GLFW2|Mixed Platforms.Build.0 = Release|Any CPU
		{FD1C32F3-24ED-467D-9535-1737A0DFA02A}.Core-GLFW2|Win32.ActiveCfg = Release|Any CPU
		{FD1C32F3-24ED-467D-9535-1737A0DFA02A}.Core-GLFW2|Win32.Build.0 = Release|Any CPU
		{FD1C32F3-24ED-467D-9535-1737A0DFA02A}.Core-GLFW2|x86.ActiveCfg = Release|Any CPU
		{FD1C32F3-24ED-467D-9535-1737A0DFA02A}.Core-GLFW2|x86.Build.0 = Release|Any CPU
		{FD1C32F3-24ED-467D-9535-1737A0DFA02A}.Core-GLFW3|Any CPU.ActiveCfg = Release|Any CPU
		{FD1C32F3-24ED-467D-9535-1737A0DFA02A}.Core-GLFW3|Any CPU.Build.0 = Release|Any CPU
		{FD1C32F3-24ED-467D-9535-1737A0DFA02A}.Core-GLFW3|Mixed Platforms.ActiveCfg = Release|Any CPU
		{FD1C32F3-24ED-467D-9535-1737A0DFA02A}.Core-GLFW3|Mixed Platforms.Build.0 = Release|Any CPU
		{FD1C32F3-24ED-467D-9535-1737A0DFA02A}.Core-GLFW3|Win32.ActiveCfg = Release|Any CPU
		{FD1C32F3-24ED-467D-9535-1737A0DFA02A}.Core-GLFW3|Win32.Build.0 = Release|Any CPU
		{FD1C32F3-24ED-467D-9535-1737A0DFA02A}.Core-GLFW3|x86.ActiveCfg = Release|Any CPU
		{FD1C32F3-24ED-467D-9535-1737A0DFA02A}.Core-GLFW3|x86.Build.0 = Release|Any CPU
		{FD1C32F3-24ED-467D-9535-1737A0DFA02A}.Debug|Any CPU.ActiveCfg = Debug|Any CPU
		{FD1C32F3-24ED-467D-9535-1737A0DFA02A}.Debug|Any CPU.Build.0 = Debug|Any CPU
		{FD1C32F3-24ED-467D-9535-1737A0DFA02A}.Debug|Mixed Platforms.ActiveCfg = Debug|Any CPU
		{FD1C32F3-24ED-467D-9535-1737A0DFA02A}.Debug|Mixed Platforms.Build.0 = Debug|Any CPU
		{FD1C32F3-24ED-467D-9535-1737A0DFA02A}.Debug|Win32.ActiveCfg = Debug|Any CPU
		{FD1C32F3-24ED-467D-9535-1737A0DFA02A}.Debug|Win32.Build.0 = Debug|Any CPU
		{FD1C32F3-24ED-467D-9535-1737A0DFA02A}.Debug|x86.ActiveCfg = Debug|Any CPU
		{FD1C32F3-24ED-467D-9535-1737A0DFA02A}.Debug|x86.Build.0 = Debug|Any CPU
		{FD1C32F3-24ED-467D-9535-1737A0DFA02A}.Release|Any CPU.ActiveCfg = Release|Any CPU
		{FD1C32F3-24ED-467D-9535-1737A0DFA02A}.Release|Any CPU.Build.0 = Release|Any CPU
		{FD1C32F3-24ED-467D-9535-1737A0DFA02A}.Release|Mixed Platforms.ActiveCfg = Release|Any CPU
		{FD1C32F3-24ED-467D-9535-1737A0DFA02A}.Release|Mixed Platforms.Build.0 = Release|Any CPU
		{FD1C32F3-24ED-467D-9535-1737A0DFA02A}.Release|Win32.ActiveCfg = Release|Any CPU
		{FD1C32F3-24ED-467D-9535-1737A0DFA02A}.Release|Win32.Build.0 = Release|Any CPU
		{FD1C32F3-24ED-467D-9535-1737A0DFA02A}.Release|x86.ActiveCfg = Release|Any CPU
		{FD1C32F3-24ED-467D-9535-1737A0DFA02A}.Release|x86.Build.0 = Release|Any CPU
		{FD1C32F3-24ED-467D-9535-1737A0DFA02A}.Release64|Any CPU.ActiveCfg = Release|Any CPU
		{FD1C32F3-24ED-467D-9535-1737A0DFA02A}.Release64|Any CPU.Build.0 = Release|Any CPU
		{FD1C32F3-24ED-467D-9535-1737A0DFA02A}.Release64|Mixed Platforms.ActiveCfg = Release|Any CPU
		{FD1C32F3-24ED-467D-9535-1737A0DFA02A}.Release64|Mixed Platforms.Build.0 = Release|Any CPU
		{FD1C32F3-24ED-467D-9535-1737A0DFA02A}.Release64|Win32.ActiveCfg = Release|Any CPU
		{FD1C32F3-24ED-467D-9535-1737A0DFA02A}.Release64|Win32.Build.0 = Release|Any CPU
		{FD1C32F3-24ED-467D-9535-1737A0DFA02A}.Release64|x86.ActiveCfg = Release|Any CPU
		{FD1C32F3-24ED-467D-9535-1737A0DFA02A}.Release64|x86.Build.0 = Release|Any CPU
	EndGlobalSection
	GlobalSection(SolutionProperties) = preSolution
		HideSolutionNode = FALSE
	EndGlobalSection
	GlobalSection(NestedProjects) = preSolution
		{4D5CE655-58FA-4523-8E46-738B941E9E47} = {4E282417-77BB-480C-84A1-72A44F229AC1}
		{AE0DF71E-9B14-4197-B55A-E1E0CE0683C7} = {4E282417-77BB-480C-84A1-72A44F229AC1}
		{AE37DE1F-22F7-49EE-8732-FC6BC8DC58D9} = {2EF747E4-862C-4B3E-B865-765B5385D7AC}
		{D8FAE26D-C772-4E86-B9F3-439F0A1718B5} = {578B46E7-824A-460F-8E70-7B168EA399F2}
		{77870ADC-CE4A-423C-B736-A1FA4AA2D697} = {578B46E7-824A-460F-8E70-7B168EA399F2}
		{A634550F-EDAD-4A1D-872C-730C2FD8C1C9} = {13F19F93-8CDB-4AC4-BF06-51C144FA54C1}
		{51D63482-5697-4B16-8401-506965624657} = {2EF747E4-862C-4B3E-B865-765B5385D7AC}
		{1AA171E3-523C-4DD5-A169-DE6322991FF5} = {2EF747E4-862C-4B3E-B865-765B5385D7AC}
		{DDB6DB6D-E5DE-4BDB-8AC8-26DF800E9FF0} = {DE1D5991-F322-453E-BDED-D2A443FBE1BF}
		{CE3E9F28-2EC1-4E00-ACAA-574788F1F0F2} = {DE1D5991-F322-453E-BDED-D2A443FBE1BF}
		{FA071D34-6C87-425D-8110-9C3595A01106} = {A0563F0C-443D-4C97-9878-77496145DD55}
		{E0BC92C3-6936-4D8F-AE7F-54DDE27DE370} = {578B46E7-824A-460F-8E70-7B168EA399F2}
		{FD1C32F3-24ED-467D-9535-1737A0DFA02A} = {578B46E7-824A-460F-8E70-7B168EA399F2}
	EndGlobalSection
EndGlobal
