
Microsoft Visual Studio Solution File, Format Version 12.00
# Visual Studio 15
VisualStudioVersion = 15.0.28010.2016
MinimumVisualStudioVersion = 10.0.40219.1
Project("{FAE04EC0-301F-11D3-BF4B-00C04F79EFBC}") = "OpenTK", "src\OpenTK\OpenTK.csproj", "{A37A7E14-0000-0000-0000-000000000000}"
EndProject
Project("{D954291E-2A0B-460D-934E-DC6B0785DB48}") = "MiniOpenTK_Level1", "src\OpenTK\MiniOpenTK_Level1.shproj", "{17B7FB0C-7638-4C89-AADF-F3835803CB17}"
EndProject
Project("{2150E333-8FDC-42A3-9474-1A3956D46DE8}") = "src", "src", "{5B6D0E47-442B-44EC-A78B-2A62209DA706}"
EndProject
Project("{D954291E-2A0B-460D-934E-DC6B0785DB48}") = "MiniOpenTK_Level2", "src\OpenTK\MiniOpenTK_Level2.shproj", "{FF741509-C054-49D1-AA4F-C3E10BB2A63E}"
EndProject
Project("{FAE04EC0-301F-11D3-BF4B-00C04F79EFBC}") = "Generator.Bind", "src\Generator.Bind\Generator.Bind.csproj", "{31D19132-0000-0000-0000-000000000000}"
EndProject
Project("{FAE04EC0-301F-11D3-BF4B-00C04F79EFBC}") = "MiniOpenTKLevel1", "src\Builds\Net20\MiniOpenTKLevel1\MiniOpenTKLevel1.csproj", "{D49440C2-785F-4BAC-9F2E-FC93603FA647}"
EndProject
Project("{FAE04EC0-301F-11D3-BF4B-00C04F79EFBC}") = "MiniOpenTKLevel2", "src\Builds\Net20\MiniOpenTKLevel2\MiniOpenTKLevel2.csproj", "{07B1AA01-3869-4AF3-9439-329B96D8D3C1}"
EndProject
Project("{2150E333-8FDC-42A3-9474-1A3956D46DE8}") = "builds", "builds", "{71646E9C-EC99-4499-98A6-A680B67C3F8F}"
EndProject
Project("{2150E333-8FDC-42A3-9474-1A3956D46DE8}") = "NET20", "NET20", "{707E8FB1-7530-466F-B58F-1E3A9A74857D}"
EndProject
Project("{2150E333-8FDC-42A3-9474-1A3956D46DE8}") = "NETSTD2", "NETSTD2", "{FCBE80BA-FB9D-44AE-9EEE-11A1C985ECCF}"
EndProject
Project("{9A19103F-16F7-4668-BE54-9A1E7A4F7556}") = "MiniOpenTKLevel1", "src\Builds\NETSTD2\MiniOpenTKLevel1\MiniOpenTKLevel1.csproj", "{651EDA7F-CDC4-44E4-9CC2-09F2C75F6105}"
EndProject
Project("{FAE04EC0-301F-11D3-BF4B-00C04F79EFBC}") = "BlankWindow", "examples\BlankWindow\BlankWindow.csproj", "{BA4DE207-3329-4074-8606-D46803F03CC4}"
EndProject
Project("{FAE04EC0-301F-11D3-BF4B-00C04F79EFBC}") = "BasicTriangle", "examples\BasicTriangle\BasicTriangle.csproj", "{82E18ED0-E9A4-4EF4-830C-AA497B8A70EF}"
EndProject
Project("{FAE04EC0-301F-11D3-BF4B-00C04F79EFBC}") = "MiniOpenTKWinForms", "src\MiniOpenTKWinForms\MiniOpenTKWinForms.csproj", "{43EBD500-B9A1-4671-92D6-35FB835CCA0F}"
EndProject
Global
	GlobalSection(SharedMSBuildProjectFiles) = preSolution
		src\OpenTK\MiniOpenTK_Core2.projitems*{07b1aa01-3869-4af3-9439-329b96d8d3c1}*SharedItemsImports = 4
		src\OpenTK\MiniOpenTK_Core1.projitems*{17b7fb0c-7638-4c89-aadf-f3835803cb17}*SharedItemsImports = 13
		..\MiniOpenTKWinForms_SH\MiniOpenTKWinForms_SH.projitems*{43ebd500-b9a1-4671-92d6-35fb835cca0f}*SharedItemsImports = 4
		src\OpenTK\MiniOpenTK_Core1.projitems*{d49440c2-785f-4bac-9f2e-fc93603fa647}*SharedItemsImports = 4
		src\OpenTK\MiniOpenTK_Core2.projitems*{ff741509-c054-49d1-aa4f-c3e10bb2a63e}*SharedItemsImports = 13
	EndGlobalSection
	GlobalSection(SolutionConfigurationPlatforms) = preSolution
		Debug|Any CPU = Debug|Any CPU
		Release|Any CPU = Release|Any CPU
	EndGlobalSection
	GlobalSection(ProjectConfigurationPlatforms) = postSolution
		{A37A7E14-0000-0000-0000-000000000000}.Debug|Any CPU.ActiveCfg = Debug|Any CPU
		{A37A7E14-0000-0000-0000-000000000000}.Debug|Any CPU.Build.0 = Debug|Any CPU
		{A37A7E14-0000-0000-0000-000000000000}.Release|Any CPU.ActiveCfg = Release|Any CPU
		{A37A7E14-0000-0000-0000-000000000000}.Release|Any CPU.Build.0 = Release|Any CPU
		{31D19132-0000-0000-0000-000000000000}.Debug|Any CPU.ActiveCfg = Debug|Any CPU
		{31D19132-0000-0000-0000-000000000000}.Debug|Any CPU.Build.0 = Debug|Any CPU
		{31D19132-0000-0000-0000-000000000000}.Release|Any CPU.ActiveCfg = Release|Any CPU
		{31D19132-0000-0000-0000-000000000000}.Release|Any CPU.Build.0 = Release|Any CPU
		{D49440C2-785F-4BAC-9F2E-FC93603FA647}.Debug|Any CPU.ActiveCfg = Debug|Any CPU
		{D49440C2-785F-4BAC-9F2E-FC93603FA647}.Debug|Any CPU.Build.0 = Debug|Any CPU
		{D49440C2-785F-4BAC-9F2E-FC93603FA647}.Release|Any CPU.ActiveCfg = Release|Any CPU
		{D49440C2-785F-4BAC-9F2E-FC93603FA647}.Release|Any CPU.Build.0 = Release|Any CPU
		{07B1AA01-3869-4AF3-9439-329B96D8D3C1}.Debug|Any CPU.ActiveCfg = Debug|Any CPU
		{07B1AA01-3869-4AF3-9439-329B96D8D3C1}.Debug|Any CPU.Build.0 = Debug|Any CPU
		{07B1AA01-3869-4AF3-9439-329B96D8D3C1}.Release|Any CPU.ActiveCfg = Release|Any CPU
		{07B1AA01-3869-4AF3-9439-329B96D8D3C1}.Release|Any CPU.Build.0 = Release|Any CPU
		{651EDA7F-CDC4-44E4-9CC2-09F2C75F6105}.Debug|Any CPU.ActiveCfg = Debug|Any CPU
		{651EDA7F-CDC4-44E4-9CC2-09F2C75F6105}.Debug|Any CPU.Build.0 = Debug|Any CPU
		{651EDA7F-CDC4-44E4-9CC2-09F2C75F6105}.Release|Any CPU.ActiveCfg = Release|Any CPU
		{651EDA7F-CDC4-44E4-9CC2-09F2C75F6105}.Release|Any CPU.Build.0 = Release|Any CPU
		{BA4DE207-3329-4074-8606-D46803F03CC4}.Debug|Any CPU.ActiveCfg = Debug|Any CPU
		{BA4DE207-3329-4074-8606-D46803F03CC4}.Debug|Any CPU.Build.0 = Debug|Any CPU
		{BA4DE207-3329-4074-8606-D46803F03CC4}.Release|Any CPU.ActiveCfg = Release|Any CPU
		{BA4DE207-3329-4074-8606-D46803F03CC4}.Release|Any CPU.Build.0 = Release|Any CPU
		{82E18ED0-E9A4-4EF4-830C-AA497B8A70EF}.Debug|Any CPU.ActiveCfg = Debug|Any CPU
		{82E18ED0-E9A4-4EF4-830C-AA497B8A70EF}.Debug|Any CPU.Build.0 = Debug|Any CPU
		{82E18ED0-E9A4-4EF4-830C-AA497B8A70EF}.Release|Any CPU.ActiveCfg = Release|Any CPU
		{82E18ED0-E9A4-4EF4-830C-AA497B8A70EF}.Release|Any CPU.Build.0 = Release|Any CPU
		{43EBD500-B9A1-4671-92D6-35FB835CCA0F}.Debug|Any CPU.ActiveCfg = Debug|Any CPU
		{43EBD500-B9A1-4671-92D6-35FB835CCA0F}.Debug|Any CPU.Build.0 = Debug|Any CPU
		{43EBD500-B9A1-4671-92D6-35FB835CCA0F}.Release|Any CPU.ActiveCfg = Release|Any CPU
		{43EBD500-B9A1-4671-92D6-35FB835CCA0F}.Release|Any CPU.Build.0 = Release|Any CPU
	EndGlobalSection
	GlobalSection(SolutionProperties) = preSolution
		HideSolutionNode = FALSE
	EndGlobalSection
	GlobalSection(NestedProjects) = preSolution
		{A37A7E14-0000-0000-0000-000000000000} = {5B6D0E47-442B-44EC-A78B-2A62209DA706}
		{17B7FB0C-7638-4C89-AADF-F3835803CB17} = {5B6D0E47-442B-44EC-A78B-2A62209DA706}
		{FF741509-C054-49D1-AA4F-C3E10BB2A63E} = {5B6D0E47-442B-44EC-A78B-2A62209DA706}
		{31D19132-0000-0000-0000-000000000000} = {5B6D0E47-442B-44EC-A78B-2A62209DA706}
		{D49440C2-785F-4BAC-9F2E-FC93603FA647} = {707E8FB1-7530-466F-B58F-1E3A9A74857D}
		{07B1AA01-3869-4AF3-9439-329B96D8D3C1} = {707E8FB1-7530-466F-B58F-1E3A9A74857D}
		{707E8FB1-7530-466F-B58F-1E3A9A74857D} = {71646E9C-EC99-4499-98A6-A680B67C3F8F}
		{FCBE80BA-FB9D-44AE-9EEE-11A1C985ECCF} = {71646E9C-EC99-4499-98A6-A680B67C3F8F}
		{651EDA7F-CDC4-44E4-9CC2-09F2C75F6105} = {FCBE80BA-FB9D-44AE-9EEE-11A1C985ECCF}
		{43EBD500-B9A1-4671-92D6-35FB835CCA0F} = {5B6D0E47-442B-44EC-A78B-2A62209DA706}
	EndGlobalSection
	GlobalSection(ExtensibilityGlobals) = postSolution
		SolutionGuid = {D3BE59B6-9564-4AAE-8392-B8DFCBDDDDDF}
	EndGlobalSection
EndGlobal
